<?xml version="1.0" encoding="utf-8"?>
<Project ToolsVersion="4.0" xmlns="http://schemas.microsoft.com/developer/msbuild/2003">
  <ItemGroup>
    <ClCompile Include="C:\rrw\ThirdParty\clapack\3.2.1\TESTING\LIN\cchkrfp.c">
      <Filter>Source Files</Filter>
    </ClCompile>
    <ClCompile Include="C:\rrw\ThirdParty\clapack\3.2.1\TESTING\LIN\cdrvrfp.c">
      <Filter>Source Files</Filter>
    </ClCompile>
    <ClCompile Include="C:\rrw\ThirdParty\clapack\3.2.1\TESTING\LIN\cdrvrf1.c">
      <Filter>Source Files</Filter>
    </ClCompile>
    <ClCompile Include="C:\rrw\ThirdParty\clapack\3.2.1\TESTING\LIN\cdrvrf2.c">
      <Filter>Source Files</Filter>
    </ClCompile>
    <ClCompile Include="C:\rrw\ThirdParty\clapack\3.2.1\TESTING\LIN\cdrvrf3.c">
      <Filter>Source Files</Filter>
    </ClCompile>
    <ClCompile Include="C:\rrw\ThirdParty\clapack\3.2.1\TESTING\LIN\cdrvrf4.c">
      <Filter>Source Files</Filter>
    </ClCompile>
    <ClCompile Include="C:\rrw\ThirdParty\clapack\3.2.1\TESTING\LIN\cerrrfp.c">
      <Filter>Source Files</Filter>
    </ClCompile>
    <ClCompile Include="C:\rrw\ThirdParty\clapack\3.2.1\TESTING\LIN\claipd.c">
      <Filter>Source Files</Filter>
    </ClCompile>
    <ClCompile Include="C:\rrw\ThirdParty\clapack\3.2.1\TESTING\LIN\clatb4.c">
      <Filter>Source Files</Filter>
    </ClCompile>
    <ClCompile Include="C:\rrw\ThirdParty\clapack\3.2.1\TESTING\LIN\clarhs.c">
      <Filter>Source Files</Filter>
    </ClCompile>
    <ClCompile Include="C:\rrw\ThirdParty\clapack\3.2.1\TESTING\LIN\csbmv.c">
      <Filter>Source Files</Filter>
    </ClCompile>
    <ClCompile Include="C:\rrw\ThirdParty\clapack\3.2.1\TESTING\LIN\cget04.c">
      <Filter>Source Files</Filter>
    </ClCompile>
    <ClCompile Include="C:\rrw\ThirdParty\clapack\3.2.1\TESTING\LIN\cpot01.c">
      <Filter>Source Files</Filter>
    </ClCompile>
    <ClCompile Include="C:\rrw\ThirdParty\clapack\3.2.1\TESTING\LIN\cpot03.c">
      <Filter>Source Files</Filter>
    </ClCompile>
    <ClCompile Include="C:\rrw\ThirdParty\clapack\3.2.1\TESTING\LIN\cpot02.c">
      <Filter>Source Files</Filter>
    </ClCompile>
    <ClCompile Include="C:\rrw\ThirdParty\clapack\3.2.1\TESTING\LIN\chkxer.c">
      <Filter>Source Files</Filter>
    </ClCompile>
    <ClCompile Include="C:\rrw\ThirdParty\clapack\3.2.1\TESTING\LIN\xerbla.c">
      <Filter>Source Files</Filter>
    </ClCompile>
    <ClCompile Include="C:\rrw\ThirdParty\clapack\3.2.1\TESTING\LIN\alaerh.c">
      <Filter>Source Files</Filter>
    </ClCompile>
    <ClCompile Include="C:\rrw\ThirdParty\clapack\3.2.1\TESTING\LIN\aladhd.c">
      <Filter>Source Files</Filter>
    </ClCompile>
    <ClCompile Include="C:\rrw\ThirdParty\clapack\3.2.1\TESTING\LIN\alahd.c">
      <Filter>Source Files</Filter>
    </ClCompile>
    <ClCompile Include="C:\rrw\ThirdParty\clapack\3.2.1\TESTING\LIN\alasvm.c">
      <Filter>Source Files</Filter>
    </ClCompile>
    <ClCompile Include="C:\rrw\ThirdParty\clapack\3.2.1\INSTALL\winsecond.c">
      <Filter>Source Files</Filter>
    </ClCompile>
  </ItemGroup>
  <ItemGroup>
  </ItemGroup>
  <ItemGroup>
  </ItemGroup>
  <ItemGroup>
  </ItemGroup>
  <ItemGroup>
    <CustomBuild Include="..\..\..\..\..\ThirdParty\clapack\3.2.1\TESTING\LIN\CMakeLists.txt" />
  </ItemGroup>
  <ItemGroup>
    <Filter Include="Source Files">
      <UniqueIdentifier>{4A2378B7-1B8A-4192-8FFD-BECF34C7604E}</UniqueIdentifier>
    </Filter>
  </ItemGroup>
  <ItemGroup>
  </ItemGroup>
</Project>
