Microsoft Visual Studio Solution File, Format Version 11.00
# Visual Studio 2010
Project("{8BC9CEB8-8B4A-11D0-8D11-00A0C91BC942}") = "ALL_BUILD", "ALL_BUILD.vcxproj", "{27385360-3125-47D1-8367-5192F388A4D3}"
	ProjectSection(ProjectDependencies) = postProject
		{9D02E966-B51A-4739-B245-854F8CCBB962} = {9D02E966-B51A-4739-B245-854F8CCBB962}
		{130B95AE-957C-41D9-B267-ED5612860440} = {130B95AE-957C-41D9-B267-ED5612860440}
		{1BE01AE4-10C2-4856-8332-FCFAF2CF4136} = {1BE01AE4-10C2-4856-8332-FCFAF2CF4136}
		{2E4AC5E4-75D5-4E49-A3CD-1A1A70BEA565} = {2E4AC5E4-75D5-4E49-A3CD-1A1A70BEA565}
	EndProjectSection
EndProject
Project("{8BC9CEB8-8B4A-11D0-8D11-00A0C91BC942}") = "INSTALL", "INSTALL.vcxproj", "{D96837A2-BE1D-460A-A5E6-9073E2F200CE}"
	ProjectSection(ProjectDependencies) = postProject
		{27385360-3125-47D1-8367-5192F388A4D3} = {27385360-3125-47D1-8367-5192F388A4D3}
	EndProjectSection
EndProject
Project("{8BC9CEB8-8B4A-11D0-8D11-00A0C91BC942}") = "ZERO_CHECK", "ZERO_CHECK.vcxproj", "{9D02E966-B51A-4739-B245-854F8CCBB962}"
	ProjectSection(ProjectDependencies) = postProject
	EndProjectSection
EndProject
Project("{8BC9CEB8-8B4A-11D0-8D11-00A0C91BC942}") = "sundials_cvode_static", "src\cvode\sundials_cvode_static.vcxproj", "{130B95AE-957C-41D9-B267-ED5612860440}"
	ProjectSection(ProjectDependencies) = postProject
		{9D02E966-B51A-4739-B245-854F8CCBB962} = {9D02E966-B51A-4739-B245-854F8CCBB962}
	EndProjectSection
EndProject
Project("{8BC9CEB8-8B4A-11D0-8D11-00A0C91BC942}") = "sundials_kinsol_static", "src\kinsol\sundials_kinsol_static.vcxproj", "{1BE01AE4-10C2-4856-8332-FCFAF2CF4136}"
	ProjectSection(ProjectDependencies) = postProject
		{9D02E966-B51A-4739-B245-854F8CCBB962} = {9D02E966-B51A-4739-B245-854F8CCBB962}
	EndProjectSection
EndProject
Project("{8BC9CEB8-8B4A-11D0-8D11-00A0C91BC942}") = "sundials_nvecserial_static", "src\nvec_ser\sundials_nvecserial_static.vcxproj", "{2E4AC5E4-75D5-4E49-A3CD-1A1A70BEA565}"
	ProjectSection(ProjectDependencies) = postProject
		{9D02E966-B51A-4739-B245-854F8CCBB962} = {9D02E966-B51A-4739-B245-854F8CCBB962}
	EndProjectSection
EndProject
Global
	GlobalSection(SolutionConfigurationPlatforms) = preSolution
		Debug|Win32 = Debug|Win32
		Release|Win32 = Release|Win32
		MinSizeRel|Win32 = MinSizeRel|Win32
		RelWithDebInfo|Win32 = RelWithDebInfo|Win32
	EndGlobalSection
	GlobalSection(ProjectConfigurationPlatforms) = postSolution
		{27385360-3125-47D1-8367-5192F388A4D3}.Debug|Win32.ActiveCfg = Debug|Win32
		{27385360-3125-47D1-8367-5192F388A4D3}.Debug|Win32.Build.0 = Debug|Win32
		{27385360-3125-47D1-8367-5192F388A4D3}.Release|Win32.ActiveCfg = Release|Win32
		{27385360-3125-47D1-8367-5192F388A4D3}.Release|Win32.Build.0 = Release|Win32
		{27385360-3125-47D1-8367-5192F388A4D3}.MinSizeRel|Win32.ActiveCfg = MinSizeRel|Win32
		{27385360-3125-47D1-8367-5192F388A4D3}.MinSizeRel|Win32.Build.0 = MinSizeRel|Win32
		{27385360-3125-47D1-8367-5192F388A4D3}.RelWithDebInfo|Win32.ActiveCfg = RelWithDebInfo|Win32
		{27385360-3125-47D1-8367-5192F388A4D3}.RelWithDebInfo|Win32.Build.0 = RelWithDebInfo|Win32
		{D96837A2-BE1D-460A-A5E6-9073E2F200CE}.Debug|Win32.ActiveCfg = Debug|Win32
		{D96837A2-BE1D-460A-A5E6-9073E2F200CE}.Release|Win32.ActiveCfg = Release|Win32
		{D96837A2-BE1D-460A-A5E6-9073E2F200CE}.MinSizeRel|Win32.ActiveCfg = MinSizeRel|Win32
		{D96837A2-BE1D-460A-A5E6-9073E2F200CE}.RelWithDebInfo|Win32.ActiveCfg = RelWithDebInfo|Win32
		{9D02E966-B51A-4739-B245-854F8CCBB962}.Debug|Win32.ActiveCfg = Debug|Win32
		{9D02E966-B51A-4739-B245-854F8CCBB962}.Debug|Win32.Build.0 = Debug|Win32
		{9D02E966-B51A-4739-B245-854F8CCBB962}.Release|Win32.ActiveCfg = Release|Win32
		{9D02E966-B51A-4739-B245-854F8CCBB962}.Release|Win32.Build.0 = Release|Win32
		{9D02E966-B51A-4739-B245-854F8CCBB962}.MinSizeRel|Win32.ActiveCfg = MinSizeRel|Win32
		{9D02E966-B51A-4739-B245-854F8CCBB962}.MinSizeRel|Win32.Build.0 = MinSizeRel|Win32
		{9D02E966-B51A-4739-B245-854F8CCBB962}.RelWithDebInfo|Win32.ActiveCfg = RelWithDebInfo|Win32
		{9D02E966-B51A-4739-B245-854F8CCBB962}.RelWithDebInfo|Win32.Build.0 = RelWithDebInfo|Win32
		{130B95AE-957C-41D9-B267-ED5612860440}.Debug|Win32.ActiveCfg = Debug|Win32
		{130B95AE-957C-41D9-B267-ED5612860440}.Debug|Win32.Build.0 = Debug|Win32
		{130B95AE-957C-41D9-B267-ED5612860440}.Release|Win32.ActiveCfg = Release|Win32
		{130B95AE-957C-41D9-B267-ED5612860440}.Release|Win32.Build.0 = Release|Win32
		{130B95AE-957C-41D9-B267-ED5612860440}.MinSizeRel|Win32.ActiveCfg = MinSizeRel|Win32
		{130B95AE-957C-41D9-B267-ED5612860440}.MinSizeRel|Win32.Build.0 = MinSizeRel|Win32
		{130B95AE-957C-41D9-B267-ED5612860440}.RelWithDebInfo|Win32.ActiveCfg = RelWithDebInfo|Win32
		{130B95AE-957C-41D9-B267-ED5612860440}.RelWithDebInfo|Win32.Build.0 = RelWithDebInfo|Win32
		{1BE01AE4-10C2-4856-8332-FCFAF2CF4136}.Debug|Win32.ActiveCfg = Debug|Win32
		{1BE01AE4-10C2-4856-8332-FCFAF2CF4136}.Debug|Win32.Build.0 = Debug|Win32
		{1BE01AE4-10C2-4856-8332-FCFAF2CF4136}.Release|Win32.ActiveCfg = Release|Win32
		{1BE01AE4-10C2-4856-8332-FCFAF2CF4136}.Release|Win32.Build.0 = Release|Win32
		{1BE01AE4-10C2-4856-8332-FCFAF2CF4136}.MinSizeRel|Win32.ActiveCfg = MinSizeRel|Win32
		{1BE01AE4-10C2-4856-8332-FCFAF2CF4136}.MinSizeRel|Win32.Build.0 = MinSizeRel|Win32
		{1BE01AE4-10C2-4856-8332-FCFAF2CF4136}.RelWithDebInfo|Win32.ActiveCfg = RelWithDebInfo|Win32
		{1BE01AE4-10C2-4856-8332-FCFAF2CF4136}.RelWithDebInfo|Win32.Build.0 = RelWithDebInfo|Win32
		{2E4AC5E4-75D5-4E49-A3CD-1A1A70BEA565}.Debug|Win32.ActiveCfg = Debug|Win32
		{2E4AC5E4-75D5-4E49-A3CD-1A1A70BEA565}.Debug|Win32.Build.0 = Debug|Win32
		{2E4AC5E4-75D5-4E49-A3CD-1A1A70BEA565}.Release|Win32.ActiveCfg = Release|Win32
		{2E4AC5E4-75D5-4E49-A3CD-1A1A70BEA565}.Release|Win32.Build.0 = Release|Win32
		{2E4AC5E4-75D5-4E49-A3CD-1A1A70BEA565}.MinSizeRel|Win32.ActiveCfg = MinSizeRel|Win32
		{2E4AC5E4-75D5-4E49-A3CD-1A1A70BEA565}.MinSizeRel|Win32.Build.0 = MinSizeRel|Win32
		{2E4AC5E4-75D5-4E49-A3CD-1A1A70BEA565}.RelWithDebInfo|Win32.ActiveCfg = RelWithDebInfo|Win32
		{2E4AC5E4-75D5-4E49-A3CD-1A1A70BEA565}.RelWithDebInfo|Win32.Build.0 = RelWithDebInfo|Win32
	EndGlobalSection
	GlobalSection(ExtensibilityGlobals) = postSolution
	EndGlobalSection
	GlobalSection(ExtensibilityAddIns) = postSolution
	EndGlobalSection
EndGlobal
