
Microsoft Visual Studio Solution File, Format Version 11.00
# Visual Studio 2010
Project("{8BC9CEB8-8B4A-11D0-8D11-00A0C91BC942}") = "load_sbml", "loadSBML.vcxproj", "{A3D07D49-2328-4473-8CB0-28F2C795CBD3}"
EndProject
Global
	GlobalSection(SolutionConfigurationPlatforms) = preSolution
		Debug|Win32 = Debug|Win32
		MinSizeRel|Win32 = MinSizeRel|Win32
		Release|Win32 = Release|Win32
		RelWithDebInfo|Win32 = RelWithDebInfo|Win32
	EndGlobalSection
	GlobalSection(ProjectConfigurationPlatforms) = postSolution
		{A3D07D49-2328-4473-8CB0-28F2C795CBD3}.Debug|Win32.ActiveCfg = Debug|Win32
		{A3D07D49-2328-4473-8CB0-28F2C795CBD3}.Debug|Win32.Build.0 = Debug|Win32
		{A3D07D49-2328-4473-8CB0-28F2C795CBD3}.MinSizeRel|Win32.ActiveCfg = Release|Win32
		{A3D07D49-2328-4473-8CB0-28F2C795CBD3}.MinSizeRel|Win32.Build.0 = Release|Win32
		{A3D07D49-2328-4473-8CB0-28F2C795CBD3}.Release|Win32.ActiveCfg = Release|Win32
		{A3D07D49-2328-4473-8CB0-28F2C795CBD3}.Release|Win32.Build.0 = Release|Win32
		{A3D07D49-2328-4473-8CB0-28F2C795CBD3}.RelWithDebInfo|Win32.ActiveCfg = Release|Win32
		{A3D07D49-2328-4473-8CB0-28F2C795CBD3}.RelWithDebInfo|Win32.Build.0 = Release|Win32
	EndGlobalSection
	GlobalSection(SolutionProperties) = preSolution
		HideSolutionNode = FALSE
	EndGlobalSection
EndGlobal
