<?xml version="1.0" encoding="utf-8"?>
<Project ToolsVersion="4.0" xmlns="http://schemas.microsoft.com/developer/msbuild/2003">
  <ItemGroup>
    <ClCompile Include="C:\rrw\ThirdParty\libsbml\src\sbml\annotation\CVTerm.cpp">
      <Filter>annotation</Filter>
    </ClCompile>
    <ClCompile Include="C:\rrw\ThirdParty\libsbml\src\sbml\annotation\Date.cpp">
      <Filter>annotation</Filter>
    </ClCompile>
    <ClCompile Include="C:\rrw\ThirdParty\libsbml\src\sbml\annotation\ModelCreator.cpp">
      <Filter>annotation</Filter>
    </ClCompile>
    <ClCompile Include="C:\rrw\ThirdParty\libsbml\src\sbml\annotation\ModelHistory.cpp">
      <Filter>annotation</Filter>
    </ClCompile>
    <ClCompile Include="C:\rrw\ThirdParty\libsbml\src\sbml\annotation\RDFAnnotation.cpp">
      <Filter>annotation</Filter>
    </ClCompile>
    <ClCompile Include="C:\rrw\ThirdParty\libsbml\src\sbml\common\libsbml-version.cpp">
      <Filter>common</Filter>
    </ClCompile>
    <ClCompile Include="C:\rrw\ThirdParty\libsbml\src\sbml\conversion\ConversionOption.cpp">
      <Filter>conversion</Filter>
    </ClCompile>
    <ClCompile Include="C:\rrw\ThirdParty\libsbml\src\sbml\conversion\ConversionProperties.cpp">
      <Filter>conversion</Filter>
    </ClCompile>
    <ClCompile Include="C:\rrw\ThirdParty\libsbml\src\sbml\conversion\RegisterConverters.cpp">
      <Filter>conversion</Filter>
    </ClCompile>
    <ClCompile Include="C:\rrw\ThirdParty\libsbml\src\sbml\conversion\SBMLConverter.cpp">
      <Filter>conversion</Filter>
    </ClCompile>
    <ClCompile Include="C:\rrw\ThirdParty\libsbml\src\sbml\conversion\SBMLConverterRegistry.cpp">
      <Filter>conversion</Filter>
    </ClCompile>
    <ClCompile Include="C:\rrw\ThirdParty\libsbml\src\sbml\conversion\SBMLFunctionDefinitionConverter.cpp">
      <Filter>conversion</Filter>
    </ClCompile>
    <ClCompile Include="C:\rrw\ThirdParty\libsbml\src\sbml\conversion\SBMLInitialAssignmentConverter.cpp">
      <Filter>conversion</Filter>
    </ClCompile>
    <ClCompile Include="C:\rrw\ThirdParty\libsbml\src\sbml\conversion\SBMLLevelVersionConverter.cpp">
      <Filter>conversion</Filter>
    </ClCompile>
    <ClCompile Include="C:\rrw\ThirdParty\libsbml\src\sbml\conversion\SBMLRuleConverter.cpp">
      <Filter>conversion</Filter>
    </ClCompile>
    <ClCompile Include="C:\rrw\ThirdParty\libsbml\src\sbml\conversion\SBMLStripPackageConverter.cpp">
      <Filter>conversion</Filter>
    </ClCompile>
    <ClCompile Include="C:\rrw\ThirdParty\libsbml\src\sbml\conversion\SBMLUnitsConverter.cpp">
      <Filter>conversion</Filter>
    </ClCompile>
    <ClCompile Include="C:\rrw\ThirdParty\libsbml\src\sbml\extension\ISBMLExtensionNamespaces.cpp">
      <Filter>extension</Filter>
    </ClCompile>
    <ClCompile Include="C:\rrw\ThirdParty\libsbml\src\sbml\extension\SBaseExtensionPoint.cpp">
      <Filter>extension</Filter>
    </ClCompile>
    <ClCompile Include="C:\rrw\ThirdParty\libsbml\src\sbml\extension\SBasePlugin.cpp">
      <Filter>extension</Filter>
    </ClCompile>
    <ClCompile Include="C:\rrw\ThirdParty\libsbml\src\sbml\extension\SBasePluginCreatorBase.cpp">
      <Filter>extension</Filter>
    </ClCompile>
    <ClCompile Include="C:\rrw\ThirdParty\libsbml\src\sbml\extension\SBMLDocumentPlugin.cpp">
      <Filter>extension</Filter>
    </ClCompile>
    <ClCompile Include="C:\rrw\ThirdParty\libsbml\src\sbml\extension\SBMLExtension.cpp">
      <Filter>extension</Filter>
    </ClCompile>
    <ClCompile Include="C:\rrw\ThirdParty\libsbml\src\sbml\extension\SBMLExtensionException.cpp">
      <Filter>extension</Filter>
    </ClCompile>
    <ClCompile Include="C:\rrw\ThirdParty\libsbml\src\sbml\extension\SBMLExtensionNamespaces.cpp">
      <Filter>extension</Filter>
    </ClCompile>
    <ClCompile Include="C:\rrw\ThirdParty\libsbml\src\sbml\extension\SBMLExtensionRegistry.cpp">
      <Filter>extension</Filter>
    </ClCompile>
    <ClCompile Include="C:\rrw\ThirdParty\libsbml\src\sbml\math\ASTNode.cpp">
      <Filter>math</Filter>
    </ClCompile>
    <ClCompile Include="C:\rrw\ThirdParty\libsbml\src\sbml\math\MathML.cpp">
      <Filter>math</Filter>
    </ClCompile>
    <ClCompile Include="C:\rrw\ThirdParty\libsbml\src\sbml\math\FormulaFormatter.c">
      <Filter>math</Filter>
    </ClCompile>
    <ClCompile Include="C:\rrw\ThirdParty\libsbml\src\sbml\math\FormulaParser.c">
      <Filter>math</Filter>
    </ClCompile>
    <ClCompile Include="C:\rrw\ThirdParty\libsbml\src\sbml\math\FormulaTokenizer.c">
      <Filter>math</Filter>
    </ClCompile>
    <ClCompile Include="C:\rrw\ThirdParty\libsbml\src\sbml\AlgebraicRule.cpp">
      <Filter>sbml</Filter>
    </ClCompile>
    <ClCompile Include="C:\rrw\ThirdParty\libsbml\src\sbml\AssignmentRule.cpp">
      <Filter>sbml</Filter>
    </ClCompile>
    <ClCompile Include="C:\rrw\ThirdParty\libsbml\src\sbml\Compartment.cpp">
      <Filter>sbml</Filter>
    </ClCompile>
    <ClCompile Include="C:\rrw\ThirdParty\libsbml\src\sbml\CompartmentType.cpp">
      <Filter>sbml</Filter>
    </ClCompile>
    <ClCompile Include="C:\rrw\ThirdParty\libsbml\src\sbml\Constraint.cpp">
      <Filter>sbml</Filter>
    </ClCompile>
    <ClCompile Include="C:\rrw\ThirdParty\libsbml\src\sbml\Delay.cpp">
      <Filter>sbml</Filter>
    </ClCompile>
    <ClCompile Include="C:\rrw\ThirdParty\libsbml\src\sbml\Event.cpp">
      <Filter>sbml</Filter>
    </ClCompile>
    <ClCompile Include="C:\rrw\ThirdParty\libsbml\src\sbml\EventAssignment.cpp">
      <Filter>sbml</Filter>
    </ClCompile>
    <ClCompile Include="C:\rrw\ThirdParty\libsbml\src\sbml\ExpectedAttributes.cpp">
      <Filter>sbml</Filter>
    </ClCompile>
    <ClCompile Include="C:\rrw\ThirdParty\libsbml\src\sbml\FunctionDefinition.cpp">
      <Filter>sbml</Filter>
    </ClCompile>
    <ClCompile Include="C:\rrw\ThirdParty\libsbml\src\sbml\InitialAssignment.cpp">
      <Filter>sbml</Filter>
    </ClCompile>
    <ClCompile Include="C:\rrw\ThirdParty\libsbml\src\sbml\KineticLaw.cpp">
      <Filter>sbml</Filter>
    </ClCompile>
    <ClCompile Include="C:\rrw\ThirdParty\libsbml\src\sbml\ListOf.cpp">
      <Filter>sbml</Filter>
    </ClCompile>
    <ClCompile Include="C:\rrw\ThirdParty\libsbml\src\sbml\LocalParameter.cpp">
      <Filter>sbml</Filter>
    </ClCompile>
    <ClCompile Include="C:\rrw\ThirdParty\libsbml\src\sbml\Model.cpp">
      <Filter>sbml</Filter>
    </ClCompile>
    <ClCompile Include="C:\rrw\ThirdParty\libsbml\src\sbml\ModifierSpeciesReference.cpp">
      <Filter>sbml</Filter>
    </ClCompile>
    <ClCompile Include="C:\rrw\ThirdParty\libsbml\src\sbml\Parameter.cpp">
      <Filter>sbml</Filter>
    </ClCompile>
    <ClCompile Include="C:\rrw\ThirdParty\libsbml\src\sbml\Priority.cpp">
      <Filter>sbml</Filter>
    </ClCompile>
    <ClCompile Include="C:\rrw\ThirdParty\libsbml\src\sbml\RateRule.cpp">
      <Filter>sbml</Filter>
    </ClCompile>
    <ClCompile Include="C:\rrw\ThirdParty\libsbml\src\sbml\Reaction.cpp">
      <Filter>sbml</Filter>
    </ClCompile>
    <ClCompile Include="C:\rrw\ThirdParty\libsbml\src\sbml\Rule.cpp">
      <Filter>sbml</Filter>
    </ClCompile>
    <ClCompile Include="C:\rrw\ThirdParty\libsbml\src\sbml\SBase.cpp">
      <Filter>sbml</Filter>
    </ClCompile>
    <ClCompile Include="C:\rrw\ThirdParty\libsbml\src\sbml\SBMLConstructorException.cpp">
      <Filter>sbml</Filter>
    </ClCompile>
    <ClCompile Include="C:\rrw\ThirdParty\libsbml\src\sbml\SBMLConvert.cpp">
      <Filter>sbml</Filter>
    </ClCompile>
    <ClCompile Include="C:\rrw\ThirdParty\libsbml\src\sbml\SBMLDocument.cpp">
      <Filter>sbml</Filter>
    </ClCompile>
    <ClCompile Include="C:\rrw\ThirdParty\libsbml\src\sbml\SBMLError.cpp">
      <Filter>sbml</Filter>
    </ClCompile>
    <ClCompile Include="C:\rrw\ThirdParty\libsbml\src\sbml\SBMLErrorLog.cpp">
      <Filter>sbml</Filter>
    </ClCompile>
    <ClCompile Include="C:\rrw\ThirdParty\libsbml\src\sbml\SBMLNamespaces.cpp">
      <Filter>sbml</Filter>
    </ClCompile>
    <ClCompile Include="C:\rrw\ThirdParty\libsbml\src\sbml\SBMLReader.cpp">
      <Filter>sbml</Filter>
    </ClCompile>
    <ClCompile Include="C:\rrw\ThirdParty\libsbml\src\sbml\SBMLTransforms.cpp">
      <Filter>sbml</Filter>
    </ClCompile>
    <ClCompile Include="C:\rrw\ThirdParty\libsbml\src\sbml\SBMLTypeCodes.cpp">
      <Filter>sbml</Filter>
    </ClCompile>
    <ClCompile Include="C:\rrw\ThirdParty\libsbml\src\sbml\SBMLVisitor.cpp">
      <Filter>sbml</Filter>
    </ClCompile>
    <ClCompile Include="C:\rrw\ThirdParty\libsbml\src\sbml\SBMLWriter.cpp">
      <Filter>sbml</Filter>
    </ClCompile>
    <ClCompile Include="C:\rrw\ThirdParty\libsbml\src\sbml\SBO.cpp">
      <Filter>sbml</Filter>
    </ClCompile>
    <ClCompile Include="C:\rrw\ThirdParty\libsbml\src\sbml\SimpleSpeciesReference.cpp">
      <Filter>sbml</Filter>
    </ClCompile>
    <ClCompile Include="C:\rrw\ThirdParty\libsbml\src\sbml\Species.cpp">
      <Filter>sbml</Filter>
    </ClCompile>
    <ClCompile Include="C:\rrw\ThirdParty\libsbml\src\sbml\SpeciesReference.cpp">
      <Filter>sbml</Filter>
    </ClCompile>
    <ClCompile Include="C:\rrw\ThirdParty\libsbml\src\sbml\SpeciesType.cpp">
      <Filter>sbml</Filter>
    </ClCompile>
    <ClCompile Include="C:\rrw\ThirdParty\libsbml\src\sbml\StoichiometryMath.cpp">
      <Filter>sbml</Filter>
    </ClCompile>
    <ClCompile Include="C:\rrw\ThirdParty\libsbml\src\sbml\SyntaxChecker.cpp">
      <Filter>sbml</Filter>
    </ClCompile>
    <ClCompile Include="C:\rrw\ThirdParty\libsbml\src\sbml\Trigger.cpp">
      <Filter>sbml</Filter>
    </ClCompile>
    <ClCompile Include="C:\rrw\ThirdParty\libsbml\src\sbml\Unit.cpp">
      <Filter>sbml</Filter>
    </ClCompile>
    <ClCompile Include="C:\rrw\ThirdParty\libsbml\src\sbml\UnitDefinition.cpp">
      <Filter>sbml</Filter>
    </ClCompile>
    <ClCompile Include="C:\rrw\ThirdParty\libsbml\src\sbml\UnitKind.c">
      <Filter>sbml</Filter>
    </ClCompile>
    <ClCompile Include="C:\rrw\ThirdParty\libsbml\src\sbml\units\FormulaUnitsData.cpp">
      <Filter>units</Filter>
    </ClCompile>
    <ClCompile Include="C:\rrw\ThirdParty\libsbml\src\sbml\units\UnitFormulaFormatter.cpp">
      <Filter>units</Filter>
    </ClCompile>
    <ClCompile Include="C:\rrw\ThirdParty\libsbml\src\sbml\units\UnitKindList.cpp">
      <Filter>units</Filter>
    </ClCompile>
    <ClCompile Include="C:\rrw\ThirdParty\libsbml\src\sbml\util\List.cpp">
      <Filter>util</Filter>
    </ClCompile>
    <ClCompile Include="C:\rrw\ThirdParty\libsbml\src\sbml\util\memory.c">
      <Filter>util</Filter>
    </ClCompile>
    <ClCompile Include="C:\rrw\ThirdParty\libsbml\src\sbml\util\Stack.c">
      <Filter>util</Filter>
    </ClCompile>
    <ClCompile Include="C:\rrw\ThirdParty\libsbml\src\sbml\util\StringBuffer.c">
      <Filter>util</Filter>
    </ClCompile>
    <ClCompile Include="C:\rrw\ThirdParty\libsbml\src\sbml\util\util.c">
      <Filter>util</Filter>
    </ClCompile>
    <ClCompile Include="C:\rrw\ThirdParty\libsbml\src\sbml\validator\ConsistencyValidator.cpp">
      <Filter>validator</Filter>
    </ClCompile>
    <ClCompile Include="C:\rrw\ThirdParty\libsbml\src\sbml\validator\IdentifierConsistencyValidator.cpp">
      <Filter>validator</Filter>
    </ClCompile>
    <ClCompile Include="C:\rrw\ThirdParty\libsbml\src\sbml\validator\InternalConsistencyValidator.cpp">
      <Filter>validator</Filter>
    </ClCompile>
    <ClCompile Include="C:\rrw\ThirdParty\libsbml\src\sbml\validator\L1CompatibilityValidator.cpp">
      <Filter>validator</Filter>
    </ClCompile>
    <ClCompile Include="C:\rrw\ThirdParty\libsbml\src\sbml\validator\L2v1CompatibilityValidator.cpp">
      <Filter>validator</Filter>
    </ClCompile>
    <ClCompile Include="C:\rrw\ThirdParty\libsbml\src\sbml\validator\L2v2CompatibilityValidator.cpp">
      <Filter>validator</Filter>
    </ClCompile>
    <ClCompile Include="C:\rrw\ThirdParty\libsbml\src\sbml\validator\L2v3CompatibilityValidator.cpp">
      <Filter>validator</Filter>
    </ClCompile>
    <ClCompile Include="C:\rrw\ThirdParty\libsbml\src\sbml\validator\L2v4CompatibilityValidator.cpp">
      <Filter>validator</Filter>
    </ClCompile>
    <ClCompile Include="C:\rrw\ThirdParty\libsbml\src\sbml\validator\L3v1CompatibilityValidator.cpp">
      <Filter>validator</Filter>
    </ClCompile>
    <ClCompile Include="C:\rrw\ThirdParty\libsbml\src\sbml\validator\MathMLConsistencyValidator.cpp">
      <Filter>validator</Filter>
    </ClCompile>
    <ClCompile Include="C:\rrw\ThirdParty\libsbml\src\sbml\validator\ModelingPracticeValidator.cpp">
      <Filter>validator</Filter>
    </ClCompile>
    <ClCompile Include="C:\rrw\ThirdParty\libsbml\src\sbml\validator\OverdeterminedValidator.cpp">
      <Filter>validator</Filter>
    </ClCompile>
    <ClCompile Include="C:\rrw\ThirdParty\libsbml\src\sbml\validator\SBMLExternalValidator.cpp">
      <Filter>validator</Filter>
    </ClCompile>
    <ClCompile Include="C:\rrw\ThirdParty\libsbml\src\sbml\validator\SBMLInternalValidator.cpp">
      <Filter>validator</Filter>
    </ClCompile>
    <ClCompile Include="C:\rrw\ThirdParty\libsbml\src\sbml\validator\SBMLValidator.cpp">
      <Filter>validator</Filter>
    </ClCompile>
    <ClCompile Include="C:\rrw\ThirdParty\libsbml\src\sbml\validator\SBOConsistencyValidator.cpp">
      <Filter>validator</Filter>
    </ClCompile>
    <ClCompile Include="C:\rrw\ThirdParty\libsbml\src\sbml\validator\UnitConsistencyValidator.cpp">
      <Filter>validator</Filter>
    </ClCompile>
    <ClCompile Include="C:\rrw\ThirdParty\libsbml\src\sbml\validator\Validator.cpp">
      <Filter>validator</Filter>
    </ClCompile>
    <ClCompile Include="C:\rrw\ThirdParty\libsbml\src\sbml\validator\VConstraint.cpp">
      <Filter>validator</Filter>
    </ClCompile>
    <ClCompile Include="C:\rrw\ThirdParty\libsbml\src\sbml\validator\constraints\ArgumentsUnitsCheck.cpp">
      <Filter>validator/constraints</Filter>
    </ClCompile>
    <ClCompile Include="C:\rrw\ThirdParty\libsbml\src\sbml\validator\constraints\ArgumentsUnitsCheckWarnings.cpp">
      <Filter>validator/constraints</Filter>
    </ClCompile>
    <ClCompile Include="C:\rrw\ThirdParty\libsbml\src\sbml\validator\constraints\AssignmentCycles.cpp">
      <Filter>validator/constraints</Filter>
    </ClCompile>
    <ClCompile Include="C:\rrw\ThirdParty\libsbml\src\sbml\validator\constraints\AssignmentRuleOrdering.cpp">
      <Filter>validator/constraints</Filter>
    </ClCompile>
    <ClCompile Include="C:\rrw\ThirdParty\libsbml\src\sbml\validator\constraints\CiElementMathCheck.cpp">
      <Filter>validator/constraints</Filter>
    </ClCompile>
    <ClCompile Include="C:\rrw\ThirdParty\libsbml\src\sbml\validator\constraints\CompartmentOutsideCycles.cpp">
      <Filter>validator/constraints</Filter>
    </ClCompile>
    <ClCompile Include="C:\rrw\ThirdParty\libsbml\src\sbml\validator\constraints\DuplicateTopLevelAnnotation.cpp">
      <Filter>validator/constraints</Filter>
    </ClCompile>
    <ClCompile Include="C:\rrw\ThirdParty\libsbml\src\sbml\validator\constraints\EqualityArgsMathCheck.cpp">
      <Filter>validator/constraints</Filter>
    </ClCompile>
    <ClCompile Include="C:\rrw\ThirdParty\libsbml\src\sbml\validator\constraints\ExponentUnitsCheck.cpp">
      <Filter>validator/constraints</Filter>
    </ClCompile>
    <ClCompile Include="C:\rrw\ThirdParty\libsbml\src\sbml\validator\constraints\FunctionApplyMathCheck.cpp">
      <Filter>validator/constraints</Filter>
    </ClCompile>
    <ClCompile Include="C:\rrw\ThirdParty\libsbml\src\sbml\validator\constraints\FunctionDefinitionVars.cpp">
      <Filter>validator/constraints</Filter>
    </ClCompile>
    <ClCompile Include="C:\rrw\ThirdParty\libsbml\src\sbml\validator\constraints\FunctionNoArgsMathCheck.cpp">
      <Filter>validator/constraints</Filter>
    </ClCompile>
    <ClCompile Include="C:\rrw\ThirdParty\libsbml\src\sbml\validator\constraints\FunctionReferredToExists.cpp">
      <Filter>validator/constraints</Filter>
    </ClCompile>
    <ClCompile Include="C:\rrw\ThirdParty\libsbml\src\sbml\validator\constraints\IdBase.cpp">
      <Filter>validator/constraints</Filter>
    </ClCompile>
    <ClCompile Include="C:\rrw\ThirdParty\libsbml\src\sbml\validator\constraints\IdList.cpp">
      <Filter>validator/constraints</Filter>
    </ClCompile>
    <ClCompile Include="C:\rrw\ThirdParty\libsbml\src\sbml\validator\constraints\KineticLawUnitsCheck.cpp">
      <Filter>validator/constraints</Filter>
    </ClCompile>
    <ClCompile Include="C:\rrw\ThirdParty\libsbml\src\sbml\validator\constraints\KineticLawVars.cpp">
      <Filter>validator/constraints</Filter>
    </ClCompile>
    <ClCompile Include="C:\rrw\ThirdParty\libsbml\src\sbml\validator\constraints\LambdaMathCheck.cpp">
      <Filter>validator/constraints</Filter>
    </ClCompile>
    <ClCompile Include="C:\rrw\ThirdParty\libsbml\src\sbml\validator\constraints\LocalParameterMathCheck.cpp">
      <Filter>validator/constraints</Filter>
    </ClCompile>
    <ClCompile Include="C:\rrw\ThirdParty\libsbml\src\sbml\validator\constraints\LocalParameterShadowsIdInModel.cpp">
      <Filter>validator/constraints</Filter>
    </ClCompile>
    <ClCompile Include="C:\rrw\ThirdParty\libsbml\src\sbml\validator\constraints\LogicalArgsMathCheck.cpp">
      <Filter>validator/constraints</Filter>
    </ClCompile>
    <ClCompile Include="C:\rrw\ThirdParty\libsbml\src\sbml\validator\constraints\MathMLBase.cpp">
      <Filter>validator/constraints</Filter>
    </ClCompile>
    <ClCompile Include="C:\rrw\ThirdParty\libsbml\src\sbml\validator\constraints\NumberArgsMathCheck.cpp">
      <Filter>validator/constraints</Filter>
    </ClCompile>
    <ClCompile Include="C:\rrw\ThirdParty\libsbml\src\sbml\validator\constraints\NumericArgsMathCheck.cpp">
      <Filter>validator/constraints</Filter>
    </ClCompile>
    <ClCompile Include="C:\rrw\ThirdParty\libsbml\src\sbml\validator\constraints\NumericReturnMathCheck.cpp">
      <Filter>validator/constraints</Filter>
    </ClCompile>
    <ClCompile Include="C:\rrw\ThirdParty\libsbml\src\sbml\validator\constraints\OverDeterminedCheck.cpp">
      <Filter>validator/constraints</Filter>
    </ClCompile>
    <ClCompile Include="C:\rrw\ThirdParty\libsbml\src\sbml\validator\constraints\PieceBooleanMathCheck.cpp">
      <Filter>validator/constraints</Filter>
    </ClCompile>
    <ClCompile Include="C:\rrw\ThirdParty\libsbml\src\sbml\validator\constraints\PiecewiseValueMathCheck.cpp">
      <Filter>validator/constraints</Filter>
    </ClCompile>
    <ClCompile Include="C:\rrw\ThirdParty\libsbml\src\sbml\validator\constraints\PowerUnitsCheck.cpp">
      <Filter>validator/constraints</Filter>
    </ClCompile>
    <ClCompile Include="C:\rrw\ThirdParty\libsbml\src\sbml\validator\constraints\SpeciesReactionOrRule.cpp">
      <Filter>validator/constraints</Filter>
    </ClCompile>
    <ClCompile Include="C:\rrw\ThirdParty\libsbml\src\sbml\validator\constraints\StoichiometryMathVars.cpp">
      <Filter>validator/constraints</Filter>
    </ClCompile>
    <ClCompile Include="C:\rrw\ThirdParty\libsbml\src\sbml\validator\constraints\UniqueIdBase.cpp">
      <Filter>validator/constraints</Filter>
    </ClCompile>
    <ClCompile Include="C:\rrw\ThirdParty\libsbml\src\sbml\validator\constraints\UniqueIdsForUnitDefinitions.cpp">
      <Filter>validator/constraints</Filter>
    </ClCompile>
    <ClCompile Include="C:\rrw\ThirdParty\libsbml\src\sbml\validator\constraints\UniqueIdsInKineticLaw.cpp">
      <Filter>validator/constraints</Filter>
    </ClCompile>
    <ClCompile Include="C:\rrw\ThirdParty\libsbml\src\sbml\validator\constraints\UniqueIdsInModel.cpp">
      <Filter>validator/constraints</Filter>
    </ClCompile>
    <ClCompile Include="C:\rrw\ThirdParty\libsbml\src\sbml\validator\constraints\UniqueMetaId.cpp">
      <Filter>validator/constraints</Filter>
    </ClCompile>
    <ClCompile Include="C:\rrw\ThirdParty\libsbml\src\sbml\validator\constraints\UniqueSpeciesTypesInCompartment.cpp">
      <Filter>validator/constraints</Filter>
    </ClCompile>
    <ClCompile Include="C:\rrw\ThirdParty\libsbml\src\sbml\validator\constraints\UniqueSymbolsInInitialAssignments.cpp">
      <Filter>validator/constraints</Filter>
    </ClCompile>
    <ClCompile Include="C:\rrw\ThirdParty\libsbml\src\sbml\validator\constraints\UniqueVarsInEventAssignments.cpp">
      <Filter>validator/constraints</Filter>
    </ClCompile>
    <ClCompile Include="C:\rrw\ThirdParty\libsbml\src\sbml\validator\constraints\UniqueVarsInEventsAndRules.cpp">
      <Filter>validator/constraints</Filter>
    </ClCompile>
    <ClCompile Include="C:\rrw\ThirdParty\libsbml\src\sbml\validator\constraints\UniqueVarsInInitialAssignmentsAndRules.cpp">
      <Filter>validator/constraints</Filter>
    </ClCompile>
    <ClCompile Include="C:\rrw\ThirdParty\libsbml\src\sbml\validator\constraints\UniqueVarsInRules.cpp">
      <Filter>validator/constraints</Filter>
    </ClCompile>
    <ClCompile Include="C:\rrw\ThirdParty\libsbml\src\sbml\validator\constraints\UnitsBase.cpp">
      <Filter>validator/constraints</Filter>
    </ClCompile>
    <ClCompile Include="C:\rrw\ThirdParty\libsbml\src\sbml\validator\constraints\ValidCnUnitsValue.cpp">
      <Filter>validator/constraints</Filter>
    </ClCompile>
    <ClCompile Include="C:\rrw\ThirdParty\libsbml\src\sbml\compress\CompressCommon.cpp">
      <Filter>compress</Filter>
    </ClCompile>
    <ClCompile Include="C:\rrw\ThirdParty\libsbml\src\sbml\compress\InputDecompressor.cpp">
      <Filter>compress</Filter>
    </ClCompile>
    <ClCompile Include="C:\rrw\ThirdParty\libsbml\src\sbml\compress\OutputCompressor.cpp">
      <Filter>compress</Filter>
    </ClCompile>
    <ClCompile Include="C:\rrw\ThirdParty\libsbml\src\sbml\compress\bzfstream.cpp">
      <Filter>compress</Filter>
    </ClCompile>
    <ClCompile Include="C:\rrw\ThirdParty\libsbml\src\sbml\compress\zip.c">
      <Filter>compress</Filter>
    </ClCompile>
    <ClCompile Include="C:\rrw\ThirdParty\libsbml\src\sbml\compress\unzip.c">
      <Filter>compress</Filter>
    </ClCompile>
    <ClCompile Include="C:\rrw\ThirdParty\libsbml\src\sbml\compress\ioapi.c">
      <Filter>compress</Filter>
    </ClCompile>
    <ClCompile Include="C:\rrw\ThirdParty\libsbml\src\sbml\compress\zfstream.cpp">
      <Filter>compress</Filter>
    </ClCompile>
    <ClCompile Include="C:\rrw\ThirdParty\libsbml\src\sbml\compress\zipfstream.cpp">
      <Filter>compress</Filter>
    </ClCompile>
    <ClCompile Include="C:\rrw\ThirdParty\libsbml\src\sbml\compress\iowin32.c">
      <Filter>compress</Filter>
    </ClCompile>
    <ClCompile Include="C:\rrw\ThirdParty\libsbml\src\sbml\xml\XMLAttributes.cpp">
      <Filter>xml</Filter>
    </ClCompile>
    <ClCompile Include="C:\rrw\ThirdParty\libsbml\src\sbml\xml\XMLBuffer.cpp">
      <Filter>xml</Filter>
    </ClCompile>
    <ClCompile Include="C:\rrw\ThirdParty\libsbml\src\sbml\xml\XMLConstructorException.cpp">
      <Filter>xml</Filter>
    </ClCompile>
    <ClCompile Include="C:\rrw\ThirdParty\libsbml\src\sbml\xml\XMLError.cpp">
      <Filter>xml</Filter>
    </ClCompile>
    <ClCompile Include="C:\rrw\ThirdParty\libsbml\src\sbml\xml\XMLErrorLog.cpp">
      <Filter>xml</Filter>
    </ClCompile>
    <ClCompile Include="C:\rrw\ThirdParty\libsbml\src\sbml\xml\XMLFileBuffer.cpp">
      <Filter>xml</Filter>
    </ClCompile>
    <ClCompile Include="C:\rrw\ThirdParty\libsbml\src\sbml\xml\XMLHandler.cpp">
      <Filter>xml</Filter>
    </ClCompile>
    <ClCompile Include="C:\rrw\ThirdParty\libsbml\src\sbml\xml\XMLInputStream.cpp">
      <Filter>xml</Filter>
    </ClCompile>
    <ClCompile Include="C:\rrw\ThirdParty\libsbml\src\sbml\xml\XMLMemoryBuffer.cpp">
      <Filter>xml</Filter>
    </ClCompile>
    <ClCompile Include="C:\rrw\ThirdParty\libsbml\src\sbml\xml\XMLNamespaces.cpp">
      <Filter>xml</Filter>
    </ClCompile>
    <ClCompile Include="C:\rrw\ThirdParty\libsbml\src\sbml\xml\XMLNode.cpp">
      <Filter>xml</Filter>
    </ClCompile>
    <ClCompile Include="C:\rrw\ThirdParty\libsbml\src\sbml\xml\XMLOutputStream.cpp">
      <Filter>xml</Filter>
    </ClCompile>
    <ClCompile Include="C:\rrw\ThirdParty\libsbml\src\sbml\xml\XMLParser.cpp">
      <Filter>xml</Filter>
    </ClCompile>
    <ClCompile Include="C:\rrw\ThirdParty\libsbml\src\sbml\xml\XMLToken.cpp">
      <Filter>xml</Filter>
    </ClCompile>
    <ClCompile Include="C:\rrw\ThirdParty\libsbml\src\sbml\xml\XMLTokenizer.cpp">
      <Filter>xml</Filter>
    </ClCompile>
    <ClCompile Include="C:\rrw\ThirdParty\libsbml\src\sbml\xml\XMLTriple.cpp">
      <Filter>xml</Filter>
    </ClCompile>
    <ClCompile Include="C:\rrw\ThirdParty\libsbml\src\sbml\xml\LibXMLAttributes.cpp">
      <Filter>xml</Filter>
    </ClCompile>
    <ClCompile Include="C:\rrw\ThirdParty\libsbml\src\sbml\xml\LibXMLHandler.cpp">
      <Filter>xml</Filter>
    </ClCompile>
    <ClCompile Include="C:\rrw\ThirdParty\libsbml\src\sbml\xml\LibXMLNamespaces.cpp">
      <Filter>xml</Filter>
    </ClCompile>
    <ClCompile Include="C:\rrw\ThirdParty\libsbml\src\sbml\xml\LibXMLParser.cpp">
      <Filter>xml</Filter>
    </ClCompile>
    <ClCompile Include="C:\rrw\ThirdParty\libsbml\src\sbml\xml\LibXMLTranscode.cpp">
      <Filter>xml</Filter>
    </ClCompile>
  </ItemGroup>
  <ItemGroup>
    <ClInclude Include="C:\rrw\ThirdParty\libsbml\src\sbml\annotation\CVTerm.h">
      <Filter>annotation</Filter>
    </ClInclude>
    <ClInclude Include="C:\rrw\ThirdParty\libsbml\src\sbml\annotation\Date.h">
      <Filter>annotation</Filter>
    </ClInclude>
    <ClInclude Include="C:\rrw\ThirdParty\libsbml\src\sbml\annotation\ModelCreator.h">
      <Filter>annotation</Filter>
    </ClInclude>
    <ClInclude Include="C:\rrw\ThirdParty\libsbml\src\sbml\annotation\ModelHistory.h">
      <Filter>annotation</Filter>
    </ClInclude>
    <ClInclude Include="C:\rrw\ThirdParty\libsbml\src\sbml\annotation\RDFAnnotation.h">
      <Filter>annotation</Filter>
    </ClInclude>
    <ClInclude Include="C:\rrw\ThirdParty\libsbml\src\sbml\common\common.h">
      <Filter>common</Filter>
    </ClInclude>
    <ClInclude Include="C:\rrw\ThirdParty\libsbml\src\sbml\common\extern.h">
      <Filter>common</Filter>
    </ClInclude>
    <ClInclude Include="C:\rrw\ThirdParty\libsbml\src\sbml\common\libsbml-config-common.h">
      <Filter>common</Filter>
    </ClInclude>
    <ClInclude Include="C:\rrw\ThirdParty\libsbml\src\sbml\common\libsbml-config.h">
      <Filter>common</Filter>
    </ClInclude>
    <ClInclude Include="C:\rrw\ThirdParty\libsbml\src\sbml\common\libsbml-namespace.h">
      <Filter>common</Filter>
    </ClInclude>
    <ClInclude Include="C:\rrw\ThirdParty\libsbml\src\sbml\common\libsbml-package.h">
      <Filter>common</Filter>
    </ClInclude>
    <ClInclude Include="C:\rrw\ThirdParty\libsbml\src\sbml\common\libsbml-version.h">
      <Filter>common</Filter>
    </ClInclude>
    <ClInclude Include="C:\rrw\ThirdParty\libsbml\src\sbml\common\operationReturnValues.h">
      <Filter>common</Filter>
    </ClInclude>
    <ClInclude Include="C:\rrw\ThirdParty\libsbml\src\sbml\common\sbmlfwd.h">
      <Filter>common</Filter>
    </ClInclude>
    <ClInclude Include="C:\rrw\ThirdParty\libsbml\src\sbml\conversion\ConversionOption.h">
      <Filter>conversion</Filter>
    </ClInclude>
    <ClInclude Include="C:\rrw\ThirdParty\libsbml\src\sbml\conversion\ConversionProperties.h">
      <Filter>conversion</Filter>
    </ClInclude>
    <ClInclude Include="C:\rrw\ThirdParty\libsbml\src\sbml\conversion\SBMLConverter.h">
      <Filter>conversion</Filter>
    </ClInclude>
    <ClInclude Include="C:\rrw\ThirdParty\libsbml\src\sbml\conversion\SBMLConverterRegister.h">
      <Filter>conversion</Filter>
    </ClInclude>
    <ClInclude Include="C:\rrw\ThirdParty\libsbml\src\sbml\conversion\SBMLConverterRegistry.h">
      <Filter>conversion</Filter>
    </ClInclude>
    <ClInclude Include="C:\rrw\ThirdParty\libsbml\src\sbml\conversion\SBMLFunctionDefinitionConverter.h">
      <Filter>conversion</Filter>
    </ClInclude>
    <ClInclude Include="C:\rrw\ThirdParty\libsbml\src\sbml\conversion\SBMLInitialAssignmentConverter.h">
      <Filter>conversion</Filter>
    </ClInclude>
    <ClInclude Include="C:\rrw\ThirdParty\libsbml\src\sbml\conversion\SBMLLevelVersionConverter.h">
      <Filter>conversion</Filter>
    </ClInclude>
    <ClInclude Include="C:\rrw\ThirdParty\libsbml\src\sbml\conversion\SBMLRuleConverter.h">
      <Filter>conversion</Filter>
    </ClInclude>
    <ClInclude Include="C:\rrw\ThirdParty\libsbml\src\sbml\conversion\SBMLStripPackageConverter.h">
      <Filter>conversion</Filter>
    </ClInclude>
    <ClInclude Include="C:\rrw\ThirdParty\libsbml\src\sbml\conversion\SBMLUnitsConverter.h">
      <Filter>conversion</Filter>
    </ClInclude>
    <ClInclude Include="C:\rrw\ThirdParty\libsbml\src\sbml\extension\ISBMLExtensionNamespaces.h">
      <Filter>extension</Filter>
    </ClInclude>
    <ClInclude Include="C:\rrw\ThirdParty\libsbml\src\sbml\extension\RegisterExtensions.h">
      <Filter>extension</Filter>
    </ClInclude>
    <ClInclude Include="C:\rrw\ThirdParty\libsbml\src\sbml\extension\SBaseExtensionPoint.h">
      <Filter>extension</Filter>
    </ClInclude>
    <ClInclude Include="C:\rrw\ThirdParty\libsbml\src\sbml\extension\SBasePlugin.h">
      <Filter>extension</Filter>
    </ClInclude>
    <ClInclude Include="C:\rrw\ThirdParty\libsbml\src\sbml\extension\SBasePluginCreator.h">
      <Filter>extension</Filter>
    </ClInclude>
    <ClInclude Include="C:\rrw\ThirdParty\libsbml\src\sbml\extension\SBasePluginCreatorBase.h">
      <Filter>extension</Filter>
    </ClInclude>
    <ClInclude Include="C:\rrw\ThirdParty\libsbml\src\sbml\extension\SBMLDocumentPlugin.h">
      <Filter>extension</Filter>
    </ClInclude>
    <ClInclude Include="C:\rrw\ThirdParty\libsbml\src\sbml\extension\SBMLExtension.h">
      <Filter>extension</Filter>
    </ClInclude>
    <ClInclude Include="C:\rrw\ThirdParty\libsbml\src\sbml\extension\SBMLExtensionException.h">
      <Filter>extension</Filter>
    </ClInclude>
    <ClInclude Include="C:\rrw\ThirdParty\libsbml\src\sbml\extension\SBMLExtensionNamespaces.h">
      <Filter>extension</Filter>
    </ClInclude>
    <ClInclude Include="C:\rrw\ThirdParty\libsbml\src\sbml\extension\SBMLExtensionRegister.h">
      <Filter>extension</Filter>
    </ClInclude>
    <ClInclude Include="C:\rrw\ThirdParty\libsbml\src\sbml\extension\SBMLExtensionRegistry.h">
      <Filter>extension</Filter>
    </ClInclude>
    <ClInclude Include="C:\rrw\ThirdParty\libsbml\src\sbml\math\ASTNode.h">
      <Filter>math</Filter>
    </ClInclude>
    <ClInclude Include="C:\rrw\ThirdParty\libsbml\src\sbml\math\FormulaFormatter.h">
      <Filter>math</Filter>
    </ClInclude>
    <ClInclude Include="C:\rrw\ThirdParty\libsbml\src\sbml\math\FormulaParser.h">
      <Filter>math</Filter>
    </ClInclude>
    <ClInclude Include="C:\rrw\ThirdParty\libsbml\src\sbml\math\FormulaTokenizer.h">
      <Filter>math</Filter>
    </ClInclude>
    <ClInclude Include="C:\rrw\ThirdParty\libsbml\src\sbml\math\MathML.h">
      <Filter>math</Filter>
    </ClInclude>
    <ClInclude Include="C:\rrw\ThirdParty\libsbml\src\sbml\AlgebraicRule.h">
      <Filter>sbml</Filter>
    </ClInclude>
    <ClInclude Include="C:\rrw\ThirdParty\libsbml\src\sbml\AssignmentRule.h">
      <Filter>sbml</Filter>
    </ClInclude>
    <ClInclude Include="C:\rrw\ThirdParty\libsbml\src\sbml\Compartment.h">
      <Filter>sbml</Filter>
    </ClInclude>
    <ClInclude Include="C:\rrw\ThirdParty\libsbml\src\sbml\CompartmentType.h">
      <Filter>sbml</Filter>
    </ClInclude>
    <ClInclude Include="C:\rrw\ThirdParty\libsbml\src\sbml\Constraint.h">
      <Filter>sbml</Filter>
    </ClInclude>
    <ClInclude Include="C:\rrw\ThirdParty\libsbml\src\sbml\Delay.h">
      <Filter>sbml</Filter>
    </ClInclude>
    <ClInclude Include="C:\rrw\ThirdParty\libsbml\src\sbml\Event.h">
      <Filter>sbml</Filter>
    </ClInclude>
    <ClInclude Include="C:\rrw\ThirdParty\libsbml\src\sbml\EventAssignment.h">
      <Filter>sbml</Filter>
    </ClInclude>
    <ClInclude Include="C:\rrw\ThirdParty\libsbml\src\sbml\ExpectedAttributes.h">
      <Filter>sbml</Filter>
    </ClInclude>
    <ClInclude Include="C:\rrw\ThirdParty\libsbml\src\sbml\FunctionDefinition.h">
      <Filter>sbml</Filter>
    </ClInclude>
    <ClInclude Include="C:\rrw\ThirdParty\libsbml\src\sbml\InitialAssignment.h">
      <Filter>sbml</Filter>
    </ClInclude>
    <ClInclude Include="C:\rrw\ThirdParty\libsbml\src\sbml\KineticLaw.h">
      <Filter>sbml</Filter>
    </ClInclude>
    <ClInclude Include="C:\rrw\ThirdParty\libsbml\src\sbml\ListOf.h">
      <Filter>sbml</Filter>
    </ClInclude>
    <ClInclude Include="C:\rrw\ThirdParty\libsbml\src\sbml\LocalParameter.h">
      <Filter>sbml</Filter>
    </ClInclude>
    <ClInclude Include="C:\rrw\ThirdParty\libsbml\src\sbml\Model.h">
      <Filter>sbml</Filter>
    </ClInclude>
    <ClInclude Include="C:\rrw\ThirdParty\libsbml\src\sbml\ModifierSpeciesReference.h">
      <Filter>sbml</Filter>
    </ClInclude>
    <ClInclude Include="C:\rrw\ThirdParty\libsbml\src\sbml\Parameter.h">
      <Filter>sbml</Filter>
    </ClInclude>
    <ClInclude Include="C:\rrw\ThirdParty\libsbml\src\sbml\Priority.h">
      <Filter>sbml</Filter>
    </ClInclude>
    <ClInclude Include="C:\rrw\ThirdParty\libsbml\src\sbml\RateRule.h">
      <Filter>sbml</Filter>
    </ClInclude>
    <ClInclude Include="C:\rrw\ThirdParty\libsbml\src\sbml\Reaction.h">
      <Filter>sbml</Filter>
    </ClInclude>
    <ClInclude Include="C:\rrw\ThirdParty\libsbml\src\sbml\Rule.h">
      <Filter>sbml</Filter>
    </ClInclude>
    <ClInclude Include="C:\rrw\ThirdParty\libsbml\src\sbml\SBase.h">
      <Filter>sbml</Filter>
    </ClInclude>
    <ClInclude Include="C:\rrw\ThirdParty\libsbml\src\sbml\SBMLConstructorException.h">
      <Filter>sbml</Filter>
    </ClInclude>
    <ClInclude Include="C:\rrw\ThirdParty\libsbml\src\sbml\SBMLDocument.h">
      <Filter>sbml</Filter>
    </ClInclude>
    <ClInclude Include="C:\rrw\ThirdParty\libsbml\src\sbml\SBMLError.h">
      <Filter>sbml</Filter>
    </ClInclude>
    <ClInclude Include="C:\rrw\ThirdParty\libsbml\src\sbml\SBMLErrorLog.h">
      <Filter>sbml</Filter>
    </ClInclude>
    <ClInclude Include="C:\rrw\ThirdParty\libsbml\src\sbml\SBMLErrorTable.h">
      <Filter>sbml</Filter>
    </ClInclude>
    <ClInclude Include="C:\rrw\ThirdParty\libsbml\src\sbml\SBMLNamespaces.h">
      <Filter>sbml</Filter>
    </ClInclude>
    <ClInclude Include="C:\rrw\ThirdParty\libsbml\src\sbml\SBMLReader.h">
      <Filter>sbml</Filter>
    </ClInclude>
    <ClInclude Include="C:\rrw\ThirdParty\libsbml\src\sbml\SBMLTransforms.h">
      <Filter>sbml</Filter>
    </ClInclude>
    <ClInclude Include="C:\rrw\ThirdParty\libsbml\src\sbml\SBMLTypeCodes.h">
      <Filter>sbml</Filter>
    </ClInclude>
    <ClInclude Include="C:\rrw\ThirdParty\libsbml\src\sbml\SBMLTypes.h">
      <Filter>sbml</Filter>
    </ClInclude>
    <ClInclude Include="C:\rrw\ThirdParty\libsbml\src\sbml\SBMLVisitor.h">
      <Filter>sbml</Filter>
    </ClInclude>
    <ClInclude Include="C:\rrw\ThirdParty\libsbml\src\sbml\SBMLWriter.h">
      <Filter>sbml</Filter>
    </ClInclude>
    <ClInclude Include="C:\rrw\ThirdParty\libsbml\src\sbml\SBO.h">
      <Filter>sbml</Filter>
    </ClInclude>
    <ClInclude Include="C:\rrw\ThirdParty\libsbml\src\sbml\SimpleSpeciesReference.h">
      <Filter>sbml</Filter>
    </ClInclude>
    <ClInclude Include="C:\rrw\ThirdParty\libsbml\src\sbml\Species.h">
      <Filter>sbml</Filter>
    </ClInclude>
    <ClInclude Include="C:\rrw\ThirdParty\libsbml\src\sbml\SpeciesReference.h">
      <Filter>sbml</Filter>
    </ClInclude>
    <ClInclude Include="C:\rrw\ThirdParty\libsbml\src\sbml\SpeciesType.h">
      <Filter>sbml</Filter>
    </ClInclude>
    <ClInclude Include="C:\rrw\ThirdParty\libsbml\src\sbml\StoichiometryMath.h">
      <Filter>sbml</Filter>
    </ClInclude>
    <ClInclude Include="C:\rrw\ThirdParty\libsbml\src\sbml\SyntaxChecker.h">
      <Filter>sbml</Filter>
    </ClInclude>
    <ClInclude Include="C:\rrw\ThirdParty\libsbml\src\sbml\Trigger.h">
      <Filter>sbml</Filter>
    </ClInclude>
    <ClInclude Include="C:\rrw\ThirdParty\libsbml\src\sbml\Unit.h">
      <Filter>sbml</Filter>
    </ClInclude>
    <ClInclude Include="C:\rrw\ThirdParty\libsbml\src\sbml\UnitDefinition.h">
      <Filter>sbml</Filter>
    </ClInclude>
    <ClInclude Include="C:\rrw\ThirdParty\libsbml\src\sbml\UnitKind.h">
      <Filter>sbml</Filter>
    </ClInclude>
    <ClInclude Include="C:\rrw\ThirdParty\libsbml\src\sbml\units\FormulaUnitsData.h">
      <Filter>units</Filter>
    </ClInclude>
    <ClInclude Include="C:\rrw\ThirdParty\libsbml\src\sbml\units\UnitFormulaFormatter.h">
      <Filter>units</Filter>
    </ClInclude>
    <ClInclude Include="C:\rrw\ThirdParty\libsbml\src\sbml\units\UnitKindList.h">
      <Filter>units</Filter>
    </ClInclude>
    <ClInclude Include="C:\rrw\ThirdParty\libsbml\src\sbml\util\List.h">
      <Filter>util</Filter>
    </ClInclude>
    <ClInclude Include="C:\rrw\ThirdParty\libsbml\src\sbml\util\memory.h">
      <Filter>util</Filter>
    </ClInclude>
    <ClInclude Include="C:\rrw\ThirdParty\libsbml\src\sbml\util\Stack.h">
      <Filter>util</Filter>
    </ClInclude>
    <ClInclude Include="C:\rrw\ThirdParty\libsbml\src\sbml\util\StringBuffer.h">
      <Filter>util</Filter>
    </ClInclude>
    <ClInclude Include="C:\rrw\ThirdParty\libsbml\src\sbml\util\util.h">
      <Filter>util</Filter>
    </ClInclude>
    <ClInclude Include="C:\rrw\ThirdParty\libsbml\src\sbml\validator\ConsistencyValidator.h">
      <Filter>validator</Filter>
    </ClInclude>
    <ClInclude Include="C:\rrw\ThirdParty\libsbml\src\sbml\validator\ConstraintMacros.h">
      <Filter>validator</Filter>
    </ClInclude>
    <ClInclude Include="C:\rrw\ThirdParty\libsbml\src\sbml\validator\IdentifierConsistencyValidator.h">
      <Filter>validator</Filter>
    </ClInclude>
    <ClInclude Include="C:\rrw\ThirdParty\libsbml\src\sbml\validator\InternalConsistencyValidator.h">
      <Filter>validator</Filter>
    </ClInclude>
    <ClInclude Include="C:\rrw\ThirdParty\libsbml\src\sbml\validator\L1CompatibilityValidator.h">
      <Filter>validator</Filter>
    </ClInclude>
    <ClInclude Include="C:\rrw\ThirdParty\libsbml\src\sbml\validator\L2v1CompatibilityValidator.h">
      <Filter>validator</Filter>
    </ClInclude>
    <ClInclude Include="C:\rrw\ThirdParty\libsbml\src\sbml\validator\L2v2CompatibilityValidator.h">
      <Filter>validator</Filter>
    </ClInclude>
    <ClInclude Include="C:\rrw\ThirdParty\libsbml\src\sbml\validator\L2v3CompatibilityValidator.h">
      <Filter>validator</Filter>
    </ClInclude>
    <ClInclude Include="C:\rrw\ThirdParty\libsbml\src\sbml\validator\L2v4CompatibilityValidator.h">
      <Filter>validator</Filter>
    </ClInclude>
    <ClInclude Include="C:\rrw\ThirdParty\libsbml\src\sbml\validator\L3v1CompatibilityValidator.h">
      <Filter>validator</Filter>
    </ClInclude>
    <ClInclude Include="C:\rrw\ThirdParty\libsbml\src\sbml\validator\MathMLConsistencyValidator.h">
      <Filter>validator</Filter>
    </ClInclude>
    <ClInclude Include="C:\rrw\ThirdParty\libsbml\src\sbml\validator\ModelingPracticeValidator.h">
      <Filter>validator</Filter>
    </ClInclude>
    <ClInclude Include="C:\rrw\ThirdParty\libsbml\src\sbml\validator\OverdeterminedValidator.h">
      <Filter>validator</Filter>
    </ClInclude>
    <ClInclude Include="C:\rrw\ThirdParty\libsbml\src\sbml\validator\SBMLExternalValidator.h">
      <Filter>validator</Filter>
    </ClInclude>
    <ClInclude Include="C:\rrw\ThirdParty\libsbml\src\sbml\validator\SBMLInternalValidator.h">
      <Filter>validator</Filter>
    </ClInclude>
    <ClInclude Include="C:\rrw\ThirdParty\libsbml\src\sbml\validator\SBMLValidator.h">
      <Filter>validator</Filter>
    </ClInclude>
    <ClInclude Include="C:\rrw\ThirdParty\libsbml\src\sbml\validator\SBOConsistencyValidator.h">
      <Filter>validator</Filter>
    </ClInclude>
    <ClInclude Include="C:\rrw\ThirdParty\libsbml\src\sbml\validator\UnitConsistencyValidator.h">
      <Filter>validator</Filter>
    </ClInclude>
    <ClInclude Include="C:\rrw\ThirdParty\libsbml\src\sbml\validator\Validator.h">
      <Filter>validator</Filter>
    </ClInclude>
    <ClInclude Include="C:\rrw\ThirdParty\libsbml\src\sbml\validator\VConstraint.h">
      <Filter>validator</Filter>
    </ClInclude>
    <ClInclude Include="C:\rrw\ThirdParty\libsbml\src\sbml\validator\constraints\ArgumentsUnitsCheck.h">
      <Filter>validator/constraints</Filter>
    </ClInclude>
    <ClInclude Include="C:\rrw\ThirdParty\libsbml\src\sbml\validator\constraints\ArgumentsUnitsCheckWarnings.h">
      <Filter>validator/constraints</Filter>
    </ClInclude>
    <ClInclude Include="C:\rrw\ThirdParty\libsbml\src\sbml\validator\constraints\AssignmentCycles.h">
      <Filter>validator/constraints</Filter>
    </ClInclude>
    <ClInclude Include="C:\rrw\ThirdParty\libsbml\src\sbml\validator\constraints\AssignmentRuleOrdering.h">
      <Filter>validator/constraints</Filter>
    </ClInclude>
    <ClInclude Include="C:\rrw\ThirdParty\libsbml\src\sbml\validator\constraints\CiElementMathCheck.h">
      <Filter>validator/constraints</Filter>
    </ClInclude>
    <ClInclude Include="C:\rrw\ThirdParty\libsbml\src\sbml\validator\constraints\CompartmentOutsideCycles.h">
      <Filter>validator/constraints</Filter>
    </ClInclude>
    <ClInclude Include="C:\rrw\ThirdParty\libsbml\src\sbml\validator\constraints\DuplicateTopLevelAnnotation.h">
      <Filter>validator/constraints</Filter>
    </ClInclude>
    <ClInclude Include="C:\rrw\ThirdParty\libsbml\src\sbml\validator\constraints\EqualityArgsMathCheck.h">
      <Filter>validator/constraints</Filter>
    </ClInclude>
    <ClInclude Include="C:\rrw\ThirdParty\libsbml\src\sbml\validator\constraints\ExponentUnitsCheck.h">
      <Filter>validator/constraints</Filter>
    </ClInclude>
    <ClInclude Include="C:\rrw\ThirdParty\libsbml\src\sbml\validator\constraints\FunctionApplyMathCheck.h">
      <Filter>validator/constraints</Filter>
    </ClInclude>
    <ClInclude Include="C:\rrw\ThirdParty\libsbml\src\sbml\validator\constraints\FunctionDefinitionVars.h">
      <Filter>validator/constraints</Filter>
    </ClInclude>
    <ClInclude Include="C:\rrw\ThirdParty\libsbml\src\sbml\validator\constraints\FunctionNoArgsMathCheck.h">
      <Filter>validator/constraints</Filter>
    </ClInclude>
    <ClInclude Include="C:\rrw\ThirdParty\libsbml\src\sbml\validator\constraints\FunctionReferredToExists.h">
      <Filter>validator/constraints</Filter>
    </ClInclude>
    <ClInclude Include="C:\rrw\ThirdParty\libsbml\src\sbml\validator\constraints\IdBase.h">
      <Filter>validator/constraints</Filter>
    </ClInclude>
    <ClInclude Include="C:\rrw\ThirdParty\libsbml\src\sbml\validator\constraints\IdList.h">
      <Filter>validator/constraints</Filter>
    </ClInclude>
    <ClInclude Include="C:\rrw\ThirdParty\libsbml\src\sbml\validator\constraints\KineticLawUnitsCheck.h">
      <Filter>validator/constraints</Filter>
    </ClInclude>
    <ClInclude Include="C:\rrw\ThirdParty\libsbml\src\sbml\validator\constraints\KineticLawVars.h">
      <Filter>validator/constraints</Filter>
    </ClInclude>
    <ClInclude Include="C:\rrw\ThirdParty\libsbml\src\sbml\validator\constraints\LambdaMathCheck.h">
      <Filter>validator/constraints</Filter>
    </ClInclude>
    <ClInclude Include="C:\rrw\ThirdParty\libsbml\src\sbml\validator\constraints\LocalParameterMathCheck.h">
      <Filter>validator/constraints</Filter>
    </ClInclude>
    <ClInclude Include="C:\rrw\ThirdParty\libsbml\src\sbml\validator\constraints\LocalParameterShadowsIdInModel.h">
      <Filter>validator/constraints</Filter>
    </ClInclude>
    <ClInclude Include="C:\rrw\ThirdParty\libsbml\src\sbml\validator\constraints\LogicalArgsMathCheck.h">
      <Filter>validator/constraints</Filter>
    </ClInclude>
    <ClInclude Include="C:\rrw\ThirdParty\libsbml\src\sbml\validator\constraints\MathMLBase.h">
      <Filter>validator/constraints</Filter>
    </ClInclude>
    <ClInclude Include="C:\rrw\ThirdParty\libsbml\src\sbml\validator\constraints\NumberArgsMathCheck.h">
      <Filter>validator/constraints</Filter>
    </ClInclude>
    <ClInclude Include="C:\rrw\ThirdParty\libsbml\src\sbml\validator\constraints\NumericArgsMathCheck.h">
      <Filter>validator/constraints</Filter>
    </ClInclude>
    <ClInclude Include="C:\rrw\ThirdParty\libsbml\src\sbml\validator\constraints\NumericReturnMathCheck.h">
      <Filter>validator/constraints</Filter>
    </ClInclude>
    <ClInclude Include="C:\rrw\ThirdParty\libsbml\src\sbml\validator\constraints\OverDeterminedCheck.h">
      <Filter>validator/constraints</Filter>
    </ClInclude>
    <ClInclude Include="C:\rrw\ThirdParty\libsbml\src\sbml\validator\constraints\PieceBooleanMathCheck.h">
      <Filter>validator/constraints</Filter>
    </ClInclude>
    <ClInclude Include="C:\rrw\ThirdParty\libsbml\src\sbml\validator\constraints\PiecewiseValueMathCheck.h">
      <Filter>validator/constraints</Filter>
    </ClInclude>
    <ClInclude Include="C:\rrw\ThirdParty\libsbml\src\sbml\validator\constraints\PowerUnitsCheck.h">
      <Filter>validator/constraints</Filter>
    </ClInclude>
    <ClInclude Include="C:\rrw\ThirdParty\libsbml\src\sbml\validator\constraints\SpeciesReactionOrRule.h">
      <Filter>validator/constraints</Filter>
    </ClInclude>
    <ClInclude Include="C:\rrw\ThirdParty\libsbml\src\sbml\validator\constraints\StoichiometryMathVars.h">
      <Filter>validator/constraints</Filter>
    </ClInclude>
    <ClInclude Include="C:\rrw\ThirdParty\libsbml\src\sbml\validator\constraints\UniqueIdBase.h">
      <Filter>validator/constraints</Filter>
    </ClInclude>
    <ClInclude Include="C:\rrw\ThirdParty\libsbml\src\sbml\validator\constraints\UniqueIdsForUnitDefinitions.h">
      <Filter>validator/constraints</Filter>
    </ClInclude>
    <ClInclude Include="C:\rrw\ThirdParty\libsbml\src\sbml\validator\constraints\UniqueIdsInKineticLaw.h">
      <Filter>validator/constraints</Filter>
    </ClInclude>
    <ClInclude Include="C:\rrw\ThirdParty\libsbml\src\sbml\validator\constraints\UniqueIdsInModel.h">
      <Filter>validator/constraints</Filter>
    </ClInclude>
    <ClInclude Include="C:\rrw\ThirdParty\libsbml\src\sbml\validator\constraints\UniqueMetaId.h">
      <Filter>validator/constraints</Filter>
    </ClInclude>
    <ClInclude Include="C:\rrw\ThirdParty\libsbml\src\sbml\validator\constraints\UniqueSpeciesTypesInCompartment.h">
      <Filter>validator/constraints</Filter>
    </ClInclude>
    <ClInclude Include="C:\rrw\ThirdParty\libsbml\src\sbml\validator\constraints\UniqueSymbolsInInitialAssignments.h">
      <Filter>validator/constraints</Filter>
    </ClInclude>
    <ClInclude Include="C:\rrw\ThirdParty\libsbml\src\sbml\validator\constraints\UniqueVarsInEventAssignments.h">
      <Filter>validator/constraints</Filter>
    </ClInclude>
    <ClInclude Include="C:\rrw\ThirdParty\libsbml\src\sbml\validator\constraints\UniqueVarsInEventsAndRules.h">
      <Filter>validator/constraints</Filter>
    </ClInclude>
    <ClInclude Include="C:\rrw\ThirdParty\libsbml\src\sbml\validator\constraints\UniqueVarsInInitialAssignmentsAndRules.h">
      <Filter>validator/constraints</Filter>
    </ClInclude>
    <ClInclude Include="C:\rrw\ThirdParty\libsbml\src\sbml\validator\constraints\UniqueVarsInRules.h">
      <Filter>validator/constraints</Filter>
    </ClInclude>
    <ClInclude Include="C:\rrw\ThirdParty\libsbml\src\sbml\validator\constraints\UnitsBase.h">
      <Filter>validator/constraints</Filter>
    </ClInclude>
    <ClInclude Include="C:\rrw\ThirdParty\libsbml\src\sbml\validator\constraints\ValidCnUnitsValue.h">
      <Filter>validator/constraints</Filter>
    </ClInclude>
    <ClInclude Include="C:\rrw\ThirdParty\libsbml\src\sbml\compress\CompressCommon.h">
      <Filter>compress</Filter>
    </ClInclude>
    <ClInclude Include="C:\rrw\ThirdParty\libsbml\src\sbml\compress\InputDecompressor.h">
      <Filter>compress</Filter>
    </ClInclude>
    <ClInclude Include="C:\rrw\ThirdParty\libsbml\src\sbml\compress\OutputCompressor.h">
      <Filter>compress</Filter>
    </ClInclude>
    <ClInclude Include="C:\rrw\ThirdParty\libsbml\src\sbml\compress\bzfstream.h">
      <Filter>compress</Filter>
    </ClInclude>
    <ClInclude Include="C:\rrw\ThirdParty\libsbml\src\sbml\compress\zip.h">
      <Filter>compress</Filter>
    </ClInclude>
    <ClInclude Include="C:\rrw\ThirdParty\libsbml\src\sbml\compress\unzip.h">
      <Filter>compress</Filter>
    </ClInclude>
    <ClInclude Include="C:\rrw\ThirdParty\libsbml\src\sbml\compress\ioapi.h">
      <Filter>compress</Filter>
    </ClInclude>
    <ClInclude Include="C:\rrw\ThirdParty\libsbml\src\sbml\compress\zfstream.h">
      <Filter>compress</Filter>
    </ClInclude>
    <ClInclude Include="C:\rrw\ThirdParty\libsbml\src\sbml\compress\zipfstream.h">
      <Filter>compress</Filter>
    </ClInclude>
    <ClInclude Include="C:\rrw\ThirdParty\libsbml\src\sbml\compress\iowin32.h">
      <Filter>compress</Filter>
    </ClInclude>
    <ClInclude Include="C:\rrw\ThirdParty\libsbml\src\sbml\xml\XMLAttributes.h">
      <Filter>xml</Filter>
    </ClInclude>
    <ClInclude Include="C:\rrw\ThirdParty\libsbml\src\sbml\xml\XMLBuffer.h">
      <Filter>xml</Filter>
    </ClInclude>
    <ClInclude Include="C:\rrw\ThirdParty\libsbml\src\sbml\xml\XMLConstructorException.h">
      <Filter>xml</Filter>
    </ClInclude>
    <ClInclude Include="C:\rrw\ThirdParty\libsbml\src\sbml\xml\XMLError.h">
      <Filter>xml</Filter>
    </ClInclude>
    <ClInclude Include="C:\rrw\ThirdParty\libsbml\src\sbml\xml\XMLErrorLog.h">
      <Filter>xml</Filter>
    </ClInclude>
    <ClInclude Include="C:\rrw\ThirdParty\libsbml\src\sbml\xml\XMLFileBuffer.h">
      <Filter>xml</Filter>
    </ClInclude>
    <ClInclude Include="C:\rrw\ThirdParty\libsbml\src\sbml\xml\XMLHandler.h">
      <Filter>xml</Filter>
    </ClInclude>
    <ClInclude Include="C:\rrw\ThirdParty\libsbml\src\sbml\xml\XMLInputStream.h">
      <Filter>xml</Filter>
    </ClInclude>
    <ClInclude Include="C:\rrw\ThirdParty\libsbml\src\sbml\xml\XMLMemoryBuffer.h">
      <Filter>xml</Filter>
    </ClInclude>
    <ClInclude Include="C:\rrw\ThirdParty\libsbml\src\sbml\xml\XMLNamespaces.h">
      <Filter>xml</Filter>
    </ClInclude>
    <ClInclude Include="C:\rrw\ThirdParty\libsbml\src\sbml\xml\XMLNode.h">
      <Filter>xml</Filter>
    </ClInclude>
    <ClInclude Include="C:\rrw\ThirdParty\libsbml\src\sbml\xml\XMLOutputStream.h">
      <Filter>xml</Filter>
    </ClInclude>
    <ClInclude Include="C:\rrw\ThirdParty\libsbml\src\sbml\xml\XMLParser.h">
      <Filter>xml</Filter>
    </ClInclude>
    <ClInclude Include="C:\rrw\ThirdParty\libsbml\src\sbml\xml\XMLToken.h">
      <Filter>xml</Filter>
    </ClInclude>
    <ClInclude Include="C:\rrw\ThirdParty\libsbml\src\sbml\xml\XMLTokenizer.h">
      <Filter>xml</Filter>
    </ClInclude>
    <ClInclude Include="C:\rrw\ThirdParty\libsbml\src\sbml\xml\XMLTriple.h">
      <Filter>xml</Filter>
    </ClInclude>
    <ClInclude Include="C:\rrw\ThirdParty\libsbml\src\sbml\xml\LibXMLAttributes.h">
      <Filter>xml</Filter>
    </ClInclude>
    <ClInclude Include="C:\rrw\ThirdParty\libsbml\src\sbml\xml\LibXMLHandler.h">
      <Filter>xml</Filter>
    </ClInclude>
    <ClInclude Include="C:\rrw\ThirdParty\libsbml\src\sbml\xml\LibXMLNamespaces.h">
      <Filter>xml</Filter>
    </ClInclude>
    <ClInclude Include="C:\rrw\ThirdParty\libsbml\src\sbml\xml\LibXMLParser.h">
      <Filter>xml</Filter>
    </ClInclude>
    <ClInclude Include="C:\rrw\ThirdParty\libsbml\src\sbml\xml\LibXMLTranscode.h">
      <Filter>xml</Filter>
    </ClInclude>
  </ItemGroup>
  <ItemGroup>
  </ItemGroup>
  <ItemGroup>
  </ItemGroup>
  <ItemGroup>
    <CustomBuild Include="..\..\..\..\ThirdParty\libsbml\src\CMakeLists.txt" />
  </ItemGroup>
  <ItemGroup>
    <Filter Include="annotation">
      <UniqueIdentifier>{D8E44A6C-E8AF-4362-909F-C16715EF2E41}</UniqueIdentifier>
    </Filter>
    <Filter Include="common">
      <UniqueIdentifier>{3212E5AE-1EC0-47D5-844F-36C8A960D136}</UniqueIdentifier>
    </Filter>
    <Filter Include="conversion">
      <UniqueIdentifier>{CEF1E0E6-F1DE-4F26-A952-21E4887F45DA}</UniqueIdentifier>
    </Filter>
    <Filter Include="extension">
      <UniqueIdentifier>{83ACA9F8-55BD-411C-908E-8A86606115DD}</UniqueIdentifier>
    </Filter>
    <Filter Include="math">
      <UniqueIdentifier>{1C09E386-A5AB-469D-A2F4-8F4F7407E6B8}</UniqueIdentifier>
    </Filter>
    <Filter Include="sbml">
      <UniqueIdentifier>{B963B60A-7C65-44A1-96F3-75B1C6F12258}</UniqueIdentifier>
    </Filter>
    <Filter Include="units">
      <UniqueIdentifier>{C9030806-ADCC-43CD-A7BD-53FC16C505AE}</UniqueIdentifier>
    </Filter>
    <Filter Include="util">
      <UniqueIdentifier>{A2E653EF-939F-4F3F-BF33-6A1AEF264E75}</UniqueIdentifier>
    </Filter>
    <Filter Include="validator">
      <UniqueIdentifier>{737CAF27-F009-4660-A470-772E4539BBD8}</UniqueIdentifier>
    </Filter>
    <Filter Include="validator/constraints">
      <UniqueIdentifier>{A08B360C-A074-4EEA-9AC5-F71EB21FBE62}</UniqueIdentifier>
    </Filter>
    <Filter Include="compress">
      <UniqueIdentifier>{76E85FD6-96E7-42F9-AF63-3011847C6C73}</UniqueIdentifier>
    </Filter>
    <Filter Include="xml">
      <UniqueIdentifier>{A0761E62-0EDD-4922-B2F3-A649026A05BC}</UniqueIdentifier>
    </Filter>
  </ItemGroup>
  <ItemGroup>
  </ItemGroup>
</Project>
