Microsoft Visual Studio Solution File, Format Version 11.00
# Visual Studio 2010
Project("{8BC9CEB8-8B4A-11D0-8D11-00A0C91BC942}") = "ALL_BUILD", "ALL_BUILD.vcxproj", "{0F1D55DA-5E03-4B0B-A1E4-1622583BBB08}"
	ProjectSection(ProjectDependencies) = postProject
		{9FAA5849-2A08-4466-B9F4-6115BEFEE4EC} = {9FAA5849-2A08-4466-B9F4-6115BEFEE4EC}
		{F48D03AC-11EF-482A-8D63-9D4AB7E3C3B0} = {F48D03AC-11EF-482A-8D63-9D4AB7E3C3B0}
		{A43D8E9F-AF91-4935-A9CA-BDE25D537D1B} = {A43D8E9F-AF91-4935-A9CA-BDE25D537D1B}
		{42557E16-F73E-4B64-92D1-F3CBB2280D6C} = {42557E16-F73E-4B64-92D1-F3CBB2280D6C}
		{416B5BCB-C791-47BD-9CF0-DB79E49EF755} = {416B5BCB-C791-47BD-9CF0-DB79E49EF755}
		{BD0EB9C4-79F3-4807-8430-7A9AB8EA7865} = {BD0EB9C4-79F3-4807-8430-7A9AB8EA7865}
		{1973B831-AD8C-46CC-97C6-75F2BB569204} = {1973B831-AD8C-46CC-97C6-75F2BB569204}
		{46C74401-5D0E-4522-B507-9E69BD00720E} = {46C74401-5D0E-4522-B507-9E69BD00720E}
		{D93852AE-2119-43C0-BA9B-35C99904CEC6} = {D93852AE-2119-43C0-BA9B-35C99904CEC6}
		{1A6BA855-5873-480D-8CCC-C191AA034726} = {1A6BA855-5873-480D-8CCC-C191AA034726}
		{6A324D15-3416-4912-A353-55A07AA2B9CD} = {6A324D15-3416-4912-A353-55A07AA2B9CD}
		{DAF73704-1D6B-40AD-B46B-7F3193D80E0C} = {DAF73704-1D6B-40AD-B46B-7F3193D80E0C}
		{F7670318-976A-4708-853E-CBBC15F5D88C} = {F7670318-976A-4708-853E-CBBC15F5D88C}
		{0727B915-F972-4E44-9EB8-79E3530C4CFD} = {0727B915-F972-4E44-9EB8-79E3530C4CFD}
		{68498812-B170-4AE8-85B0-5A333D136E75} = {68498812-B170-4AE8-85B0-5A333D136E75}
		{663CF7E1-ED1C-4A93-A1C8-C2DA4810BE64} = {663CF7E1-ED1C-4A93-A1C8-C2DA4810BE64}
		{E5D023F3-B47C-453B-BFBD-AC03FA874211} = {E5D023F3-B47C-453B-BFBD-AC03FA874211}
		{93DCA081-2A8B-4E43-AEB8-89D092984F0C} = {93DCA081-2A8B-4E43-AEB8-89D092984F0C}
		{B0836C10-7699-4ACC-863F-B3D75900D4F8} = {B0836C10-7699-4ACC-863F-B3D75900D4F8}
		{FC51C680-6ED1-4228-97E4-C11E7AE8709E} = {FC51C680-6ED1-4228-97E4-C11E7AE8709E}
		{E6696449-481E-4B94-A977-F50C76C8673A} = {E6696449-481E-4B94-A977-F50C76C8673A}
		{38F99EDB-15C2-47AC-964D-2A75B3E5890A} = {38F99EDB-15C2-47AC-964D-2A75B3E5890A}
		{FA55127D-CD5C-4EC9-8887-E34ED93DA99C} = {FA55127D-CD5C-4EC9-8887-E34ED93DA99C}
		{BDA2A8C7-E213-4A4B-A487-7AB3284DC7FD} = {BDA2A8C7-E213-4A4B-A487-7AB3284DC7FD}
		{6FC9FB53-D53D-4BDC-9B7E-DEB524D88301} = {6FC9FB53-D53D-4BDC-9B7E-DEB524D88301}
		{33E880A9-B955-48B1-9F7E-9C6183892D31} = {33E880A9-B955-48B1-9F7E-9C6183892D31}
		{A961BA1D-B957-4F36-891F-AB7D90591C9A} = {A961BA1D-B957-4F36-891F-AB7D90591C9A}
		{50435161-F44B-497E-9849-4DA76670C9E4} = {50435161-F44B-497E-9849-4DA76670C9E4}
		{65F9EF93-816B-448E-A073-B185A8553497} = {65F9EF93-816B-448E-A073-B185A8553497}
		{57BEFE97-E00C-45F0-9585-7B01D7A37FF2} = {57BEFE97-E00C-45F0-9585-7B01D7A37FF2}
		{1123F724-11CD-474D-A55F-9BEFC447D15B} = {1123F724-11CD-474D-A55F-9BEFC447D15B}
		{376DE43E-7868-486D-AA59-2EEF1C6D8C7E} = {376DE43E-7868-486D-AA59-2EEF1C6D8C7E}
	EndProjectSection
EndProject
Project("{8BC9CEB8-8B4A-11D0-8D11-00A0C91BC942}") = "Continuous", "Continuous.vcxproj", "{71DC4BA4-94DD-4580-B1EC-FF19223AD98D}"
	ProjectSection(ProjectDependencies) = postProject
		{9FAA5849-2A08-4466-B9F4-6115BEFEE4EC} = {9FAA5849-2A08-4466-B9F4-6115BEFEE4EC}
	EndProjectSection
EndProject
Project("{8BC9CEB8-8B4A-11D0-8D11-00A0C91BC942}") = "Experimental", "Experimental.vcxproj", "{4F529BBA-EAFD-47E3-BF59-23CE137A3CC7}"
	ProjectSection(ProjectDependencies) = postProject
		{9FAA5849-2A08-4466-B9F4-6115BEFEE4EC} = {9FAA5849-2A08-4466-B9F4-6115BEFEE4EC}
	EndProjectSection
EndProject
Project("{8BC9CEB8-8B4A-11D0-8D11-00A0C91BC942}") = "Nightly", "Nightly.vcxproj", "{4ABB3CEB-2C96-4A24-A853-A510BB082F5E}"
	ProjectSection(ProjectDependencies) = postProject
		{9FAA5849-2A08-4466-B9F4-6115BEFEE4EC} = {9FAA5849-2A08-4466-B9F4-6115BEFEE4EC}
	EndProjectSection
EndProject
Project("{8BC9CEB8-8B4A-11D0-8D11-00A0C91BC942}") = "NightlyMemoryCheck", "NightlyMemoryCheck.vcxproj", "{F72A03DE-CD2C-4CB1-B652-27531E6B74F5}"
	ProjectSection(ProjectDependencies) = postProject
		{9FAA5849-2A08-4466-B9F4-6115BEFEE4EC} = {9FAA5849-2A08-4466-B9F4-6115BEFEE4EC}
	EndProjectSection
EndProject
Project("{8BC9CEB8-8B4A-11D0-8D11-00A0C91BC942}") = "PACKAGE", "PACKAGE.vcxproj", "{96E61E78-1ED1-47BA-8877-D620340FAF7E}"
	ProjectSection(ProjectDependencies) = postProject
		{0F1D55DA-5E03-4B0B-A1E4-1622583BBB08} = {0F1D55DA-5E03-4B0B-A1E4-1622583BBB08}
	EndProjectSection
EndProject
Project("{8BC9CEB8-8B4A-11D0-8D11-00A0C91BC942}") = "RUN_TESTS", "RUN_TESTS.vcxproj", "{B3664B69-D6B7-435A-B1E0-75111A383B39}"
	ProjectSection(ProjectDependencies) = postProject
	EndProjectSection
EndProject
Project("{8BC9CEB8-8B4A-11D0-8D11-00A0C91BC942}") = "ZERO_CHECK", "ZERO_CHECK.vcxproj", "{9FAA5849-2A08-4466-B9F4-6115BEFEE4EC}"
	ProjectSection(ProjectDependencies) = postProject
	EndProjectSection
EndProject
Project("{8BC9CEB8-8B4A-11D0-8D11-00A0C91BC942}") = "arithchk", "F2CLIBS\libf2c\arithchk.vcxproj", "{F48D03AC-11EF-482A-8D63-9D4AB7E3C3B0}"
	ProjectSection(ProjectDependencies) = postProject
		{9FAA5849-2A08-4466-B9F4-6115BEFEE4EC} = {9FAA5849-2A08-4466-B9F4-6115BEFEE4EC}
	EndProjectSection
EndProject
Project("{8BC9CEB8-8B4A-11D0-8D11-00A0C91BC942}") = "blas", "BLAS\SRC\blas.vcxproj", "{A43D8E9F-AF91-4935-A9CA-BDE25D537D1B}"
	ProjectSection(ProjectDependencies) = postProject
		{9FAA5849-2A08-4466-B9F4-6115BEFEE4EC} = {9FAA5849-2A08-4466-B9F4-6115BEFEE4EC}
		{42557E16-F73E-4B64-92D1-F3CBB2280D6C} = {42557E16-F73E-4B64-92D1-F3CBB2280D6C}
	EndProjectSection
EndProject
Project("{8BC9CEB8-8B4A-11D0-8D11-00A0C91BC942}") = "f2c", "F2CLIBS\libf2c\f2c.vcxproj", "{42557E16-F73E-4B64-92D1-F3CBB2280D6C}"
	ProjectSection(ProjectDependencies) = postProject
		{9FAA5849-2A08-4466-B9F4-6115BEFEE4EC} = {9FAA5849-2A08-4466-B9F4-6115BEFEE4EC}
		{F48D03AC-11EF-482A-8D63-9D4AB7E3C3B0} = {F48D03AC-11EF-482A-8D63-9D4AB7E3C3B0}
	EndProjectSection
EndProject
Project("{8BC9CEB8-8B4A-11D0-8D11-00A0C91BC942}") = "lapack", "SRC\lapack.vcxproj", "{416B5BCB-C791-47BD-9CF0-DB79E49EF755}"
	ProjectSection(ProjectDependencies) = postProject
		{9FAA5849-2A08-4466-B9F4-6115BEFEE4EC} = {9FAA5849-2A08-4466-B9F4-6115BEFEE4EC}
		{A43D8E9F-AF91-4935-A9CA-BDE25D537D1B} = {A43D8E9F-AF91-4935-A9CA-BDE25D537D1B}
	EndProjectSection
EndProject
Project("{8BC9CEB8-8B4A-11D0-8D11-00A0C91BC942}") = "tmglib", "Testing\MATGEN\tmglib.vcxproj", "{BD0EB9C4-79F3-4807-8430-7A9AB8EA7865}"
	ProjectSection(ProjectDependencies) = postProject
		{9FAA5849-2A08-4466-B9F4-6115BEFEE4EC} = {9FAA5849-2A08-4466-B9F4-6115BEFEE4EC}
	EndProjectSection
EndProject
Project("{8BC9CEB8-8B4A-11D0-8D11-00A0C91BC942}") = "xblat1c", "BLAS\TESTING\xblat1c.vcxproj", "{1973B831-AD8C-46CC-97C6-75F2BB569204}"
	ProjectSection(ProjectDependencies) = postProject
		{9FAA5849-2A08-4466-B9F4-6115BEFEE4EC} = {9FAA5849-2A08-4466-B9F4-6115BEFEE4EC}
		{A43D8E9F-AF91-4935-A9CA-BDE25D537D1B} = {A43D8E9F-AF91-4935-A9CA-BDE25D537D1B}
	EndProjectSection
EndProject
Project("{8BC9CEB8-8B4A-11D0-8D11-00A0C91BC942}") = "xblat1d", "BLAS\TESTING\xblat1d.vcxproj", "{46C74401-5D0E-4522-B507-9E69BD00720E}"
	ProjectSection(ProjectDependencies) = postProject
		{9FAA5849-2A08-4466-B9F4-6115BEFEE4EC} = {9FAA5849-2A08-4466-B9F4-6115BEFEE4EC}
		{A43D8E9F-AF91-4935-A9CA-BDE25D537D1B} = {A43D8E9F-AF91-4935-A9CA-BDE25D537D1B}
	EndProjectSection
EndProject
Project("{8BC9CEB8-8B4A-11D0-8D11-00A0C91BC942}") = "xblat1s", "BLAS\TESTING\xblat1s.vcxproj", "{D93852AE-2119-43C0-BA9B-35C99904CEC6}"
	ProjectSection(ProjectDependencies) = postProject
		{9FAA5849-2A08-4466-B9F4-6115BEFEE4EC} = {9FAA5849-2A08-4466-B9F4-6115BEFEE4EC}
		{A43D8E9F-AF91-4935-A9CA-BDE25D537D1B} = {A43D8E9F-AF91-4935-A9CA-BDE25D537D1B}
	EndProjectSection
EndProject
Project("{8BC9CEB8-8B4A-11D0-8D11-00A0C91BC942}") = "xblat1z", "BLAS\TESTING\xblat1z.vcxproj", "{1A6BA855-5873-480D-8CCC-C191AA034726}"
	ProjectSection(ProjectDependencies) = postProject
		{9FAA5849-2A08-4466-B9F4-6115BEFEE4EC} = {9FAA5849-2A08-4466-B9F4-6115BEFEE4EC}
		{A43D8E9F-AF91-4935-A9CA-BDE25D537D1B} = {A43D8E9F-AF91-4935-A9CA-BDE25D537D1B}
	EndProjectSection
EndProject
Project("{8BC9CEB8-8B4A-11D0-8D11-00A0C91BC942}") = "xblat2c", "BLAS\TESTING\xblat2c.vcxproj", "{6A324D15-3416-4912-A353-55A07AA2B9CD}"
	ProjectSection(ProjectDependencies) = postProject
		{9FAA5849-2A08-4466-B9F4-6115BEFEE4EC} = {9FAA5849-2A08-4466-B9F4-6115BEFEE4EC}
		{A43D8E9F-AF91-4935-A9CA-BDE25D537D1B} = {A43D8E9F-AF91-4935-A9CA-BDE25D537D1B}
	EndProjectSection
EndProject
Project("{8BC9CEB8-8B4A-11D0-8D11-00A0C91BC942}") = "xblat2d", "BLAS\TESTING\xblat2d.vcxproj", "{DAF73704-1D6B-40AD-B46B-7F3193D80E0C}"
	ProjectSection(ProjectDependencies) = postProject
		{9FAA5849-2A08-4466-B9F4-6115BEFEE4EC} = {9FAA5849-2A08-4466-B9F4-6115BEFEE4EC}
		{A43D8E9F-AF91-4935-A9CA-BDE25D537D1B} = {A43D8E9F-AF91-4935-A9CA-BDE25D537D1B}
	EndProjectSection
EndProject
Project("{8BC9CEB8-8B4A-11D0-8D11-00A0C91BC942}") = "xblat2s", "BLAS\TESTING\xblat2s.vcxproj", "{F7670318-976A-4708-853E-CBBC15F5D88C}"
	ProjectSection(ProjectDependencies) = postProject
		{9FAA5849-2A08-4466-B9F4-6115BEFEE4EC} = {9FAA5849-2A08-4466-B9F4-6115BEFEE4EC}
		{A43D8E9F-AF91-4935-A9CA-BDE25D537D1B} = {A43D8E9F-AF91-4935-A9CA-BDE25D537D1B}
	EndProjectSection
EndProject
Project("{8BC9CEB8-8B4A-11D0-8D11-00A0C91BC942}") = "xblat2z", "BLAS\TESTING\xblat2z.vcxproj", "{0727B915-F972-4E44-9EB8-79E3530C4CFD}"
	ProjectSection(ProjectDependencies) = postProject
		{9FAA5849-2A08-4466-B9F4-6115BEFEE4EC} = {9FAA5849-2A08-4466-B9F4-6115BEFEE4EC}
		{A43D8E9F-AF91-4935-A9CA-BDE25D537D1B} = {A43D8E9F-AF91-4935-A9CA-BDE25D537D1B}
	EndProjectSection
EndProject
Project("{8BC9CEB8-8B4A-11D0-8D11-00A0C91BC942}") = "xblat3c", "BLAS\TESTING\xblat3c.vcxproj", "{68498812-B170-4AE8-85B0-5A333D136E75}"
	ProjectSection(ProjectDependencies) = postProject
		{9FAA5849-2A08-4466-B9F4-6115BEFEE4EC} = {9FAA5849-2A08-4466-B9F4-6115BEFEE4EC}
		{A43D8E9F-AF91-4935-A9CA-BDE25D537D1B} = {A43D8E9F-AF91-4935-A9CA-BDE25D537D1B}
	EndProjectSection
EndProject
Project("{8BC9CEB8-8B4A-11D0-8D11-00A0C91BC942}") = "xblat3d", "BLAS\TESTING\xblat3d.vcxproj", "{663CF7E1-ED1C-4A93-A1C8-C2DA4810BE64}"
	ProjectSection(ProjectDependencies) = postProject
		{9FAA5849-2A08-4466-B9F4-6115BEFEE4EC} = {9FAA5849-2A08-4466-B9F4-6115BEFEE4EC}
		{A43D8E9F-AF91-4935-A9CA-BDE25D537D1B} = {A43D8E9F-AF91-4935-A9CA-BDE25D537D1B}
	EndProjectSection
EndProject
Project("{8BC9CEB8-8B4A-11D0-8D11-00A0C91BC942}") = "xblat3s", "BLAS\TESTING\xblat3s.vcxproj", "{E5D023F3-B47C-453B-BFBD-AC03FA874211}"
	ProjectSection(ProjectDependencies) = postProject
		{9FAA5849-2A08-4466-B9F4-6115BEFEE4EC} = {9FAA5849-2A08-4466-B9F4-6115BEFEE4EC}
		{A43D8E9F-AF91-4935-A9CA-BDE25D537D1B} = {A43D8E9F-AF91-4935-A9CA-BDE25D537D1B}
	EndProjectSection
EndProject
Project("{8BC9CEB8-8B4A-11D0-8D11-00A0C91BC942}") = "xblat3z", "BLAS\TESTING\xblat3z.vcxproj", "{93DCA081-2A8B-4E43-AEB8-89D092984F0C}"
	ProjectSection(ProjectDependencies) = postProject
		{9FAA5849-2A08-4466-B9F4-6115BEFEE4EC} = {9FAA5849-2A08-4466-B9F4-6115BEFEE4EC}
		{A43D8E9F-AF91-4935-A9CA-BDE25D537D1B} = {A43D8E9F-AF91-4935-A9CA-BDE25D537D1B}
	EndProjectSection
EndProject
Project("{8BC9CEB8-8B4A-11D0-8D11-00A0C91BC942}") = "xeigtstc", "Testing\EIG\xeigtstc.vcxproj", "{B0836C10-7699-4ACC-863F-B3D75900D4F8}"
	ProjectSection(ProjectDependencies) = postProject
		{9FAA5849-2A08-4466-B9F4-6115BEFEE4EC} = {9FAA5849-2A08-4466-B9F4-6115BEFEE4EC}
		{416B5BCB-C791-47BD-9CF0-DB79E49EF755} = {416B5BCB-C791-47BD-9CF0-DB79E49EF755}
		{BD0EB9C4-79F3-4807-8430-7A9AB8EA7865} = {BD0EB9C4-79F3-4807-8430-7A9AB8EA7865}
	EndProjectSection
EndProject
Project("{8BC9CEB8-8B4A-11D0-8D11-00A0C91BC942}") = "xeigtstd", "Testing\EIG\xeigtstd.vcxproj", "{FC51C680-6ED1-4228-97E4-C11E7AE8709E}"
	ProjectSection(ProjectDependencies) = postProject
		{9FAA5849-2A08-4466-B9F4-6115BEFEE4EC} = {9FAA5849-2A08-4466-B9F4-6115BEFEE4EC}
		{416B5BCB-C791-47BD-9CF0-DB79E49EF755} = {416B5BCB-C791-47BD-9CF0-DB79E49EF755}
		{BD0EB9C4-79F3-4807-8430-7A9AB8EA7865} = {BD0EB9C4-79F3-4807-8430-7A9AB8EA7865}
	EndProjectSection
EndProject
Project("{8BC9CEB8-8B4A-11D0-8D11-00A0C91BC942}") = "xeigtsts", "Testing\EIG\xeigtsts.vcxproj", "{E6696449-481E-4B94-A977-F50C76C8673A}"
	ProjectSection(ProjectDependencies) = postProject
		{9FAA5849-2A08-4466-B9F4-6115BEFEE4EC} = {9FAA5849-2A08-4466-B9F4-6115BEFEE4EC}
		{416B5BCB-C791-47BD-9CF0-DB79E49EF755} = {416B5BCB-C791-47BD-9CF0-DB79E49EF755}
		{BD0EB9C4-79F3-4807-8430-7A9AB8EA7865} = {BD0EB9C4-79F3-4807-8430-7A9AB8EA7865}
	EndProjectSection
EndProject
Project("{8BC9CEB8-8B4A-11D0-8D11-00A0C91BC942}") = "xeigtstz", "Testing\EIG\xeigtstz.vcxproj", "{38F99EDB-15C2-47AC-964D-2A75B3E5890A}"
	ProjectSection(ProjectDependencies) = postProject
		{9FAA5849-2A08-4466-B9F4-6115BEFEE4EC} = {9FAA5849-2A08-4466-B9F4-6115BEFEE4EC}
		{416B5BCB-C791-47BD-9CF0-DB79E49EF755} = {416B5BCB-C791-47BD-9CF0-DB79E49EF755}
		{BD0EB9C4-79F3-4807-8430-7A9AB8EA7865} = {BD0EB9C4-79F3-4807-8430-7A9AB8EA7865}
	EndProjectSection
EndProject
Project("{8BC9CEB8-8B4A-11D0-8D11-00A0C91BC942}") = "xlintstc", "Testing\LIN\xlintstc.vcxproj", "{FA55127D-CD5C-4EC9-8887-E34ED93DA99C}"
	ProjectSection(ProjectDependencies) = postProject
		{9FAA5849-2A08-4466-B9F4-6115BEFEE4EC} = {9FAA5849-2A08-4466-B9F4-6115BEFEE4EC}
		{416B5BCB-C791-47BD-9CF0-DB79E49EF755} = {416B5BCB-C791-47BD-9CF0-DB79E49EF755}
		{BD0EB9C4-79F3-4807-8430-7A9AB8EA7865} = {BD0EB9C4-79F3-4807-8430-7A9AB8EA7865}
	EndProjectSection
EndProject
Project("{8BC9CEB8-8B4A-11D0-8D11-00A0C91BC942}") = "xlintstd", "Testing\LIN\xlintstd.vcxproj", "{BDA2A8C7-E213-4A4B-A487-7AB3284DC7FD}"
	ProjectSection(ProjectDependencies) = postProject
		{9FAA5849-2A08-4466-B9F4-6115BEFEE4EC} = {9FAA5849-2A08-4466-B9F4-6115BEFEE4EC}
		{416B5BCB-C791-47BD-9CF0-DB79E49EF755} = {416B5BCB-C791-47BD-9CF0-DB79E49EF755}
		{BD0EB9C4-79F3-4807-8430-7A9AB8EA7865} = {BD0EB9C4-79F3-4807-8430-7A9AB8EA7865}
	EndProjectSection
EndProject
Project("{8BC9CEB8-8B4A-11D0-8D11-00A0C91BC942}") = "xlintstds", "Testing\LIN\xlintstds.vcxproj", "{6FC9FB53-D53D-4BDC-9B7E-DEB524D88301}"
	ProjectSection(ProjectDependencies) = postProject
		{9FAA5849-2A08-4466-B9F4-6115BEFEE4EC} = {9FAA5849-2A08-4466-B9F4-6115BEFEE4EC}
		{416B5BCB-C791-47BD-9CF0-DB79E49EF755} = {416B5BCB-C791-47BD-9CF0-DB79E49EF755}
		{BD0EB9C4-79F3-4807-8430-7A9AB8EA7865} = {BD0EB9C4-79F3-4807-8430-7A9AB8EA7865}
	EndProjectSection
EndProject
Project("{8BC9CEB8-8B4A-11D0-8D11-00A0C91BC942}") = "xlintstrfc", "Testing\LIN\xlintstrfc.vcxproj", "{33E880A9-B955-48B1-9F7E-9C6183892D31}"
	ProjectSection(ProjectDependencies) = postProject
		{9FAA5849-2A08-4466-B9F4-6115BEFEE4EC} = {9FAA5849-2A08-4466-B9F4-6115BEFEE4EC}
		{416B5BCB-C791-47BD-9CF0-DB79E49EF755} = {416B5BCB-C791-47BD-9CF0-DB79E49EF755}
		{BD0EB9C4-79F3-4807-8430-7A9AB8EA7865} = {BD0EB9C4-79F3-4807-8430-7A9AB8EA7865}
	EndProjectSection
EndProject
Project("{8BC9CEB8-8B4A-11D0-8D11-00A0C91BC942}") = "xlintstrfd", "Testing\LIN\xlintstrfd.vcxproj", "{A961BA1D-B957-4F36-891F-AB7D90591C9A}"
	ProjectSection(ProjectDependencies) = postProject
		{9FAA5849-2A08-4466-B9F4-6115BEFEE4EC} = {9FAA5849-2A08-4466-B9F4-6115BEFEE4EC}
		{416B5BCB-C791-47BD-9CF0-DB79E49EF755} = {416B5BCB-C791-47BD-9CF0-DB79E49EF755}
		{BD0EB9C4-79F3-4807-8430-7A9AB8EA7865} = {BD0EB9C4-79F3-4807-8430-7A9AB8EA7865}
	EndProjectSection
EndProject
Project("{8BC9CEB8-8B4A-11D0-8D11-00A0C91BC942}") = "xlintstrfs", "Testing\LIN\xlintstrfs.vcxproj", "{50435161-F44B-497E-9849-4DA76670C9E4}"
	ProjectSection(ProjectDependencies) = postProject
		{9FAA5849-2A08-4466-B9F4-6115BEFEE4EC} = {9FAA5849-2A08-4466-B9F4-6115BEFEE4EC}
		{416B5BCB-C791-47BD-9CF0-DB79E49EF755} = {416B5BCB-C791-47BD-9CF0-DB79E49EF755}
		{BD0EB9C4-79F3-4807-8430-7A9AB8EA7865} = {BD0EB9C4-79F3-4807-8430-7A9AB8EA7865}
	EndProjectSection
EndProject
Project("{8BC9CEB8-8B4A-11D0-8D11-00A0C91BC942}") = "xlintstrfz", "Testing\LIN\xlintstrfz.vcxproj", "{65F9EF93-816B-448E-A073-B185A8553497}"
	ProjectSection(ProjectDependencies) = postProject
		{9FAA5849-2A08-4466-B9F4-6115BEFEE4EC} = {9FAA5849-2A08-4466-B9F4-6115BEFEE4EC}
		{416B5BCB-C791-47BD-9CF0-DB79E49EF755} = {416B5BCB-C791-47BD-9CF0-DB79E49EF755}
		{BD0EB9C4-79F3-4807-8430-7A9AB8EA7865} = {BD0EB9C4-79F3-4807-8430-7A9AB8EA7865}
	EndProjectSection
EndProject
Project("{8BC9CEB8-8B4A-11D0-8D11-00A0C91BC942}") = "xlintsts", "Testing\LIN\xlintsts.vcxproj", "{57BEFE97-E00C-45F0-9585-7B01D7A37FF2}"
	ProjectSection(ProjectDependencies) = postProject
		{9FAA5849-2A08-4466-B9F4-6115BEFEE4EC} = {9FAA5849-2A08-4466-B9F4-6115BEFEE4EC}
		{416B5BCB-C791-47BD-9CF0-DB79E49EF755} = {416B5BCB-C791-47BD-9CF0-DB79E49EF755}
		{BD0EB9C4-79F3-4807-8430-7A9AB8EA7865} = {BD0EB9C4-79F3-4807-8430-7A9AB8EA7865}
	EndProjectSection
EndProject
Project("{8BC9CEB8-8B4A-11D0-8D11-00A0C91BC942}") = "xlintstz", "Testing\LIN\xlintstz.vcxproj", "{1123F724-11CD-474D-A55F-9BEFC447D15B}"
	ProjectSection(ProjectDependencies) = postProject
		{9FAA5849-2A08-4466-B9F4-6115BEFEE4EC} = {9FAA5849-2A08-4466-B9F4-6115BEFEE4EC}
		{416B5BCB-C791-47BD-9CF0-DB79E49EF755} = {416B5BCB-C791-47BD-9CF0-DB79E49EF755}
		{BD0EB9C4-79F3-4807-8430-7A9AB8EA7865} = {BD0EB9C4-79F3-4807-8430-7A9AB8EA7865}
	EndProjectSection
EndProject
Project("{8BC9CEB8-8B4A-11D0-8D11-00A0C91BC942}") = "xlintstzc", "Testing\LIN\xlintstzc.vcxproj", "{376DE43E-7868-486D-AA59-2EEF1C6D8C7E}"
	ProjectSection(ProjectDependencies) = postProject
		{9FAA5849-2A08-4466-B9F4-6115BEFEE4EC} = {9FAA5849-2A08-4466-B9F4-6115BEFEE4EC}
		{416B5BCB-C791-47BD-9CF0-DB79E49EF755} = {416B5BCB-C791-47BD-9CF0-DB79E49EF755}
		{BD0EB9C4-79F3-4807-8430-7A9AB8EA7865} = {BD0EB9C4-79F3-4807-8430-7A9AB8EA7865}
	EndProjectSection
EndProject
Global
	GlobalSection(SolutionConfigurationPlatforms) = preSolution
		Debug|Win32 = Debug|Win32
		Release|Win32 = Release|Win32
		MinSizeRel|Win32 = MinSizeRel|Win32
		RelWithDebInfo|Win32 = RelWithDebInfo|Win32
	EndGlobalSection
	GlobalSection(ProjectConfigurationPlatforms) = postSolution
		{0F1D55DA-5E03-4B0B-A1E4-1622583BBB08}.Debug|Win32.ActiveCfg = Debug|Win32
		{0F1D55DA-5E03-4B0B-A1E4-1622583BBB08}.Debug|Win32.Build.0 = Debug|Win32
		{0F1D55DA-5E03-4B0B-A1E4-1622583BBB08}.Release|Win32.ActiveCfg = Release|Win32
		{0F1D55DA-5E03-4B0B-A1E4-1622583BBB08}.Release|Win32.Build.0 = Release|Win32
		{0F1D55DA-5E03-4B0B-A1E4-1622583BBB08}.MinSizeRel|Win32.ActiveCfg = MinSizeRel|Win32
		{0F1D55DA-5E03-4B0B-A1E4-1622583BBB08}.MinSizeRel|Win32.Build.0 = MinSizeRel|Win32
		{0F1D55DA-5E03-4B0B-A1E4-1622583BBB08}.RelWithDebInfo|Win32.ActiveCfg = RelWithDebInfo|Win32
		{0F1D55DA-5E03-4B0B-A1E4-1622583BBB08}.RelWithDebInfo|Win32.Build.0 = RelWithDebInfo|Win32
		{71DC4BA4-94DD-4580-B1EC-FF19223AD98D}.Debug|Win32.ActiveCfg = Debug|Win32
		{71DC4BA4-94DD-4580-B1EC-FF19223AD98D}.Release|Win32.ActiveCfg = Release|Win32
		{71DC4BA4-94DD-4580-B1EC-FF19223AD98D}.MinSizeRel|Win32.ActiveCfg = MinSizeRel|Win32
		{71DC4BA4-94DD-4580-B1EC-FF19223AD98D}.RelWithDebInfo|Win32.ActiveCfg = RelWithDebInfo|Win32
		{4F529BBA-EAFD-47E3-BF59-23CE137A3CC7}.Debug|Win32.ActiveCfg = Debug|Win32
		{4F529BBA-EAFD-47E3-BF59-23CE137A3CC7}.Release|Win32.ActiveCfg = Release|Win32
		{4F529BBA-EAFD-47E3-BF59-23CE137A3CC7}.MinSizeRel|Win32.ActiveCfg = MinSizeRel|Win32
		{4F529BBA-EAFD-47E3-BF59-23CE137A3CC7}.RelWithDebInfo|Win32.ActiveCfg = RelWithDebInfo|Win32
		{4ABB3CEB-2C96-4A24-A853-A510BB082F5E}.Debug|Win32.ActiveCfg = Debug|Win32
		{4ABB3CEB-2C96-4A24-A853-A510BB082F5E}.Release|Win32.ActiveCfg = Release|Win32
		{4ABB3CEB-2C96-4A24-A853-A510BB082F5E}.MinSizeRel|Win32.ActiveCfg = MinSizeRel|Win32
		{4ABB3CEB-2C96-4A24-A853-A510BB082F5E}.RelWithDebInfo|Win32.ActiveCfg = RelWithDebInfo|Win32
		{F72A03DE-CD2C-4CB1-B652-27531E6B74F5}.Debug|Win32.ActiveCfg = Debug|Win32
		{F72A03DE-CD2C-4CB1-B652-27531E6B74F5}.Release|Win32.ActiveCfg = Release|Win32
		{F72A03DE-CD2C-4CB1-B652-27531E6B74F5}.MinSizeRel|Win32.ActiveCfg = MinSizeRel|Win32
		{F72A03DE-CD2C-4CB1-B652-27531E6B74F5}.RelWithDebInfo|Win32.ActiveCfg = RelWithDebInfo|Win32
		{96E61E78-1ED1-47BA-8877-D620340FAF7E}.Debug|Win32.ActiveCfg = Debug|Win32
		{96E61E78-1ED1-47BA-8877-D620340FAF7E}.Release|Win32.ActiveCfg = Release|Win32
		{96E61E78-1ED1-47BA-8877-D620340FAF7E}.MinSizeRel|Win32.ActiveCfg = MinSizeRel|Win32
		{96E61E78-1ED1-47BA-8877-D620340FAF7E}.RelWithDebInfo|Win32.ActiveCfg = RelWithDebInfo|Win32
		{B3664B69-D6B7-435A-B1E0-75111A383B39}.Debug|Win32.ActiveCfg = Debug|Win32
		{B3664B69-D6B7-435A-B1E0-75111A383B39}.Release|Win32.ActiveCfg = Release|Win32
		{B3664B69-D6B7-435A-B1E0-75111A383B39}.MinSizeRel|Win32.ActiveCfg = MinSizeRel|Win32
		{B3664B69-D6B7-435A-B1E0-75111A383B39}.RelWithDebInfo|Win32.ActiveCfg = RelWithDebInfo|Win32
		{9FAA5849-2A08-4466-B9F4-6115BEFEE4EC}.Debug|Win32.ActiveCfg = Debug|Win32
		{9FAA5849-2A08-4466-B9F4-6115BEFEE4EC}.Debug|Win32.Build.0 = Debug|Win32
		{9FAA5849-2A08-4466-B9F4-6115BEFEE4EC}.Release|Win32.ActiveCfg = Release|Win32
		{9FAA5849-2A08-4466-B9F4-6115BEFEE4EC}.Release|Win32.Build.0 = Release|Win32
		{9FAA5849-2A08-4466-B9F4-6115BEFEE4EC}.MinSizeRel|Win32.ActiveCfg = MinSizeRel|Win32
		{9FAA5849-2A08-4466-B9F4-6115BEFEE4EC}.MinSizeRel|Win32.Build.0 = MinSizeRel|Win32
		{9FAA5849-2A08-4466-B9F4-6115BEFEE4EC}.RelWithDebInfo|Win32.ActiveCfg = RelWithDebInfo|Win32
		{9FAA5849-2A08-4466-B9F4-6115BEFEE4EC}.RelWithDebInfo|Win32.Build.0 = RelWithDebInfo|Win32
		{F48D03AC-11EF-482A-8D63-9D4AB7E3C3B0}.Debug|Win32.ActiveCfg = Debug|Win32
		{F48D03AC-11EF-482A-8D63-9D4AB7E3C3B0}.Debug|Win32.Build.0 = Debug|Win32
		{F48D03AC-11EF-482A-8D63-9D4AB7E3C3B0}.Release|Win32.ActiveCfg = Release|Win32
		{F48D03AC-11EF-482A-8D63-9D4AB7E3C3B0}.Release|Win32.Build.0 = Release|Win32
		{F48D03AC-11EF-482A-8D63-9D4AB7E3C3B0}.MinSizeRel|Win32.ActiveCfg = MinSizeRel|Win32
		{F48D03AC-11EF-482A-8D63-9D4AB7E3C3B0}.MinSizeRel|Win32.Build.0 = MinSizeRel|Win32
		{F48D03AC-11EF-482A-8D63-9D4AB7E3C3B0}.RelWithDebInfo|Win32.ActiveCfg = RelWithDebInfo|Win32
		{F48D03AC-11EF-482A-8D63-9D4AB7E3C3B0}.RelWithDebInfo|Win32.Build.0 = RelWithDebInfo|Win32
		{A43D8E9F-AF91-4935-A9CA-BDE25D537D1B}.Debug|Win32.ActiveCfg = Debug|Win32
		{A43D8E9F-AF91-4935-A9CA-BDE25D537D1B}.Debug|Win32.Build.0 = Debug|Win32
		{A43D8E9F-AF91-4935-A9CA-BDE25D537D1B}.Release|Win32.ActiveCfg = Release|Win32
		{A43D8E9F-AF91-4935-A9CA-BDE25D537D1B}.Release|Win32.Build.0 = Release|Win32
		{A43D8E9F-AF91-4935-A9CA-BDE25D537D1B}.MinSizeRel|Win32.ActiveCfg = MinSizeRel|Win32
		{A43D8E9F-AF91-4935-A9CA-BDE25D537D1B}.MinSizeRel|Win32.Build.0 = MinSizeRel|Win32
		{A43D8E9F-AF91-4935-A9CA-BDE25D537D1B}.RelWithDebInfo|Win32.ActiveCfg = RelWithDebInfo|Win32
		{A43D8E9F-AF91-4935-A9CA-BDE25D537D1B}.RelWithDebInfo|Win32.Build.0 = RelWithDebInfo|Win32
		{42557E16-F73E-4B64-92D1-F3CBB2280D6C}.Debug|Win32.ActiveCfg = Debug|Win32
		{42557E16-F73E-4B64-92D1-F3CBB2280D6C}.Debug|Win32.Build.0 = Debug|Win32
		{42557E16-F73E-4B64-92D1-F3CBB2280D6C}.Release|Win32.ActiveCfg = Release|Win32
		{42557E16-F73E-4B64-92D1-F3CBB2280D6C}.Release|Win32.Build.0 = Release|Win32
		{42557E16-F73E-4B64-92D1-F3CBB2280D6C}.MinSizeRel|Win32.ActiveCfg = MinSizeRel|Win32
		{42557E16-F73E-4B64-92D1-F3CBB2280D6C}.MinSizeRel|Win32.Build.0 = MinSizeRel|Win32
		{42557E16-F73E-4B64-92D1-F3CBB2280D6C}.RelWithDebInfo|Win32.ActiveCfg = RelWithDebInfo|Win32
		{42557E16-F73E-4B64-92D1-F3CBB2280D6C}.RelWithDebInfo|Win32.Build.0 = RelWithDebInfo|Win32
		{416B5BCB-C791-47BD-9CF0-DB79E49EF755}.Debug|Win32.ActiveCfg = Debug|Win32
		{416B5BCB-C791-47BD-9CF0-DB79E49EF755}.Debug|Win32.Build.0 = Debug|Win32
		{416B5BCB-C791-47BD-9CF0-DB79E49EF755}.Release|Win32.ActiveCfg = Release|Win32
		{416B5BCB-C791-47BD-9CF0-DB79E49EF755}.Release|Win32.Build.0 = Release|Win32
		{416B5BCB-C791-47BD-9CF0-DB79E49EF755}.MinSizeRel|Win32.ActiveCfg = MinSizeRel|Win32
		{416B5BCB-C791-47BD-9CF0-DB79E49EF755}.MinSizeRel|Win32.Build.0 = MinSizeRel|Win32
		{416B5BCB-C791-47BD-9CF0-DB79E49EF755}.RelWithDebInfo|Win32.ActiveCfg = RelWithDebInfo|Win32
		{416B5BCB-C791-47BD-9CF0-DB79E49EF755}.RelWithDebInfo|Win32.Build.0 = RelWithDebInfo|Win32
		{BD0EB9C4-79F3-4807-8430-7A9AB8EA7865}.Debug|Win32.ActiveCfg = Debug|Win32
		{BD0EB9C4-79F3-4807-8430-7A9AB8EA7865}.Debug|Win32.Build.0 = Debug|Win32
		{BD0EB9C4-79F3-4807-8430-7A9AB8EA7865}.Release|Win32.ActiveCfg = Release|Win32
		{BD0EB9C4-79F3-4807-8430-7A9AB8EA7865}.Release|Win32.Build.0 = Release|Win32
		{BD0EB9C4-79F3-4807-8430-7A9AB8EA7865}.MinSizeRel|Win32.ActiveCfg = MinSizeRel|Win32
		{BD0EB9C4-79F3-4807-8430-7A9AB8EA7865}.MinSizeRel|Win32.Build.0 = MinSizeRel|Win32
		{BD0EB9C4-79F3-4807-8430-7A9AB8EA7865}.RelWithDebInfo|Win32.ActiveCfg = RelWithDebInfo|Win32
		{BD0EB9C4-79F3-4807-8430-7A9AB8EA7865}.RelWithDebInfo|Win32.Build.0 = RelWithDebInfo|Win32
		{1973B831-AD8C-46CC-97C6-75F2BB569204}.Debug|Win32.ActiveCfg = Debug|Win32
		{1973B831-AD8C-46CC-97C6-75F2BB569204}.Debug|Win32.Build.0 = Debug|Win32
		{1973B831-AD8C-46CC-97C6-75F2BB569204}.Release|Win32.ActiveCfg = Release|Win32
		{1973B831-AD8C-46CC-97C6-75F2BB569204}.Release|Win32.Build.0 = Release|Win32
		{1973B831-AD8C-46CC-97C6-75F2BB569204}.MinSizeRel|Win32.ActiveCfg = MinSizeRel|Win32
		{1973B831-AD8C-46CC-97C6-75F2BB569204}.MinSizeRel|Win32.Build.0 = MinSizeRel|Win32
		{1973B831-AD8C-46CC-97C6-75F2BB569204}.RelWithDebInfo|Win32.ActiveCfg = RelWithDebInfo|Win32
		{1973B831-AD8C-46CC-97C6-75F2BB569204}.RelWithDebInfo|Win32.Build.0 = RelWithDebInfo|Win32
		{46C74401-5D0E-4522-B507-9E69BD00720E}.Debug|Win32.ActiveCfg = Debug|Win32
		{46C74401-5D0E-4522-B507-9E69BD00720E}.Debug|Win32.Build.0 = Debug|Win32
		{46C74401-5D0E-4522-B507-9E69BD00720E}.Release|Win32.ActiveCfg = Release|Win32
		{46C74401-5D0E-4522-B507-9E69BD00720E}.Release|Win32.Build.0 = Release|Win32
		{46C74401-5D0E-4522-B507-9E69BD00720E}.MinSizeRel|Win32.ActiveCfg = MinSizeRel|Win32
		{46C74401-5D0E-4522-B507-9E69BD00720E}.MinSizeRel|Win32.Build.0 = MinSizeRel|Win32
		{46C74401-5D0E-4522-B507-9E69BD00720E}.RelWithDebInfo|Win32.ActiveCfg = RelWithDebInfo|Win32
		{46C74401-5D0E-4522-B507-9E69BD00720E}.RelWithDebInfo|Win32.Build.0 = RelWithDebInfo|Win32
		{D93852AE-2119-43C0-BA9B-35C99904CEC6}.Debug|Win32.ActiveCfg = Debug|Win32
		{D93852AE-2119-43C0-BA9B-35C99904CEC6}.Debug|Win32.Build.0 = Debug|Win32
		{D93852AE-2119-43C0-BA9B-35C99904CEC6}.Release|Win32.ActiveCfg = Release|Win32
		{D93852AE-2119-43C0-BA9B-35C99904CEC6}.Release|Win32.Build.0 = Release|Win32
		{D93852AE-2119-43C0-BA9B-35C99904CEC6}.MinSizeRel|Win32.ActiveCfg = MinSizeRel|Win32
		{D93852AE-2119-43C0-BA9B-35C99904CEC6}.MinSizeRel|Win32.Build.0 = MinSizeRel|Win32
		{D93852AE-2119-43C0-BA9B-35C99904CEC6}.RelWithDebInfo|Win32.ActiveCfg = RelWithDebInfo|Win32
		{D93852AE-2119-43C0-BA9B-35C99904CEC6}.RelWithDebInfo|Win32.Build.0 = RelWithDebInfo|Win32
		{1A6BA855-5873-480D-8CCC-C191AA034726}.Debug|Win32.ActiveCfg = Debug|Win32
		{1A6BA855-5873-480D-8CCC-C191AA034726}.Debug|Win32.Build.0 = Debug|Win32
		{1A6BA855-5873-480D-8CCC-C191AA034726}.Release|Win32.ActiveCfg = Release|Win32
		{1A6BA855-5873-480D-8CCC-C191AA034726}.Release|Win32.Build.0 = Release|Win32
		{1A6BA855-5873-480D-8CCC-C191AA034726}.MinSizeRel|Win32.ActiveCfg = MinSizeRel|Win32
		{1A6BA855-5873-480D-8CCC-C191AA034726}.MinSizeRel|Win32.Build.0 = MinSizeRel|Win32
		{1A6BA855-5873-480D-8CCC-C191AA034726}.RelWithDebInfo|Win32.ActiveCfg = RelWithDebInfo|Win32
		{1A6BA855-5873-480D-8CCC-C191AA034726}.RelWithDebInfo|Win32.Build.0 = RelWithDebInfo|Win32
		{6A324D15-3416-4912-A353-55A07AA2B9CD}.Debug|Win32.ActiveCfg = Debug|Win32
		{6A324D15-3416-4912-A353-55A07AA2B9CD}.Debug|Win32.Build.0 = Debug|Win32
		{6A324D15-3416-4912-A353-55A07AA2B9CD}.Release|Win32.ActiveCfg = Release|Win32
		{6A324D15-3416-4912-A353-55A07AA2B9CD}.Release|Win32.Build.0 = Release|Win32
		{6A324D15-3416-4912-A353-55A07AA2B9CD}.MinSizeRel|Win32.ActiveCfg = MinSizeRel|Win32
		{6A324D15-3416-4912-A353-55A07AA2B9CD}.MinSizeRel|Win32.Build.0 = MinSizeRel|Win32
		{6A324D15-3416-4912-A353-55A07AA2B9CD}.RelWithDebInfo|Win32.ActiveCfg = RelWithDebInfo|Win32
		{6A324D15-3416-4912-A353-55A07AA2B9CD}.RelWithDebInfo|Win32.Build.0 = RelWithDebInfo|Win32
		{DAF73704-1D6B-40AD-B46B-7F3193D80E0C}.Debug|Win32.ActiveCfg = Debug|Win32
		{DAF73704-1D6B-40AD-B46B-7F3193D80E0C}.Debug|Win32.Build.0 = Debug|Win32
		{DAF73704-1D6B-40AD-B46B-7F3193D80E0C}.Release|Win32.ActiveCfg = Release|Win32
		{DAF73704-1D6B-40AD-B46B-7F3193D80E0C}.Release|Win32.Build.0 = Release|Win32
		{DAF73704-1D6B-40AD-B46B-7F3193D80E0C}.MinSizeRel|Win32.ActiveCfg = MinSizeRel|Win32
		{DAF73704-1D6B-40AD-B46B-7F3193D80E0C}.MinSizeRel|Win32.Build.0 = MinSizeRel|Win32
		{DAF73704-1D6B-40AD-B46B-7F3193D80E0C}.RelWithDebInfo|Win32.ActiveCfg = RelWithDebInfo|Win32
		{DAF73704-1D6B-40AD-B46B-7F3193D80E0C}.RelWithDebInfo|Win32.Build.0 = RelWithDebInfo|Win32
		{F7670318-976A-4708-853E-CBBC15F5D88C}.Debug|Win32.ActiveCfg = Debug|Win32
		{F7670318-976A-4708-853E-CBBC15F5D88C}.Debug|Win32.Build.0 = Debug|Win32
		{F7670318-976A-4708-853E-CBBC15F5D88C}.Release|Win32.ActiveCfg = Release|Win32
		{F7670318-976A-4708-853E-CBBC15F5D88C}.Release|Win32.Build.0 = Release|Win32
		{F7670318-976A-4708-853E-CBBC15F5D88C}.MinSizeRel|Win32.ActiveCfg = MinSizeRel|Win32
		{F7670318-976A-4708-853E-CBBC15F5D88C}.MinSizeRel|Win32.Build.0 = MinSizeRel|Win32
		{F7670318-976A-4708-853E-CBBC15F5D88C}.RelWithDebInfo|Win32.ActiveCfg = RelWithDebInfo|Win32
		{F7670318-976A-4708-853E-CBBC15F5D88C}.RelWithDebInfo|Win32.Build.0 = RelWithDebInfo|Win32
		{0727B915-F972-4E44-9EB8-79E3530C4CFD}.Debug|Win32.ActiveCfg = Debug|Win32
		{0727B915-F972-4E44-9EB8-79E3530C4CFD}.Debug|Win32.Build.0 = Debug|Win32
		{0727B915-F972-4E44-9EB8-79E3530C4CFD}.Release|Win32.ActiveCfg = Release|Win32
		{0727B915-F972-4E44-9EB8-79E3530C4CFD}.Release|Win32.Build.0 = Release|Win32
		{0727B915-F972-4E44-9EB8-79E3530C4CFD}.MinSizeRel|Win32.ActiveCfg = MinSizeRel|Win32
		{0727B915-F972-4E44-9EB8-79E3530C4CFD}.MinSizeRel|Win32.Build.0 = MinSizeRel|Win32
		{0727B915-F972-4E44-9EB8-79E3530C4CFD}.RelWithDebInfo|Win32.ActiveCfg = RelWithDebInfo|Win32
		{0727B915-F972-4E44-9EB8-79E3530C4CFD}.RelWithDebInfo|Win32.Build.0 = RelWithDebInfo|Win32
		{68498812-B170-4AE8-85B0-5A333D136E75}.Debug|Win32.ActiveCfg = Debug|Win32
		{68498812-B170-4AE8-85B0-5A333D136E75}.Debug|Win32.Build.0 = Debug|Win32
		{68498812-B170-4AE8-85B0-5A333D136E75}.Release|Win32.ActiveCfg = Release|Win32
		{68498812-B170-4AE8-85B0-5A333D136E75}.Release|Win32.Build.0 = Release|Win32
		{68498812-B170-4AE8-85B0-5A333D136E75}.MinSizeRel|Win32.ActiveCfg = MinSizeRel|Win32
		{68498812-B170-4AE8-85B0-5A333D136E75}.MinSizeRel|Win32.Build.0 = MinSizeRel|Win32
		{68498812-B170-4AE8-85B0-5A333D136E75}.RelWithDebInfo|Win32.ActiveCfg = RelWithDebInfo|Win32
		{68498812-B170-4AE8-85B0-5A333D136E75}.RelWithDebInfo|Win32.Build.0 = RelWithDebInfo|Win32
		{663CF7E1-ED1C-4A93-A1C8-C2DA4810BE64}.Debug|Win32.ActiveCfg = Debug|Win32
		{663CF7E1-ED1C-4A93-A1C8-C2DA4810BE64}.Debug|Win32.Build.0 = Debug|Win32
		{663CF7E1-ED1C-4A93-A1C8-C2DA4810BE64}.Release|Win32.ActiveCfg = Release|Win32
		{663CF7E1-ED1C-4A93-A1C8-C2DA4810BE64}.Release|Win32.Build.0 = Release|Win32
		{663CF7E1-ED1C-4A93-A1C8-C2DA4810BE64}.MinSizeRel|Win32.ActiveCfg = MinSizeRel|Win32
		{663CF7E1-ED1C-4A93-A1C8-C2DA4810BE64}.MinSizeRel|Win32.Build.0 = MinSizeRel|Win32
		{663CF7E1-ED1C-4A93-A1C8-C2DA4810BE64}.RelWithDebInfo|Win32.ActiveCfg = RelWithDebInfo|Win32
		{663CF7E1-ED1C-4A93-A1C8-C2DA4810BE64}.RelWithDebInfo|Win32.Build.0 = RelWithDebInfo|Win32
		{E5D023F3-B47C-453B-BFBD-AC03FA874211}.Debug|Win32.ActiveCfg = Debug|Win32
		{E5D023F3-B47C-453B-BFBD-AC03FA874211}.Debug|Win32.Build.0 = Debug|Win32
		{E5D023F3-B47C-453B-BFBD-AC03FA874211}.Release|Win32.ActiveCfg = Release|Win32
		{E5D023F3-B47C-453B-BFBD-AC03FA874211}.Release|Win32.Build.0 = Release|Win32
		{E5D023F3-B47C-453B-BFBD-AC03FA874211}.MinSizeRel|Win32.ActiveCfg = MinSizeRel|Win32
		{E5D023F3-B47C-453B-BFBD-AC03FA874211}.MinSizeRel|Win32.Build.0 = MinSizeRel|Win32
		{E5D023F3-B47C-453B-BFBD-AC03FA874211}.RelWithDebInfo|Win32.ActiveCfg = RelWithDebInfo|Win32
		{E5D023F3-B47C-453B-BFBD-AC03FA874211}.RelWithDebInfo|Win32.Build.0 = RelWithDebInfo|Win32
		{93DCA081-2A8B-4E43-AEB8-89D092984F0C}.Debug|Win32.ActiveCfg = Debug|Win32
		{93DCA081-2A8B-4E43-AEB8-89D092984F0C}.Debug|Win32.Build.0 = Debug|Win32
		{93DCA081-2A8B-4E43-AEB8-89D092984F0C}.Release|Win32.ActiveCfg = Release|Win32
		{93DCA081-2A8B-4E43-AEB8-89D092984F0C}.Release|Win32.Build.0 = Release|Win32
		{93DCA081-2A8B-4E43-AEB8-89D092984F0C}.MinSizeRel|Win32.ActiveCfg = MinSizeRel|Win32
		{93DCA081-2A8B-4E43-AEB8-89D092984F0C}.MinSizeRel|Win32.Build.0 = MinSizeRel|Win32
		{93DCA081-2A8B-4E43-AEB8-89D092984F0C}.RelWithDebInfo|Win32.ActiveCfg = RelWithDebInfo|Win32
		{93DCA081-2A8B-4E43-AEB8-89D092984F0C}.RelWithDebInfo|Win32.Build.0 = RelWithDebInfo|Win32
		{B0836C10-7699-4ACC-863F-B3D75900D4F8}.Debug|Win32.ActiveCfg = Debug|Win32
		{B0836C10-7699-4ACC-863F-B3D75900D4F8}.Debug|Win32.Build.0 = Debug|Win32
		{B0836C10-7699-4ACC-863F-B3D75900D4F8}.Release|Win32.ActiveCfg = Release|Win32
		{B0836C10-7699-4ACC-863F-B3D75900D4F8}.Release|Win32.Build.0 = Release|Win32
		{B0836C10-7699-4ACC-863F-B3D75900D4F8}.MinSizeRel|Win32.ActiveCfg = MinSizeRel|Win32
		{B0836C10-7699-4ACC-863F-B3D75900D4F8}.MinSizeRel|Win32.Build.0 = MinSizeRel|Win32
		{B0836C10-7699-4ACC-863F-B3D75900D4F8}.RelWithDebInfo|Win32.ActiveCfg = RelWithDebInfo|Win32
		{B0836C10-7699-4ACC-863F-B3D75900D4F8}.RelWithDebInfo|Win32.Build.0 = RelWithDebInfo|Win32
		{FC51C680-6ED1-4228-97E4-C11E7AE8709E}.Debug|Win32.ActiveCfg = Debug|Win32
		{FC51C680-6ED1-4228-97E4-C11E7AE8709E}.Debug|Win32.Build.0 = Debug|Win32
		{FC51C680-6ED1-4228-97E4-C11E7AE8709E}.Release|Win32.ActiveCfg = Release|Win32
		{FC51C680-6ED1-4228-97E4-C11E7AE8709E}.Release|Win32.Build.0 = Release|Win32
		{FC51C680-6ED1-4228-97E4-C11E7AE8709E}.MinSizeRel|Win32.ActiveCfg = MinSizeRel|Win32
		{FC51C680-6ED1-4228-97E4-C11E7AE8709E}.MinSizeRel|Win32.Build.0 = MinSizeRel|Win32
		{FC51C680-6ED1-4228-97E4-C11E7AE8709E}.RelWithDebInfo|Win32.ActiveCfg = RelWithDebInfo|Win32
		{FC51C680-6ED1-4228-97E4-C11E7AE8709E}.RelWithDebInfo|Win32.Build.0 = RelWithDebInfo|Win32
		{E6696449-481E-4B94-A977-F50C76C8673A}.Debug|Win32.ActiveCfg = Debug|Win32
		{E6696449-481E-4B94-A977-F50C76C8673A}.Debug|Win32.Build.0 = Debug|Win32
		{E6696449-481E-4B94-A977-F50C76C8673A}.Release|Win32.ActiveCfg = Release|Win32
		{E6696449-481E-4B94-A977-F50C76C8673A}.Release|Win32.Build.0 = Release|Win32
		{E6696449-481E-4B94-A977-F50C76C8673A}.MinSizeRel|Win32.ActiveCfg = MinSizeRel|Win32
		{E6696449-481E-4B94-A977-F50C76C8673A}.MinSizeRel|Win32.Build.0 = MinSizeRel|Win32
		{E6696449-481E-4B94-A977-F50C76C8673A}.RelWithDebInfo|Win32.ActiveCfg = RelWithDebInfo|Win32
		{E6696449-481E-4B94-A977-F50C76C8673A}.RelWithDebInfo|Win32.Build.0 = RelWithDebInfo|Win32
		{38F99EDB-15C2-47AC-964D-2A75B3E5890A}.Debug|Win32.ActiveCfg = Debug|Win32
		{38F99EDB-15C2-47AC-964D-2A75B3E5890A}.Debug|Win32.Build.0 = Debug|Win32
		{38F99EDB-15C2-47AC-964D-2A75B3E5890A}.Release|Win32.ActiveCfg = Release|Win32
		{38F99EDB-15C2-47AC-964D-2A75B3E5890A}.Release|Win32.Build.0 = Release|Win32
		{38F99EDB-15C2-47AC-964D-2A75B3E5890A}.MinSizeRel|Win32.ActiveCfg = MinSizeRel|Win32
		{38F99EDB-15C2-47AC-964D-2A75B3E5890A}.MinSizeRel|Win32.Build.0 = MinSizeRel|Win32
		{38F99EDB-15C2-47AC-964D-2A75B3E5890A}.RelWithDebInfo|Win32.ActiveCfg = RelWithDebInfo|Win32
		{38F99EDB-15C2-47AC-964D-2A75B3E5890A}.RelWithDebInfo|Win32.Build.0 = RelWithDebInfo|Win32
		{FA55127D-CD5C-4EC9-8887-E34ED93DA99C}.Debug|Win32.ActiveCfg = Debug|Win32
		{FA55127D-CD5C-4EC9-8887-E34ED93DA99C}.Debug|Win32.Build.0 = Debug|Win32
		{FA55127D-CD5C-4EC9-8887-E34ED93DA99C}.Release|Win32.ActiveCfg = Release|Win32
		{FA55127D-CD5C-4EC9-8887-E34ED93DA99C}.Release|Win32.Build.0 = Release|Win32
		{FA55127D-CD5C-4EC9-8887-E34ED93DA99C}.MinSizeRel|Win32.ActiveCfg = MinSizeRel|Win32
		{FA55127D-CD5C-4EC9-8887-E34ED93DA99C}.MinSizeRel|Win32.Build.0 = MinSizeRel|Win32
		{FA55127D-CD5C-4EC9-8887-E34ED93DA99C}.RelWithDebInfo|Win32.ActiveCfg = RelWithDebInfo|Win32
		{FA55127D-CD5C-4EC9-8887-E34ED93DA99C}.RelWithDebInfo|Win32.Build.0 = RelWithDebInfo|Win32
		{BDA2A8C7-E213-4A4B-A487-7AB3284DC7FD}.Debug|Win32.ActiveCfg = Debug|Win32
		{BDA2A8C7-E213-4A4B-A487-7AB3284DC7FD}.Debug|Win32.Build.0 = Debug|Win32
		{BDA2A8C7-E213-4A4B-A487-7AB3284DC7FD}.Release|Win32.ActiveCfg = Release|Win32
		{BDA2A8C7-E213-4A4B-A487-7AB3284DC7FD}.Release|Win32.Build.0 = Release|Win32
		{BDA2A8C7-E213-4A4B-A487-7AB3284DC7FD}.MinSizeRel|Win32.ActiveCfg = MinSizeRel|Win32
		{BDA2A8C7-E213-4A4B-A487-7AB3284DC7FD}.MinSizeRel|Win32.Build.0 = MinSizeRel|Win32
		{BDA2A8C7-E213-4A4B-A487-7AB3284DC7FD}.RelWithDebInfo|Win32.ActiveCfg = RelWithDebInfo|Win32
		{BDA2A8C7-E213-4A4B-A487-7AB3284DC7FD}.RelWithDebInfo|Win32.Build.0 = RelWithDebInfo|Win32
		{6FC9FB53-D53D-4BDC-9B7E-DEB524D88301}.Debug|Win32.ActiveCfg = Debug|Win32
		{6FC9FB53-D53D-4BDC-9B7E-DEB524D88301}.Debug|Win32.Build.0 = Debug|Win32
		{6FC9FB53-D53D-4BDC-9B7E-DEB524D88301}.Release|Win32.ActiveCfg = Release|Win32
		{6FC9FB53-D53D-4BDC-9B7E-DEB524D88301}.Release|Win32.Build.0 = Release|Win32
		{6FC9FB53-D53D-4BDC-9B7E-DEB524D88301}.MinSizeRel|Win32.ActiveCfg = MinSizeRel|Win32
		{6FC9FB53-D53D-4BDC-9B7E-DEB524D88301}.MinSizeRel|Win32.Build.0 = MinSizeRel|Win32
		{6FC9FB53-D53D-4BDC-9B7E-DEB524D88301}.RelWithDebInfo|Win32.ActiveCfg = RelWithDebInfo|Win32
		{6FC9FB53-D53D-4BDC-9B7E-DEB524D88301}.RelWithDebInfo|Win32.Build.0 = RelWithDebInfo|Win32
		{33E880A9-B955-48B1-9F7E-9C6183892D31}.Debug|Win32.ActiveCfg = Debug|Win32
		{33E880A9-B955-48B1-9F7E-9C6183892D31}.Debug|Win32.Build.0 = Debug|Win32
		{33E880A9-B955-48B1-9F7E-9C6183892D31}.Release|Win32.ActiveCfg = Release|Win32
		{33E880A9-B955-48B1-9F7E-9C6183892D31}.Release|Win32.Build.0 = Release|Win32
		{33E880A9-B955-48B1-9F7E-9C6183892D31}.MinSizeRel|Win32.ActiveCfg = MinSizeRel|Win32
		{33E880A9-B955-48B1-9F7E-9C6183892D31}.MinSizeRel|Win32.Build.0 = MinSizeRel|Win32
		{33E880A9-B955-48B1-9F7E-9C6183892D31}.RelWithDebInfo|Win32.ActiveCfg = RelWithDebInfo|Win32
		{33E880A9-B955-48B1-9F7E-9C6183892D31}.RelWithDebInfo|Win32.Build.0 = RelWithDebInfo|Win32
		{A961BA1D-B957-4F36-891F-AB7D90591C9A}.Debug|Win32.ActiveCfg = Debug|Win32
		{A961BA1D-B957-4F36-891F-AB7D90591C9A}.Debug|Win32.Build.0 = Debug|Win32
		{A961BA1D-B957-4F36-891F-AB7D90591C9A}.Release|Win32.ActiveCfg = Release|Win32
		{A961BA1D-B957-4F36-891F-AB7D90591C9A}.Release|Win32.Build.0 = Release|Win32
		{A961BA1D-B957-4F36-891F-AB7D90591C9A}.MinSizeRel|Win32.ActiveCfg = MinSizeRel|Win32
		{A961BA1D-B957-4F36-891F-AB7D90591C9A}.MinSizeRel|Win32.Build.0 = MinSizeRel|Win32
		{A961BA1D-B957-4F36-891F-AB7D90591C9A}.RelWithDebInfo|Win32.ActiveCfg = RelWithDebInfo|Win32
		{A961BA1D-B957-4F36-891F-AB7D90591C9A}.RelWithDebInfo|Win32.Build.0 = RelWithDebInfo|Win32
		{50435161-F44B-497E-9849-4DA76670C9E4}.Debug|Win32.ActiveCfg = Debug|Win32
		{50435161-F44B-497E-9849-4DA76670C9E4}.Debug|Win32.Build.0 = Debug|Win32
		{50435161-F44B-497E-9849-4DA76670C9E4}.Release|Win32.ActiveCfg = Release|Win32
		{50435161-F44B-497E-9849-4DA76670C9E4}.Release|Win32.Build.0 = Release|Win32
		{50435161-F44B-497E-9849-4DA76670C9E4}.MinSizeRel|Win32.ActiveCfg = MinSizeRel|Win32
		{50435161-F44B-497E-9849-4DA76670C9E4}.MinSizeRel|Win32.Build.0 = MinSizeRel|Win32
		{50435161-F44B-497E-9849-4DA76670C9E4}.RelWithDebInfo|Win32.ActiveCfg = RelWithDebInfo|Win32
		{50435161-F44B-497E-9849-4DA76670C9E4}.RelWithDebInfo|Win32.Build.0 = RelWithDebInfo|Win32
		{65F9EF93-816B-448E-A073-B185A8553497}.Debug|Win32.ActiveCfg = Debug|Win32
		{65F9EF93-816B-448E-A073-B185A8553497}.Debug|Win32.Build.0 = Debug|Win32
		{65F9EF93-816B-448E-A073-B185A8553497}.Release|Win32.ActiveCfg = Release|Win32
		{65F9EF93-816B-448E-A073-B185A8553497}.Release|Win32.Build.0 = Release|Win32
		{65F9EF93-816B-448E-A073-B185A8553497}.MinSizeRel|Win32.ActiveCfg = MinSizeRel|Win32
		{65F9EF93-816B-448E-A073-B185A8553497}.MinSizeRel|Win32.Build.0 = MinSizeRel|Win32
		{65F9EF93-816B-448E-A073-B185A8553497}.RelWithDebInfo|Win32.ActiveCfg = RelWithDebInfo|Win32
		{65F9EF93-816B-448E-A073-B185A8553497}.RelWithDebInfo|Win32.Build.0 = RelWithDebInfo|Win32
		{57BEFE97-E00C-45F0-9585-7B01D7A37FF2}.Debug|Win32.ActiveCfg = Debug|Win32
		{57BEFE97-E00C-45F0-9585-7B01D7A37FF2}.Debug|Win32.Build.0 = Debug|Win32
		{57BEFE97-E00C-45F0-9585-7B01D7A37FF2}.Release|Win32.ActiveCfg = Release|Win32
		{57BEFE97-E00C-45F0-9585-7B01D7A37FF2}.Release|Win32.Build.0 = Release|Win32
		{57BEFE97-E00C-45F0-9585-7B01D7A37FF2}.MinSizeRel|Win32.ActiveCfg = MinSizeRel|Win32
		{57BEFE97-E00C-45F0-9585-7B01D7A37FF2}.MinSizeRel|Win32.Build.0 = MinSizeRel|Win32
		{57BEFE97-E00C-45F0-9585-7B01D7A37FF2}.RelWithDebInfo|Win32.ActiveCfg = RelWithDebInfo|Win32
		{57BEFE97-E00C-45F0-9585-7B01D7A37FF2}.RelWithDebInfo|Win32.Build.0 = RelWithDebInfo|Win32
		{1123F724-11CD-474D-A55F-9BEFC447D15B}.Debug|Win32.ActiveCfg = Debug|Win32
		{1123F724-11CD-474D-A55F-9BEFC447D15B}.Debug|Win32.Build.0 = Debug|Win32
		{1123F724-11CD-474D-A55F-9BEFC447D15B}.Release|Win32.ActiveCfg = Release|Win32
		{1123F724-11CD-474D-A55F-9BEFC447D15B}.Release|Win32.Build.0 = Release|Win32
		{1123F724-11CD-474D-A55F-9BEFC447D15B}.MinSizeRel|Win32.ActiveCfg = MinSizeRel|Win32
		{1123F724-11CD-474D-A55F-9BEFC447D15B}.MinSizeRel|Win32.Build.0 = MinSizeRel|Win32
		{1123F724-11CD-474D-A55F-9BEFC447D15B}.RelWithDebInfo|Win32.ActiveCfg = RelWithDebInfo|Win32
		{1123F724-11CD-474D-A55F-9BEFC447D15B}.RelWithDebInfo|Win32.Build.0 = RelWithDebInfo|Win32
		{376DE43E-7868-486D-AA59-2EEF1C6D8C7E}.Debug|Win32.ActiveCfg = Debug|Win32
		{376DE43E-7868-486D-AA59-2EEF1C6D8C7E}.Debug|Win32.Build.0 = Debug|Win32
		{376DE43E-7868-486D-AA59-2EEF1C6D8C7E}.Release|Win32.ActiveCfg = Release|Win32
		{376DE43E-7868-486D-AA59-2EEF1C6D8C7E}.Release|Win32.Build.0 = Release|Win32
		{376DE43E-7868-486D-AA59-2EEF1C6D8C7E}.MinSizeRel|Win32.ActiveCfg = MinSizeRel|Win32
		{376DE43E-7868-486D-AA59-2EEF1C6D8C7E}.MinSizeRel|Win32.Build.0 = MinSizeRel|Win32
		{376DE43E-7868-486D-AA59-2EEF1C6D8C7E}.RelWithDebInfo|Win32.ActiveCfg = RelWithDebInfo|Win32
		{376DE43E-7868-486D-AA59-2EEF1C6D8C7E}.RelWithDebInfo|Win32.Build.0 = RelWithDebInfo|Win32
	EndGlobalSection
	GlobalSection(ExtensibilityGlobals) = postSolution
	EndGlobalSection
	GlobalSection(ExtensibilityAddIns) = postSolution
	EndGlobalSection
EndGlobal
