Microsoft Visual Studio Solution File, Format Version 11.00
# Visual Studio 2010
Project("{8BC9CEB8-8B4A-11D0-8D11-00A0C91BC942}") = "ALL_BUILD", "ALL_BUILD.vcxproj", "{92D159DB-2927-4E70-95B5-6267464DAD69}"
	ProjectSection(ProjectDependencies) = postProject
		{0FFCA836-391C-413A-9920-73D99A4C2D79} = {0FFCA836-391C-413A-9920-73D99A4C2D79}
		{BA2AD407-ED13-4E70-B55A-C41F126E06E8} = {BA2AD407-ED13-4E70-B55A-C41F126E06E8}
		{2C915CF5-A631-40EC-8A14-B3815C198578} = {2C915CF5-A631-40EC-8A14-B3815C198578}
		{2E83DB90-EBD2-4C8A-8EFB-9EF7590059AF} = {2E83DB90-EBD2-4C8A-8EFB-9EF7590059AF}
		{9B3E0936-061E-48C2-BD2C-EC6D74ED679D} = {9B3E0936-061E-48C2-BD2C-EC6D74ED679D}
		{5AA09672-F815-449B-A6E5-7B94DBBE2F19} = {5AA09672-F815-449B-A6E5-7B94DBBE2F19}
		{1ABCF2CC-FBBD-470D-9835-63B5189F9906} = {1ABCF2CC-FBBD-470D-9835-63B5189F9906}
		{0BB2EF5D-8C66-4261-9BA3-C27E306164C2} = {0BB2EF5D-8C66-4261-9BA3-C27E306164C2}
		{A563BA04-1E4A-4AE9-8D0C-E1902E4949D5} = {A563BA04-1E4A-4AE9-8D0C-E1902E4949D5}
		{1AAE4C3A-BE64-473E-89AE-188D90124BAB} = {1AAE4C3A-BE64-473E-89AE-188D90124BAB}
		{AA122247-AFA3-4B36-8212-DF41FD9CAFDC} = {AA122247-AFA3-4B36-8212-DF41FD9CAFDC}
		{CEBDCC54-E753-4F06-BC4E-7F097978D907} = {CEBDCC54-E753-4F06-BC4E-7F097978D907}
		{93FF0745-0F31-4215-8ACA-1E269E9209FE} = {93FF0745-0F31-4215-8ACA-1E269E9209FE}
		{B601AC14-143B-41D9-A7EC-FA26D841D144} = {B601AC14-143B-41D9-A7EC-FA26D841D144}
		{4502E594-E7AC-487C-8912-853BB22923C0} = {4502E594-E7AC-487C-8912-853BB22923C0}
		{73F26D8E-7E4E-4BFF-94D6-A60AD13CE5F6} = {73F26D8E-7E4E-4BFF-94D6-A60AD13CE5F6}
		{F6B43967-8DE8-421E-85ED-789097F9B163} = {F6B43967-8DE8-421E-85ED-789097F9B163}
		{58D728F7-3C31-4FEE-8595-3B0881E7ACF0} = {58D728F7-3C31-4FEE-8595-3B0881E7ACF0}
		{4F9CDAF8-2515-46F9-AA79-D2E508FCE999} = {4F9CDAF8-2515-46F9-AA79-D2E508FCE999}
		{339747CE-3500-4566-B221-3D89FBC51D55} = {339747CE-3500-4566-B221-3D89FBC51D55}
		{786961BA-FDBC-414E-9BE9-6C40819704B8} = {786961BA-FDBC-414E-9BE9-6C40819704B8}
		{78D043C7-7080-4E22-93BE-3B6BC90C0BF9} = {78D043C7-7080-4E22-93BE-3B6BC90C0BF9}
		{CB34B94F-657F-438E-BDE2-8EE797A0F175} = {CB34B94F-657F-438E-BDE2-8EE797A0F175}
		{8E3B8B60-CC06-4B03-9939-A729E12F7254} = {8E3B8B60-CC06-4B03-9939-A729E12F7254}
		{AE331D61-1114-49E5-81F9-CAD7A47367BE} = {AE331D61-1114-49E5-81F9-CAD7A47367BE}
		{43C6EE61-78C7-4007-B256-54D580901742} = {43C6EE61-78C7-4007-B256-54D580901742}
		{3EA293E8-8DD2-4F4A-99E5-A90F2951EA1B} = {3EA293E8-8DD2-4F4A-99E5-A90F2951EA1B}
		{08984405-224F-4820-9A6D-9A23D556A63E} = {08984405-224F-4820-9A6D-9A23D556A63E}
		{49AA8DD8-62BE-44C1-ACB0-E41B2649FB4D} = {49AA8DD8-62BE-44C1-ACB0-E41B2649FB4D}
		{86A84B79-ADC9-483C-A54B-1E0241836EA0} = {86A84B79-ADC9-483C-A54B-1E0241836EA0}
		{9BC0B71C-8C5B-417A-A46D-39F61EF7602E} = {9BC0B71C-8C5B-417A-A46D-39F61EF7602E}
		{10BF36E4-C073-4C99-AE8B-7ADE59C4E275} = {10BF36E4-C073-4C99-AE8B-7ADE59C4E275}
	EndProjectSection
EndProject
Project("{8BC9CEB8-8B4A-11D0-8D11-00A0C91BC942}") = "PACKAGE", "PACKAGE.vcxproj", "{0945387A-45BA-431D-B1ED-52551031B887}"
	ProjectSection(ProjectDependencies) = postProject
		{92D159DB-2927-4E70-95B5-6267464DAD69} = {92D159DB-2927-4E70-95B5-6267464DAD69}
	EndProjectSection
EndProject
Project("{8BC9CEB8-8B4A-11D0-8D11-00A0C91BC942}") = "RUN_TESTS", "RUN_TESTS.vcxproj", "{C1973112-B304-4ABA-BC0D-197F494433FC}"
	ProjectSection(ProjectDependencies) = postProject
	EndProjectSection
EndProject
Project("{8BC9CEB8-8B4A-11D0-8D11-00A0C91BC942}") = "ZERO_CHECK", "ZERO_CHECK.vcxproj", "{0FFCA836-391C-413A-9920-73D99A4C2D79}"
	ProjectSection(ProjectDependencies) = postProject
	EndProjectSection
EndProject
Project("{8BC9CEB8-8B4A-11D0-8D11-00A0C91BC942}") = "arithchk", "F2CLIBS\libf2c\arithchk.vcxproj", "{BA2AD407-ED13-4E70-B55A-C41F126E06E8}"
	ProjectSection(ProjectDependencies) = postProject
		{0FFCA836-391C-413A-9920-73D99A4C2D79} = {0FFCA836-391C-413A-9920-73D99A4C2D79}
	EndProjectSection
EndProject
Project("{8BC9CEB8-8B4A-11D0-8D11-00A0C91BC942}") = "blas", "BLAS\SRC\blas.vcxproj", "{2C915CF5-A631-40EC-8A14-B3815C198578}"
	ProjectSection(ProjectDependencies) = postProject
		{0FFCA836-391C-413A-9920-73D99A4C2D79} = {0FFCA836-391C-413A-9920-73D99A4C2D79}
		{2E83DB90-EBD2-4C8A-8EFB-9EF7590059AF} = {2E83DB90-EBD2-4C8A-8EFB-9EF7590059AF}
	EndProjectSection
EndProject
Project("{8BC9CEB8-8B4A-11D0-8D11-00A0C91BC942}") = "f2c", "F2CLIBS\libf2c\f2c.vcxproj", "{2E83DB90-EBD2-4C8A-8EFB-9EF7590059AF}"
	ProjectSection(ProjectDependencies) = postProject
		{0FFCA836-391C-413A-9920-73D99A4C2D79} = {0FFCA836-391C-413A-9920-73D99A4C2D79}
		{BA2AD407-ED13-4E70-B55A-C41F126E06E8} = {BA2AD407-ED13-4E70-B55A-C41F126E06E8}
	EndProjectSection
EndProject
Project("{8BC9CEB8-8B4A-11D0-8D11-00A0C91BC942}") = "lapack", "SRC\lapack.vcxproj", "{9B3E0936-061E-48C2-BD2C-EC6D74ED679D}"
	ProjectSection(ProjectDependencies) = postProject
		{0FFCA836-391C-413A-9920-73D99A4C2D79} = {0FFCA836-391C-413A-9920-73D99A4C2D79}
		{2C915CF5-A631-40EC-8A14-B3815C198578} = {2C915CF5-A631-40EC-8A14-B3815C198578}
	EndProjectSection
EndProject
Project("{8BC9CEB8-8B4A-11D0-8D11-00A0C91BC942}") = "tmglib", "Testing\MATGEN\tmglib.vcxproj", "{5AA09672-F815-449B-A6E5-7B94DBBE2F19}"
	ProjectSection(ProjectDependencies) = postProject
		{0FFCA836-391C-413A-9920-73D99A4C2D79} = {0FFCA836-391C-413A-9920-73D99A4C2D79}
	EndProjectSection
EndProject
Project("{8BC9CEB8-8B4A-11D0-8D11-00A0C91BC942}") = "xblat1c", "BLAS\TESTING\xblat1c.vcxproj", "{1ABCF2CC-FBBD-470D-9835-63B5189F9906}"
	ProjectSection(ProjectDependencies) = postProject
		{0FFCA836-391C-413A-9920-73D99A4C2D79} = {0FFCA836-391C-413A-9920-73D99A4C2D79}
		{2C915CF5-A631-40EC-8A14-B3815C198578} = {2C915CF5-A631-40EC-8A14-B3815C198578}
	EndProjectSection
EndProject
Project("{8BC9CEB8-8B4A-11D0-8D11-00A0C91BC942}") = "xblat1d", "BLAS\TESTING\xblat1d.vcxproj", "{0BB2EF5D-8C66-4261-9BA3-C27E306164C2}"
	ProjectSection(ProjectDependencies) = postProject
		{0FFCA836-391C-413A-9920-73D99A4C2D79} = {0FFCA836-391C-413A-9920-73D99A4C2D79}
		{2C915CF5-A631-40EC-8A14-B3815C198578} = {2C915CF5-A631-40EC-8A14-B3815C198578}
	EndProjectSection
EndProject
Project("{8BC9CEB8-8B4A-11D0-8D11-00A0C91BC942}") = "xblat1s", "BLAS\TESTING\xblat1s.vcxproj", "{A563BA04-1E4A-4AE9-8D0C-E1902E4949D5}"
	ProjectSection(ProjectDependencies) = postProject
		{0FFCA836-391C-413A-9920-73D99A4C2D79} = {0FFCA836-391C-413A-9920-73D99A4C2D79}
		{2C915CF5-A631-40EC-8A14-B3815C198578} = {2C915CF5-A631-40EC-8A14-B3815C198578}
	EndProjectSection
EndProject
Project("{8BC9CEB8-8B4A-11D0-8D11-00A0C91BC942}") = "xblat1z", "BLAS\TESTING\xblat1z.vcxproj", "{1AAE4C3A-BE64-473E-89AE-188D90124BAB}"
	ProjectSection(ProjectDependencies) = postProject
		{0FFCA836-391C-413A-9920-73D99A4C2D79} = {0FFCA836-391C-413A-9920-73D99A4C2D79}
		{2C915CF5-A631-40EC-8A14-B3815C198578} = {2C915CF5-A631-40EC-8A14-B3815C198578}
	EndProjectSection
EndProject
Project("{8BC9CEB8-8B4A-11D0-8D11-00A0C91BC942}") = "xblat2c", "BLAS\TESTING\xblat2c.vcxproj", "{AA122247-AFA3-4B36-8212-DF41FD9CAFDC}"
	ProjectSection(ProjectDependencies) = postProject
		{0FFCA836-391C-413A-9920-73D99A4C2D79} = {0FFCA836-391C-413A-9920-73D99A4C2D79}
		{2C915CF5-A631-40EC-8A14-B3815C198578} = {2C915CF5-A631-40EC-8A14-B3815C198578}
	EndProjectSection
EndProject
Project("{8BC9CEB8-8B4A-11D0-8D11-00A0C91BC942}") = "xblat2d", "BLAS\TESTING\xblat2d.vcxproj", "{CEBDCC54-E753-4F06-BC4E-7F097978D907}"
	ProjectSection(ProjectDependencies) = postProject
		{0FFCA836-391C-413A-9920-73D99A4C2D79} = {0FFCA836-391C-413A-9920-73D99A4C2D79}
		{2C915CF5-A631-40EC-8A14-B3815C198578} = {2C915CF5-A631-40EC-8A14-B3815C198578}
	EndProjectSection
EndProject
Project("{8BC9CEB8-8B4A-11D0-8D11-00A0C91BC942}") = "xblat2s", "BLAS\TESTING\xblat2s.vcxproj", "{93FF0745-0F31-4215-8ACA-1E269E9209FE}"
	ProjectSection(ProjectDependencies) = postProject
		{0FFCA836-391C-413A-9920-73D99A4C2D79} = {0FFCA836-391C-413A-9920-73D99A4C2D79}
		{2C915CF5-A631-40EC-8A14-B3815C198578} = {2C915CF5-A631-40EC-8A14-B3815C198578}
	EndProjectSection
EndProject
Project("{8BC9CEB8-8B4A-11D0-8D11-00A0C91BC942}") = "xblat2z", "BLAS\TESTING\xblat2z.vcxproj", "{B601AC14-143B-41D9-A7EC-FA26D841D144}"
	ProjectSection(ProjectDependencies) = postProject
		{0FFCA836-391C-413A-9920-73D99A4C2D79} = {0FFCA836-391C-413A-9920-73D99A4C2D79}
		{2C915CF5-A631-40EC-8A14-B3815C198578} = {2C915CF5-A631-40EC-8A14-B3815C198578}
	EndProjectSection
EndProject
Project("{8BC9CEB8-8B4A-11D0-8D11-00A0C91BC942}") = "xblat3c", "BLAS\TESTING\xblat3c.vcxproj", "{4502E594-E7AC-487C-8912-853BB22923C0}"
	ProjectSection(ProjectDependencies) = postProject
		{0FFCA836-391C-413A-9920-73D99A4C2D79} = {0FFCA836-391C-413A-9920-73D99A4C2D79}
		{2C915CF5-A631-40EC-8A14-B3815C198578} = {2C915CF5-A631-40EC-8A14-B3815C198578}
	EndProjectSection
EndProject
Project("{8BC9CEB8-8B4A-11D0-8D11-00A0C91BC942}") = "xblat3d", "BLAS\TESTING\xblat3d.vcxproj", "{73F26D8E-7E4E-4BFF-94D6-A60AD13CE5F6}"
	ProjectSection(ProjectDependencies) = postProject
		{0FFCA836-391C-413A-9920-73D99A4C2D79} = {0FFCA836-391C-413A-9920-73D99A4C2D79}
		{2C915CF5-A631-40EC-8A14-B3815C198578} = {2C915CF5-A631-40EC-8A14-B3815C198578}
	EndProjectSection
EndProject
Project("{8BC9CEB8-8B4A-11D0-8D11-00A0C91BC942}") = "xblat3s", "BLAS\TESTING\xblat3s.vcxproj", "{F6B43967-8DE8-421E-85ED-789097F9B163}"
	ProjectSection(ProjectDependencies) = postProject
		{0FFCA836-391C-413A-9920-73D99A4C2D79} = {0FFCA836-391C-413A-9920-73D99A4C2D79}
		{2C915CF5-A631-40EC-8A14-B3815C198578} = {2C915CF5-A631-40EC-8A14-B3815C198578}
	EndProjectSection
EndProject
Project("{8BC9CEB8-8B4A-11D0-8D11-00A0C91BC942}") = "xblat3z", "BLAS\TESTING\xblat3z.vcxproj", "{58D728F7-3C31-4FEE-8595-3B0881E7ACF0}"
	ProjectSection(ProjectDependencies) = postProject
		{0FFCA836-391C-413A-9920-73D99A4C2D79} = {0FFCA836-391C-413A-9920-73D99A4C2D79}
		{2C915CF5-A631-40EC-8A14-B3815C198578} = {2C915CF5-A631-40EC-8A14-B3815C198578}
	EndProjectSection
EndProject
Project("{8BC9CEB8-8B4A-11D0-8D11-00A0C91BC942}") = "xeigtstc", "Testing\EIG\xeigtstc.vcxproj", "{4F9CDAF8-2515-46F9-AA79-D2E508FCE999}"
	ProjectSection(ProjectDependencies) = postProject
		{0FFCA836-391C-413A-9920-73D99A4C2D79} = {0FFCA836-391C-413A-9920-73D99A4C2D79}
		{9B3E0936-061E-48C2-BD2C-EC6D74ED679D} = {9B3E0936-061E-48C2-BD2C-EC6D74ED679D}
		{5AA09672-F815-449B-A6E5-7B94DBBE2F19} = {5AA09672-F815-449B-A6E5-7B94DBBE2F19}
	EndProjectSection
EndProject
Project("{8BC9CEB8-8B4A-11D0-8D11-00A0C91BC942}") = "xeigtstd", "Testing\EIG\xeigtstd.vcxproj", "{339747CE-3500-4566-B221-3D89FBC51D55}"
	ProjectSection(ProjectDependencies) = postProject
		{0FFCA836-391C-413A-9920-73D99A4C2D79} = {0FFCA836-391C-413A-9920-73D99A4C2D79}
		{9B3E0936-061E-48C2-BD2C-EC6D74ED679D} = {9B3E0936-061E-48C2-BD2C-EC6D74ED679D}
		{5AA09672-F815-449B-A6E5-7B94DBBE2F19} = {5AA09672-F815-449B-A6E5-7B94DBBE2F19}
	EndProjectSection
EndProject
Project("{8BC9CEB8-8B4A-11D0-8D11-00A0C91BC942}") = "xeigtsts", "Testing\EIG\xeigtsts.vcxproj", "{786961BA-FDBC-414E-9BE9-6C40819704B8}"
	ProjectSection(ProjectDependencies) = postProject
		{0FFCA836-391C-413A-9920-73D99A4C2D79} = {0FFCA836-391C-413A-9920-73D99A4C2D79}
		{9B3E0936-061E-48C2-BD2C-EC6D74ED679D} = {9B3E0936-061E-48C2-BD2C-EC6D74ED679D}
		{5AA09672-F815-449B-A6E5-7B94DBBE2F19} = {5AA09672-F815-449B-A6E5-7B94DBBE2F19}
	EndProjectSection
EndProject
Project("{8BC9CEB8-8B4A-11D0-8D11-00A0C91BC942}") = "xeigtstz", "Testing\EIG\xeigtstz.vcxproj", "{78D043C7-7080-4E22-93BE-3B6BC90C0BF9}"
	ProjectSection(ProjectDependencies) = postProject
		{0FFCA836-391C-413A-9920-73D99A4C2D79} = {0FFCA836-391C-413A-9920-73D99A4C2D79}
		{9B3E0936-061E-48C2-BD2C-EC6D74ED679D} = {9B3E0936-061E-48C2-BD2C-EC6D74ED679D}
		{5AA09672-F815-449B-A6E5-7B94DBBE2F19} = {5AA09672-F815-449B-A6E5-7B94DBBE2F19}
	EndProjectSection
EndProject
Project("{8BC9CEB8-8B4A-11D0-8D11-00A0C91BC942}") = "xlintstc", "Testing\LIN\xlintstc.vcxproj", "{CB34B94F-657F-438E-BDE2-8EE797A0F175}"
	ProjectSection(ProjectDependencies) = postProject
		{0FFCA836-391C-413A-9920-73D99A4C2D79} = {0FFCA836-391C-413A-9920-73D99A4C2D79}
		{9B3E0936-061E-48C2-BD2C-EC6D74ED679D} = {9B3E0936-061E-48C2-BD2C-EC6D74ED679D}
		{5AA09672-F815-449B-A6E5-7B94DBBE2F19} = {5AA09672-F815-449B-A6E5-7B94DBBE2F19}
	EndProjectSection
EndProject
Project("{8BC9CEB8-8B4A-11D0-8D11-00A0C91BC942}") = "xlintstd", "Testing\LIN\xlintstd.vcxproj", "{8E3B8B60-CC06-4B03-9939-A729E12F7254}"
	ProjectSection(ProjectDependencies) = postProject
		{0FFCA836-391C-413A-9920-73D99A4C2D79} = {0FFCA836-391C-413A-9920-73D99A4C2D79}
		{9B3E0936-061E-48C2-BD2C-EC6D74ED679D} = {9B3E0936-061E-48C2-BD2C-EC6D74ED679D}
		{5AA09672-F815-449B-A6E5-7B94DBBE2F19} = {5AA09672-F815-449B-A6E5-7B94DBBE2F19}
	EndProjectSection
EndProject
Project("{8BC9CEB8-8B4A-11D0-8D11-00A0C91BC942}") = "xlintstds", "Testing\LIN\xlintstds.vcxproj", "{AE331D61-1114-49E5-81F9-CAD7A47367BE}"
	ProjectSection(ProjectDependencies) = postProject
		{0FFCA836-391C-413A-9920-73D99A4C2D79} = {0FFCA836-391C-413A-9920-73D99A4C2D79}
		{9B3E0936-061E-48C2-BD2C-EC6D74ED679D} = {9B3E0936-061E-48C2-BD2C-EC6D74ED679D}
		{5AA09672-F815-449B-A6E5-7B94DBBE2F19} = {5AA09672-F815-449B-A6E5-7B94DBBE2F19}
	EndProjectSection
EndProject
Project("{8BC9CEB8-8B4A-11D0-8D11-00A0C91BC942}") = "xlintstrfc", "Testing\LIN\xlintstrfc.vcxproj", "{43C6EE61-78C7-4007-B256-54D580901742}"
	ProjectSection(ProjectDependencies) = postProject
		{0FFCA836-391C-413A-9920-73D99A4C2D79} = {0FFCA836-391C-413A-9920-73D99A4C2D79}
		{9B3E0936-061E-48C2-BD2C-EC6D74ED679D} = {9B3E0936-061E-48C2-BD2C-EC6D74ED679D}
		{5AA09672-F815-449B-A6E5-7B94DBBE2F19} = {5AA09672-F815-449B-A6E5-7B94DBBE2F19}
	EndProjectSection
EndProject
Project("{8BC9CEB8-8B4A-11D0-8D11-00A0C91BC942}") = "xlintstrfd", "Testing\LIN\xlintstrfd.vcxproj", "{3EA293E8-8DD2-4F4A-99E5-A90F2951EA1B}"
	ProjectSection(ProjectDependencies) = postProject
		{0FFCA836-391C-413A-9920-73D99A4C2D79} = {0FFCA836-391C-413A-9920-73D99A4C2D79}
		{9B3E0936-061E-48C2-BD2C-EC6D74ED679D} = {9B3E0936-061E-48C2-BD2C-EC6D74ED679D}
		{5AA09672-F815-449B-A6E5-7B94DBBE2F19} = {5AA09672-F815-449B-A6E5-7B94DBBE2F19}
	EndProjectSection
EndProject
Project("{8BC9CEB8-8B4A-11D0-8D11-00A0C91BC942}") = "xlintstrfs", "Testing\LIN\xlintstrfs.vcxproj", "{08984405-224F-4820-9A6D-9A23D556A63E}"
	ProjectSection(ProjectDependencies) = postProject
		{0FFCA836-391C-413A-9920-73D99A4C2D79} = {0FFCA836-391C-413A-9920-73D99A4C2D79}
		{9B3E0936-061E-48C2-BD2C-EC6D74ED679D} = {9B3E0936-061E-48C2-BD2C-EC6D74ED679D}
		{5AA09672-F815-449B-A6E5-7B94DBBE2F19} = {5AA09672-F815-449B-A6E5-7B94DBBE2F19}
	EndProjectSection
EndProject
Project("{8BC9CEB8-8B4A-11D0-8D11-00A0C91BC942}") = "xlintstrfz", "Testing\LIN\xlintstrfz.vcxproj", "{49AA8DD8-62BE-44C1-ACB0-E41B2649FB4D}"
	ProjectSection(ProjectDependencies) = postProject
		{0FFCA836-391C-413A-9920-73D99A4C2D79} = {0FFCA836-391C-413A-9920-73D99A4C2D79}
		{9B3E0936-061E-48C2-BD2C-EC6D74ED679D} = {9B3E0936-061E-48C2-BD2C-EC6D74ED679D}
		{5AA09672-F815-449B-A6E5-7B94DBBE2F19} = {5AA09672-F815-449B-A6E5-7B94DBBE2F19}
	EndProjectSection
EndProject
Project("{8BC9CEB8-8B4A-11D0-8D11-00A0C91BC942}") = "xlintsts", "Testing\LIN\xlintsts.vcxproj", "{86A84B79-ADC9-483C-A54B-1E0241836EA0}"
	ProjectSection(ProjectDependencies) = postProject
		{0FFCA836-391C-413A-9920-73D99A4C2D79} = {0FFCA836-391C-413A-9920-73D99A4C2D79}
		{9B3E0936-061E-48C2-BD2C-EC6D74ED679D} = {9B3E0936-061E-48C2-BD2C-EC6D74ED679D}
		{5AA09672-F815-449B-A6E5-7B94DBBE2F19} = {5AA09672-F815-449B-A6E5-7B94DBBE2F19}
	EndProjectSection
EndProject
Project("{8BC9CEB8-8B4A-11D0-8D11-00A0C91BC942}") = "xlintstz", "Testing\LIN\xlintstz.vcxproj", "{9BC0B71C-8C5B-417A-A46D-39F61EF7602E}"
	ProjectSection(ProjectDependencies) = postProject
		{0FFCA836-391C-413A-9920-73D99A4C2D79} = {0FFCA836-391C-413A-9920-73D99A4C2D79}
		{9B3E0936-061E-48C2-BD2C-EC6D74ED679D} = {9B3E0936-061E-48C2-BD2C-EC6D74ED679D}
		{5AA09672-F815-449B-A6E5-7B94DBBE2F19} = {5AA09672-F815-449B-A6E5-7B94DBBE2F19}
	EndProjectSection
EndProject
Project("{8BC9CEB8-8B4A-11D0-8D11-00A0C91BC942}") = "xlintstzc", "Testing\LIN\xlintstzc.vcxproj", "{10BF36E4-C073-4C99-AE8B-7ADE59C4E275}"
	ProjectSection(ProjectDependencies) = postProject
		{0FFCA836-391C-413A-9920-73D99A4C2D79} = {0FFCA836-391C-413A-9920-73D99A4C2D79}
		{9B3E0936-061E-48C2-BD2C-EC6D74ED679D} = {9B3E0936-061E-48C2-BD2C-EC6D74ED679D}
		{5AA09672-F815-449B-A6E5-7B94DBBE2F19} = {5AA09672-F815-449B-A6E5-7B94DBBE2F19}
	EndProjectSection
EndProject
Global
	GlobalSection(SolutionConfigurationPlatforms) = preSolution
		Debug|Win32 = Debug|Win32
		Release|Win32 = Release|Win32
		MinSizeRel|Win32 = MinSizeRel|Win32
		RelWithDebInfo|Win32 = RelWithDebInfo|Win32
	EndGlobalSection
	GlobalSection(ProjectConfigurationPlatforms) = postSolution
		{92D159DB-2927-4E70-95B5-6267464DAD69}.Debug|Win32.ActiveCfg = Debug|Win32
		{92D159DB-2927-4E70-95B5-6267464DAD69}.Debug|Win32.Build.0 = Debug|Win32
		{92D159DB-2927-4E70-95B5-6267464DAD69}.Release|Win32.ActiveCfg = Release|Win32
		{92D159DB-2927-4E70-95B5-6267464DAD69}.Release|Win32.Build.0 = Release|Win32
		{92D159DB-2927-4E70-95B5-6267464DAD69}.MinSizeRel|Win32.ActiveCfg = MinSizeRel|Win32
		{92D159DB-2927-4E70-95B5-6267464DAD69}.MinSizeRel|Win32.Build.0 = MinSizeRel|Win32
		{92D159DB-2927-4E70-95B5-6267464DAD69}.RelWithDebInfo|Win32.ActiveCfg = RelWithDebInfo|Win32
		{92D159DB-2927-4E70-95B5-6267464DAD69}.RelWithDebInfo|Win32.Build.0 = RelWithDebInfo|Win32
		{0945387A-45BA-431D-B1ED-52551031B887}.Debug|Win32.ActiveCfg = Debug|Win32
		{0945387A-45BA-431D-B1ED-52551031B887}.Release|Win32.ActiveCfg = Release|Win32
		{0945387A-45BA-431D-B1ED-52551031B887}.MinSizeRel|Win32.ActiveCfg = MinSizeRel|Win32
		{0945387A-45BA-431D-B1ED-52551031B887}.RelWithDebInfo|Win32.ActiveCfg = RelWithDebInfo|Win32
		{C1973112-B304-4ABA-BC0D-197F494433FC}.Debug|Win32.ActiveCfg = Debug|Win32
		{C1973112-B304-4ABA-BC0D-197F494433FC}.Release|Win32.ActiveCfg = Release|Win32
		{C1973112-B304-4ABA-BC0D-197F494433FC}.MinSizeRel|Win32.ActiveCfg = MinSizeRel|Win32
		{C1973112-B304-4ABA-BC0D-197F494433FC}.RelWithDebInfo|Win32.ActiveCfg = RelWithDebInfo|Win32
		{0FFCA836-391C-413A-9920-73D99A4C2D79}.Debug|Win32.ActiveCfg = Debug|Win32
		{0FFCA836-391C-413A-9920-73D99A4C2D79}.Debug|Win32.Build.0 = Debug|Win32
		{0FFCA836-391C-413A-9920-73D99A4C2D79}.Release|Win32.ActiveCfg = Release|Win32
		{0FFCA836-391C-413A-9920-73D99A4C2D79}.Release|Win32.Build.0 = Release|Win32
		{0FFCA836-391C-413A-9920-73D99A4C2D79}.MinSizeRel|Win32.ActiveCfg = MinSizeRel|Win32
		{0FFCA836-391C-413A-9920-73D99A4C2D79}.MinSizeRel|Win32.Build.0 = MinSizeRel|Win32
		{0FFCA836-391C-413A-9920-73D99A4C2D79}.RelWithDebInfo|Win32.ActiveCfg = RelWithDebInfo|Win32
		{0FFCA836-391C-413A-9920-73D99A4C2D79}.RelWithDebInfo|Win32.Build.0 = RelWithDebInfo|Win32
		{BA2AD407-ED13-4E70-B55A-C41F126E06E8}.Debug|Win32.ActiveCfg = Debug|Win32
		{BA2AD407-ED13-4E70-B55A-C41F126E06E8}.Debug|Win32.Build.0 = Debug|Win32
		{BA2AD407-ED13-4E70-B55A-C41F126E06E8}.Release|Win32.ActiveCfg = Release|Win32
		{BA2AD407-ED13-4E70-B55A-C41F126E06E8}.Release|Win32.Build.0 = Release|Win32
		{BA2AD407-ED13-4E70-B55A-C41F126E06E8}.MinSizeRel|Win32.ActiveCfg = MinSizeRel|Win32
		{BA2AD407-ED13-4E70-B55A-C41F126E06E8}.MinSizeRel|Win32.Build.0 = MinSizeRel|Win32
		{BA2AD407-ED13-4E70-B55A-C41F126E06E8}.RelWithDebInfo|Win32.ActiveCfg = RelWithDebInfo|Win32
		{BA2AD407-ED13-4E70-B55A-C41F126E06E8}.RelWithDebInfo|Win32.Build.0 = RelWithDebInfo|Win32
		{2C915CF5-A631-40EC-8A14-B3815C198578}.Debug|Win32.ActiveCfg = Debug|Win32
		{2C915CF5-A631-40EC-8A14-B3815C198578}.Debug|Win32.Build.0 = Debug|Win32
		{2C915CF5-A631-40EC-8A14-B3815C198578}.Release|Win32.ActiveCfg = Release|Win32
		{2C915CF5-A631-40EC-8A14-B3815C198578}.Release|Win32.Build.0 = Release|Win32
		{2C915CF5-A631-40EC-8A14-B3815C198578}.MinSizeRel|Win32.ActiveCfg = MinSizeRel|Win32
		{2C915CF5-A631-40EC-8A14-B3815C198578}.MinSizeRel|Win32.Build.0 = MinSizeRel|Win32
		{2C915CF5-A631-40EC-8A14-B3815C198578}.RelWithDebInfo|Win32.ActiveCfg = RelWithDebInfo|Win32
		{2C915CF5-A631-40EC-8A14-B3815C198578}.RelWithDebInfo|Win32.Build.0 = RelWithDebInfo|Win32
		{2E83DB90-EBD2-4C8A-8EFB-9EF7590059AF}.Debug|Win32.ActiveCfg = Debug|Win32
		{2E83DB90-EBD2-4C8A-8EFB-9EF7590059AF}.Debug|Win32.Build.0 = Debug|Win32
		{2E83DB90-EBD2-4C8A-8EFB-9EF7590059AF}.Release|Win32.ActiveCfg = Release|Win32
		{2E83DB90-EBD2-4C8A-8EFB-9EF7590059AF}.Release|Win32.Build.0 = Release|Win32
		{2E83DB90-EBD2-4C8A-8EFB-9EF7590059AF}.MinSizeRel|Win32.ActiveCfg = MinSizeRel|Win32
		{2E83DB90-EBD2-4C8A-8EFB-9EF7590059AF}.MinSizeRel|Win32.Build.0 = MinSizeRel|Win32
		{2E83DB90-EBD2-4C8A-8EFB-9EF7590059AF}.RelWithDebInfo|Win32.ActiveCfg = RelWithDebInfo|Win32
		{2E83DB90-EBD2-4C8A-8EFB-9EF7590059AF}.RelWithDebInfo|Win32.Build.0 = RelWithDebInfo|Win32
		{9B3E0936-061E-48C2-BD2C-EC6D74ED679D}.Debug|Win32.ActiveCfg = Debug|Win32
		{9B3E0936-061E-48C2-BD2C-EC6D74ED679D}.Debug|Win32.Build.0 = Debug|Win32
		{9B3E0936-061E-48C2-BD2C-EC6D74ED679D}.Release|Win32.ActiveCfg = Release|Win32
		{9B3E0936-061E-48C2-BD2C-EC6D74ED679D}.Release|Win32.Build.0 = Release|Win32
		{9B3E0936-061E-48C2-BD2C-EC6D74ED679D}.MinSizeRel|Win32.ActiveCfg = MinSizeRel|Win32
		{9B3E0936-061E-48C2-BD2C-EC6D74ED679D}.MinSizeRel|Win32.Build.0 = MinSizeRel|Win32
		{9B3E0936-061E-48C2-BD2C-EC6D74ED679D}.RelWithDebInfo|Win32.ActiveCfg = RelWithDebInfo|Win32
		{9B3E0936-061E-48C2-BD2C-EC6D74ED679D}.RelWithDebInfo|Win32.Build.0 = RelWithDebInfo|Win32
		{5AA09672-F815-449B-A6E5-7B94DBBE2F19}.Debug|Win32.ActiveCfg = Debug|Win32
		{5AA09672-F815-449B-A6E5-7B94DBBE2F19}.Debug|Win32.Build.0 = Debug|Win32
		{5AA09672-F815-449B-A6E5-7B94DBBE2F19}.Release|Win32.ActiveCfg = Release|Win32
		{5AA09672-F815-449B-A6E5-7B94DBBE2F19}.Release|Win32.Build.0 = Release|Win32
		{5AA09672-F815-449B-A6E5-7B94DBBE2F19}.MinSizeRel|Win32.ActiveCfg = MinSizeRel|Win32
		{5AA09672-F815-449B-A6E5-7B94DBBE2F19}.MinSizeRel|Win32.Build.0 = MinSizeRel|Win32
		{5AA09672-F815-449B-A6E5-7B94DBBE2F19}.RelWithDebInfo|Win32.ActiveCfg = RelWithDebInfo|Win32
		{5AA09672-F815-449B-A6E5-7B94DBBE2F19}.RelWithDebInfo|Win32.Build.0 = RelWithDebInfo|Win32
		{1ABCF2CC-FBBD-470D-9835-63B5189F9906}.Debug|Win32.ActiveCfg = Debug|Win32
		{1ABCF2CC-FBBD-470D-9835-63B5189F9906}.Debug|Win32.Build.0 = Debug|Win32
		{1ABCF2CC-FBBD-470D-9835-63B5189F9906}.Release|Win32.ActiveCfg = Release|Win32
		{1ABCF2CC-FBBD-470D-9835-63B5189F9906}.Release|Win32.Build.0 = Release|Win32
		{1ABCF2CC-FBBD-470D-9835-63B5189F9906}.MinSizeRel|Win32.ActiveCfg = MinSizeRel|Win32
		{1ABCF2CC-FBBD-470D-9835-63B5189F9906}.MinSizeRel|Win32.Build.0 = MinSizeRel|Win32
		{1ABCF2CC-FBBD-470D-9835-63B5189F9906}.RelWithDebInfo|Win32.ActiveCfg = RelWithDebInfo|Win32
		{1ABCF2CC-FBBD-470D-9835-63B5189F9906}.RelWithDebInfo|Win32.Build.0 = RelWithDebInfo|Win32
		{0BB2EF5D-8C66-4261-9BA3-C27E306164C2}.Debug|Win32.ActiveCfg = Debug|Win32
		{0BB2EF5D-8C66-4261-9BA3-C27E306164C2}.Debug|Win32.Build.0 = Debug|Win32
		{0BB2EF5D-8C66-4261-9BA3-C27E306164C2}.Release|Win32.ActiveCfg = Release|Win32
		{0BB2EF5D-8C66-4261-9BA3-C27E306164C2}.Release|Win32.Build.0 = Release|Win32
		{0BB2EF5D-8C66-4261-9BA3-C27E306164C2}.MinSizeRel|Win32.ActiveCfg = MinSizeRel|Win32
		{0BB2EF5D-8C66-4261-9BA3-C27E306164C2}.MinSizeRel|Win32.Build.0 = MinSizeRel|Win32
		{0BB2EF5D-8C66-4261-9BA3-C27E306164C2}.RelWithDebInfo|Win32.ActiveCfg = RelWithDebInfo|Win32
		{0BB2EF5D-8C66-4261-9BA3-C27E306164C2}.RelWithDebInfo|Win32.Build.0 = RelWithDebInfo|Win32
		{A563BA04-1E4A-4AE9-8D0C-E1902E4949D5}.Debug|Win32.ActiveCfg = Debug|Win32
		{A563BA04-1E4A-4AE9-8D0C-E1902E4949D5}.Debug|Win32.Build.0 = Debug|Win32
		{A563BA04-1E4A-4AE9-8D0C-E1902E4949D5}.Release|Win32.ActiveCfg = Release|Win32
		{A563BA04-1E4A-4AE9-8D0C-E1902E4949D5}.Release|Win32.Build.0 = Release|Win32
		{A563BA04-1E4A-4AE9-8D0C-E1902E4949D5}.MinSizeRel|Win32.ActiveCfg = MinSizeRel|Win32
		{A563BA04-1E4A-4AE9-8D0C-E1902E4949D5}.MinSizeRel|Win32.Build.0 = MinSizeRel|Win32
		{A563BA04-1E4A-4AE9-8D0C-E1902E4949D5}.RelWithDebInfo|Win32.ActiveCfg = RelWithDebInfo|Win32
		{A563BA04-1E4A-4AE9-8D0C-E1902E4949D5}.RelWithDebInfo|Win32.Build.0 = RelWithDebInfo|Win32
		{1AAE4C3A-BE64-473E-89AE-188D90124BAB}.Debug|Win32.ActiveCfg = Debug|Win32
		{1AAE4C3A-BE64-473E-89AE-188D90124BAB}.Debug|Win32.Build.0 = Debug|Win32
		{1AAE4C3A-BE64-473E-89AE-188D90124BAB}.Release|Win32.ActiveCfg = Release|Win32
		{1AAE4C3A-BE64-473E-89AE-188D90124BAB}.Release|Win32.Build.0 = Release|Win32
		{1AAE4C3A-BE64-473E-89AE-188D90124BAB}.MinSizeRel|Win32.ActiveCfg = MinSizeRel|Win32
		{1AAE4C3A-BE64-473E-89AE-188D90124BAB}.MinSizeRel|Win32.Build.0 = MinSizeRel|Win32
		{1AAE4C3A-BE64-473E-89AE-188D90124BAB}.RelWithDebInfo|Win32.ActiveCfg = RelWithDebInfo|Win32
		{1AAE4C3A-BE64-473E-89AE-188D90124BAB}.RelWithDebInfo|Win32.Build.0 = RelWithDebInfo|Win32
		{AA122247-AFA3-4B36-8212-DF41FD9CAFDC}.Debug|Win32.ActiveCfg = Debug|Win32
		{AA122247-AFA3-4B36-8212-DF41FD9CAFDC}.Debug|Win32.Build.0 = Debug|Win32
		{AA122247-AFA3-4B36-8212-DF41FD9CAFDC}.Release|Win32.ActiveCfg = Release|Win32
		{AA122247-AFA3-4B36-8212-DF41FD9CAFDC}.Release|Win32.Build.0 = Release|Win32
		{AA122247-AFA3-4B36-8212-DF41FD9CAFDC}.MinSizeRel|Win32.ActiveCfg = MinSizeRel|Win32
		{AA122247-AFA3-4B36-8212-DF41FD9CAFDC}.MinSizeRel|Win32.Build.0 = MinSizeRel|Win32
		{AA122247-AFA3-4B36-8212-DF41FD9CAFDC}.RelWithDebInfo|Win32.ActiveCfg = RelWithDebInfo|Win32
		{AA122247-AFA3-4B36-8212-DF41FD9CAFDC}.RelWithDebInfo|Win32.Build.0 = RelWithDebInfo|Win32
		{CEBDCC54-E753-4F06-BC4E-7F097978D907}.Debug|Win32.ActiveCfg = Debug|Win32
		{CEBDCC54-E753-4F06-BC4E-7F097978D907}.Debug|Win32.Build.0 = Debug|Win32
		{CEBDCC54-E753-4F06-BC4E-7F097978D907}.Release|Win32.ActiveCfg = Release|Win32
		{CEBDCC54-E753-4F06-BC4E-7F097978D907}.Release|Win32.Build.0 = Release|Win32
		{CEBDCC54-E753-4F06-BC4E-7F097978D907}.MinSizeRel|Win32.ActiveCfg = MinSizeRel|Win32
		{CEBDCC54-E753-4F06-BC4E-7F097978D907}.MinSizeRel|Win32.Build.0 = MinSizeRel|Win32
		{CEBDCC54-E753-4F06-BC4E-7F097978D907}.RelWithDebInfo|Win32.ActiveCfg = RelWithDebInfo|Win32
		{CEBDCC54-E753-4F06-BC4E-7F097978D907}.RelWithDebInfo|Win32.Build.0 = RelWithDebInfo|Win32
		{93FF0745-0F31-4215-8ACA-1E269E9209FE}.Debug|Win32.ActiveCfg = Debug|Win32
		{93FF0745-0F31-4215-8ACA-1E269E9209FE}.Debug|Win32.Build.0 = Debug|Win32
		{93FF0745-0F31-4215-8ACA-1E269E9209FE}.Release|Win32.ActiveCfg = Release|Win32
		{93FF0745-0F31-4215-8ACA-1E269E9209FE}.Release|Win32.Build.0 = Release|Win32
		{93FF0745-0F31-4215-8ACA-1E269E9209FE}.MinSizeRel|Win32.ActiveCfg = MinSizeRel|Win32
		{93FF0745-0F31-4215-8ACA-1E269E9209FE}.MinSizeRel|Win32.Build.0 = MinSizeRel|Win32
		{93FF0745-0F31-4215-8ACA-1E269E9209FE}.RelWithDebInfo|Win32.ActiveCfg = RelWithDebInfo|Win32
		{93FF0745-0F31-4215-8ACA-1E269E9209FE}.RelWithDebInfo|Win32.Build.0 = RelWithDebInfo|Win32
		{B601AC14-143B-41D9-A7EC-FA26D841D144}.Debug|Win32.ActiveCfg = Debug|Win32
		{B601AC14-143B-41D9-A7EC-FA26D841D144}.Debug|Win32.Build.0 = Debug|Win32
		{B601AC14-143B-41D9-A7EC-FA26D841D144}.Release|Win32.ActiveCfg = Release|Win32
		{B601AC14-143B-41D9-A7EC-FA26D841D144}.Release|Win32.Build.0 = Release|Win32
		{B601AC14-143B-41D9-A7EC-FA26D841D144}.MinSizeRel|Win32.ActiveCfg = MinSizeRel|Win32
		{B601AC14-143B-41D9-A7EC-FA26D841D144}.MinSizeRel|Win32.Build.0 = MinSizeRel|Win32
		{B601AC14-143B-41D9-A7EC-FA26D841D144}.RelWithDebInfo|Win32.ActiveCfg = RelWithDebInfo|Win32
		{B601AC14-143B-41D9-A7EC-FA26D841D144}.RelWithDebInfo|Win32.Build.0 = RelWithDebInfo|Win32
		{4502E594-E7AC-487C-8912-853BB22923C0}.Debug|Win32.ActiveCfg = Debug|Win32
		{4502E594-E7AC-487C-8912-853BB22923C0}.Debug|Win32.Build.0 = Debug|Win32
		{4502E594-E7AC-487C-8912-853BB22923C0}.Release|Win32.ActiveCfg = Release|Win32
		{4502E594-E7AC-487C-8912-853BB22923C0}.Release|Win32.Build.0 = Release|Win32
		{4502E594-E7AC-487C-8912-853BB22923C0}.MinSizeRel|Win32.ActiveCfg = MinSizeRel|Win32
		{4502E594-E7AC-487C-8912-853BB22923C0}.MinSizeRel|Win32.Build.0 = MinSizeRel|Win32
		{4502E594-E7AC-487C-8912-853BB22923C0}.RelWithDebInfo|Win32.ActiveCfg = RelWithDebInfo|Win32
		{4502E594-E7AC-487C-8912-853BB22923C0}.RelWithDebInfo|Win32.Build.0 = RelWithDebInfo|Win32
		{73F26D8E-7E4E-4BFF-94D6-A60AD13CE5F6}.Debug|Win32.ActiveCfg = Debug|Win32
		{73F26D8E-7E4E-4BFF-94D6-A60AD13CE5F6}.Debug|Win32.Build.0 = Debug|Win32
		{73F26D8E-7E4E-4BFF-94D6-A60AD13CE5F6}.Release|Win32.ActiveCfg = Release|Win32
		{73F26D8E-7E4E-4BFF-94D6-A60AD13CE5F6}.Release|Win32.Build.0 = Release|Win32
		{73F26D8E-7E4E-4BFF-94D6-A60AD13CE5F6}.MinSizeRel|Win32.ActiveCfg = MinSizeRel|Win32
		{73F26D8E-7E4E-4BFF-94D6-A60AD13CE5F6}.MinSizeRel|Win32.Build.0 = MinSizeRel|Win32
		{73F26D8E-7E4E-4BFF-94D6-A60AD13CE5F6}.RelWithDebInfo|Win32.ActiveCfg = RelWithDebInfo|Win32
		{73F26D8E-7E4E-4BFF-94D6-A60AD13CE5F6}.RelWithDebInfo|Win32.Build.0 = RelWithDebInfo|Win32
		{F6B43967-8DE8-421E-85ED-789097F9B163}.Debug|Win32.ActiveCfg = Debug|Win32
		{F6B43967-8DE8-421E-85ED-789097F9B163}.Debug|Win32.Build.0 = Debug|Win32
		{F6B43967-8DE8-421E-85ED-789097F9B163}.Release|Win32.ActiveCfg = Release|Win32
		{F6B43967-8DE8-421E-85ED-789097F9B163}.Release|Win32.Build.0 = Release|Win32
		{F6B43967-8DE8-421E-85ED-789097F9B163}.MinSizeRel|Win32.ActiveCfg = MinSizeRel|Win32
		{F6B43967-8DE8-421E-85ED-789097F9B163}.MinSizeRel|Win32.Build.0 = MinSizeRel|Win32
		{F6B43967-8DE8-421E-85ED-789097F9B163}.RelWithDebInfo|Win32.ActiveCfg = RelWithDebInfo|Win32
		{F6B43967-8DE8-421E-85ED-789097F9B163}.RelWithDebInfo|Win32.Build.0 = RelWithDebInfo|Win32
		{58D728F7-3C31-4FEE-8595-3B0881E7ACF0}.Debug|Win32.ActiveCfg = Debug|Win32
		{58D728F7-3C31-4FEE-8595-3B0881E7ACF0}.Debug|Win32.Build.0 = Debug|Win32
		{58D728F7-3C31-4FEE-8595-3B0881E7ACF0}.Release|Win32.ActiveCfg = Release|Win32
		{58D728F7-3C31-4FEE-8595-3B0881E7ACF0}.Release|Win32.Build.0 = Release|Win32
		{58D728F7-3C31-4FEE-8595-3B0881E7ACF0}.MinSizeRel|Win32.ActiveCfg = MinSizeRel|Win32
		{58D728F7-3C31-4FEE-8595-3B0881E7ACF0}.MinSizeRel|Win32.Build.0 = MinSizeRel|Win32
		{58D728F7-3C31-4FEE-8595-3B0881E7ACF0}.RelWithDebInfo|Win32.ActiveCfg = RelWithDebInfo|Win32
		{58D728F7-3C31-4FEE-8595-3B0881E7ACF0}.RelWithDebInfo|Win32.Build.0 = RelWithDebInfo|Win32
		{4F9CDAF8-2515-46F9-AA79-D2E508FCE999}.Debug|Win32.ActiveCfg = Debug|Win32
		{4F9CDAF8-2515-46F9-AA79-D2E508FCE999}.Debug|Win32.Build.0 = Debug|Win32
		{4F9CDAF8-2515-46F9-AA79-D2E508FCE999}.Release|Win32.ActiveCfg = Release|Win32
		{4F9CDAF8-2515-46F9-AA79-D2E508FCE999}.Release|Win32.Build.0 = Release|Win32
		{4F9CDAF8-2515-46F9-AA79-D2E508FCE999}.MinSizeRel|Win32.ActiveCfg = MinSizeRel|Win32
		{4F9CDAF8-2515-46F9-AA79-D2E508FCE999}.MinSizeRel|Win32.Build.0 = MinSizeRel|Win32
		{4F9CDAF8-2515-46F9-AA79-D2E508FCE999}.RelWithDebInfo|Win32.ActiveCfg = RelWithDebInfo|Win32
		{4F9CDAF8-2515-46F9-AA79-D2E508FCE999}.RelWithDebInfo|Win32.Build.0 = RelWithDebInfo|Win32
		{339747CE-3500-4566-B221-3D89FBC51D55}.Debug|Win32.ActiveCfg = Debug|Win32
		{339747CE-3500-4566-B221-3D89FBC51D55}.Debug|Win32.Build.0 = Debug|Win32
		{339747CE-3500-4566-B221-3D89FBC51D55}.Release|Win32.ActiveCfg = Release|Win32
		{339747CE-3500-4566-B221-3D89FBC51D55}.Release|Win32.Build.0 = Release|Win32
		{339747CE-3500-4566-B221-3D89FBC51D55}.MinSizeRel|Win32.ActiveCfg = MinSizeRel|Win32
		{339747CE-3500-4566-B221-3D89FBC51D55}.MinSizeRel|Win32.Build.0 = MinSizeRel|Win32
		{339747CE-3500-4566-B221-3D89FBC51D55}.RelWithDebInfo|Win32.ActiveCfg = RelWithDebInfo|Win32
		{339747CE-3500-4566-B221-3D89FBC51D55}.RelWithDebInfo|Win32.Build.0 = RelWithDebInfo|Win32
		{786961BA-FDBC-414E-9BE9-6C40819704B8}.Debug|Win32.ActiveCfg = Debug|Win32
		{786961BA-FDBC-414E-9BE9-6C40819704B8}.Debug|Win32.Build.0 = Debug|Win32
		{786961BA-FDBC-414E-9BE9-6C40819704B8}.Release|Win32.ActiveCfg = Release|Win32
		{786961BA-FDBC-414E-9BE9-6C40819704B8}.Release|Win32.Build.0 = Release|Win32
		{786961BA-FDBC-414E-9BE9-6C40819704B8}.MinSizeRel|Win32.ActiveCfg = MinSizeRel|Win32
		{786961BA-FDBC-414E-9BE9-6C40819704B8}.MinSizeRel|Win32.Build.0 = MinSizeRel|Win32
		{786961BA-FDBC-414E-9BE9-6C40819704B8}.RelWithDebInfo|Win32.ActiveCfg = RelWithDebInfo|Win32
		{786961BA-FDBC-414E-9BE9-6C40819704B8}.RelWithDebInfo|Win32.Build.0 = RelWithDebInfo|Win32
		{78D043C7-7080-4E22-93BE-3B6BC90C0BF9}.Debug|Win32.ActiveCfg = Debug|Win32
		{78D043C7-7080-4E22-93BE-3B6BC90C0BF9}.Debug|Win32.Build.0 = Debug|Win32
		{78D043C7-7080-4E22-93BE-3B6BC90C0BF9}.Release|Win32.ActiveCfg = Release|Win32
		{78D043C7-7080-4E22-93BE-3B6BC90C0BF9}.Release|Win32.Build.0 = Release|Win32
		{78D043C7-7080-4E22-93BE-3B6BC90C0BF9}.MinSizeRel|Win32.ActiveCfg = MinSizeRel|Win32
		{78D043C7-7080-4E22-93BE-3B6BC90C0BF9}.MinSizeRel|Win32.Build.0 = MinSizeRel|Win32
		{78D043C7-7080-4E22-93BE-3B6BC90C0BF9}.RelWithDebInfo|Win32.ActiveCfg = RelWithDebInfo|Win32
		{78D043C7-7080-4E22-93BE-3B6BC90C0BF9}.RelWithDebInfo|Win32.Build.0 = RelWithDebInfo|Win32
		{CB34B94F-657F-438E-BDE2-8EE797A0F175}.Debug|Win32.ActiveCfg = Debug|Win32
		{CB34B94F-657F-438E-BDE2-8EE797A0F175}.Debug|Win32.Build.0 = Debug|Win32
		{CB34B94F-657F-438E-BDE2-8EE797A0F175}.Release|Win32.ActiveCfg = Release|Win32
		{CB34B94F-657F-438E-BDE2-8EE797A0F175}.Release|Win32.Build.0 = Release|Win32
		{CB34B94F-657F-438E-BDE2-8EE797A0F175}.MinSizeRel|Win32.ActiveCfg = MinSizeRel|Win32
		{CB34B94F-657F-438E-BDE2-8EE797A0F175}.MinSizeRel|Win32.Build.0 = MinSizeRel|Win32
		{CB34B94F-657F-438E-BDE2-8EE797A0F175}.RelWithDebInfo|Win32.ActiveCfg = RelWithDebInfo|Win32
		{CB34B94F-657F-438E-BDE2-8EE797A0F175}.RelWithDebInfo|Win32.Build.0 = RelWithDebInfo|Win32
		{8E3B8B60-CC06-4B03-9939-A729E12F7254}.Debug|Win32.ActiveCfg = Debug|Win32
		{8E3B8B60-CC06-4B03-9939-A729E12F7254}.Debug|Win32.Build.0 = Debug|Win32
		{8E3B8B60-CC06-4B03-9939-A729E12F7254}.Release|Win32.ActiveCfg = Release|Win32
		{8E3B8B60-CC06-4B03-9939-A729E12F7254}.Release|Win32.Build.0 = Release|Win32
		{8E3B8B60-CC06-4B03-9939-A729E12F7254}.MinSizeRel|Win32.ActiveCfg = MinSizeRel|Win32
		{8E3B8B60-CC06-4B03-9939-A729E12F7254}.MinSizeRel|Win32.Build.0 = MinSizeRel|Win32
		{8E3B8B60-CC06-4B03-9939-A729E12F7254}.RelWithDebInfo|Win32.ActiveCfg = RelWithDebInfo|Win32
		{8E3B8B60-CC06-4B03-9939-A729E12F7254}.RelWithDebInfo|Win32.Build.0 = RelWithDebInfo|Win32
		{AE331D61-1114-49E5-81F9-CAD7A47367BE}.Debug|Win32.ActiveCfg = Debug|Win32
		{AE331D61-1114-49E5-81F9-CAD7A47367BE}.Debug|Win32.Build.0 = Debug|Win32
		{AE331D61-1114-49E5-81F9-CAD7A47367BE}.Release|Win32.ActiveCfg = Release|Win32
		{AE331D61-1114-49E5-81F9-CAD7A47367BE}.Release|Win32.Build.0 = Release|Win32
		{AE331D61-1114-49E5-81F9-CAD7A47367BE}.MinSizeRel|Win32.ActiveCfg = MinSizeRel|Win32
		{AE331D61-1114-49E5-81F9-CAD7A47367BE}.MinSizeRel|Win32.Build.0 = MinSizeRel|Win32
		{AE331D61-1114-49E5-81F9-CAD7A47367BE}.RelWithDebInfo|Win32.ActiveCfg = RelWithDebInfo|Win32
		{AE331D61-1114-49E5-81F9-CAD7A47367BE}.RelWithDebInfo|Win32.Build.0 = RelWithDebInfo|Win32
		{43C6EE61-78C7-4007-B256-54D580901742}.Debug|Win32.ActiveCfg = Debug|Win32
		{43C6EE61-78C7-4007-B256-54D580901742}.Debug|Win32.Build.0 = Debug|Win32
		{43C6EE61-78C7-4007-B256-54D580901742}.Release|Win32.ActiveCfg = Release|Win32
		{43C6EE61-78C7-4007-B256-54D580901742}.Release|Win32.Build.0 = Release|Win32
		{43C6EE61-78C7-4007-B256-54D580901742}.MinSizeRel|Win32.ActiveCfg = MinSizeRel|Win32
		{43C6EE61-78C7-4007-B256-54D580901742}.MinSizeRel|Win32.Build.0 = MinSizeRel|Win32
		{43C6EE61-78C7-4007-B256-54D580901742}.RelWithDebInfo|Win32.ActiveCfg = RelWithDebInfo|Win32
		{43C6EE61-78C7-4007-B256-54D580901742}.RelWithDebInfo|Win32.Build.0 = RelWithDebInfo|Win32
		{3EA293E8-8DD2-4F4A-99E5-A90F2951EA1B}.Debug|Win32.ActiveCfg = Debug|Win32
		{3EA293E8-8DD2-4F4A-99E5-A90F2951EA1B}.Debug|Win32.Build.0 = Debug|Win32
		{3EA293E8-8DD2-4F4A-99E5-A90F2951EA1B}.Release|Win32.ActiveCfg = Release|Win32
		{3EA293E8-8DD2-4F4A-99E5-A90F2951EA1B}.Release|Win32.Build.0 = Release|Win32
		{3EA293E8-8DD2-4F4A-99E5-A90F2951EA1B}.MinSizeRel|Win32.ActiveCfg = MinSizeRel|Win32
		{3EA293E8-8DD2-4F4A-99E5-A90F2951EA1B}.MinSizeRel|Win32.Build.0 = MinSizeRel|Win32
		{3EA293E8-8DD2-4F4A-99E5-A90F2951EA1B}.RelWithDebInfo|Win32.ActiveCfg = RelWithDebInfo|Win32
		{3EA293E8-8DD2-4F4A-99E5-A90F2951EA1B}.RelWithDebInfo|Win32.Build.0 = RelWithDebInfo|Win32
		{08984405-224F-4820-9A6D-9A23D556A63E}.Debug|Win32.ActiveCfg = Debug|Win32
		{08984405-224F-4820-9A6D-9A23D556A63E}.Debug|Win32.Build.0 = Debug|Win32
		{08984405-224F-4820-9A6D-9A23D556A63E}.Release|Win32.ActiveCfg = Release|Win32
		{08984405-224F-4820-9A6D-9A23D556A63E}.Release|Win32.Build.0 = Release|Win32
		{08984405-224F-4820-9A6D-9A23D556A63E}.MinSizeRel|Win32.ActiveCfg = MinSizeRel|Win32
		{08984405-224F-4820-9A6D-9A23D556A63E}.MinSizeRel|Win32.Build.0 = MinSizeRel|Win32
		{08984405-224F-4820-9A6D-9A23D556A63E}.RelWithDebInfo|Win32.ActiveCfg = RelWithDebInfo|Win32
		{08984405-224F-4820-9A6D-9A23D556A63E}.RelWithDebInfo|Win32.Build.0 = RelWithDebInfo|Win32
		{49AA8DD8-62BE-44C1-ACB0-E41B2649FB4D}.Debug|Win32.ActiveCfg = Debug|Win32
		{49AA8DD8-62BE-44C1-ACB0-E41B2649FB4D}.Debug|Win32.Build.0 = Debug|Win32
		{49AA8DD8-62BE-44C1-ACB0-E41B2649FB4D}.Release|Win32.ActiveCfg = Release|Win32
		{49AA8DD8-62BE-44C1-ACB0-E41B2649FB4D}.Release|Win32.Build.0 = Release|Win32
		{49AA8DD8-62BE-44C1-ACB0-E41B2649FB4D}.MinSizeRel|Win32.ActiveCfg = MinSizeRel|Win32
		{49AA8DD8-62BE-44C1-ACB0-E41B2649FB4D}.MinSizeRel|Win32.Build.0 = MinSizeRel|Win32
		{49AA8DD8-62BE-44C1-ACB0-E41B2649FB4D}.RelWithDebInfo|Win32.ActiveCfg = RelWithDebInfo|Win32
		{49AA8DD8-62BE-44C1-ACB0-E41B2649FB4D}.RelWithDebInfo|Win32.Build.0 = RelWithDebInfo|Win32
		{86A84B79-ADC9-483C-A54B-1E0241836EA0}.Debug|Win32.ActiveCfg = Debug|Win32
		{86A84B79-ADC9-483C-A54B-1E0241836EA0}.Debug|Win32.Build.0 = Debug|Win32
		{86A84B79-ADC9-483C-A54B-1E0241836EA0}.Release|Win32.ActiveCfg = Release|Win32
		{86A84B79-ADC9-483C-A54B-1E0241836EA0}.Release|Win32.Build.0 = Release|Win32
		{86A84B79-ADC9-483C-A54B-1E0241836EA0}.MinSizeRel|Win32.ActiveCfg = MinSizeRel|Win32
		{86A84B79-ADC9-483C-A54B-1E0241836EA0}.MinSizeRel|Win32.Build.0 = MinSizeRel|Win32
		{86A84B79-ADC9-483C-A54B-1E0241836EA0}.RelWithDebInfo|Win32.ActiveCfg = RelWithDebInfo|Win32
		{86A84B79-ADC9-483C-A54B-1E0241836EA0}.RelWithDebInfo|Win32.Build.0 = RelWithDebInfo|Win32
		{9BC0B71C-8C5B-417A-A46D-39F61EF7602E}.Debug|Win32.ActiveCfg = Debug|Win32
		{9BC0B71C-8C5B-417A-A46D-39F61EF7602E}.Debug|Win32.Build.0 = Debug|Win32
		{9BC0B71C-8C5B-417A-A46D-39F61EF7602E}.Release|Win32.ActiveCfg = Release|Win32
		{9BC0B71C-8C5B-417A-A46D-39F61EF7602E}.Release|Win32.Build.0 = Release|Win32
		{9BC0B71C-8C5B-417A-A46D-39F61EF7602E}.MinSizeRel|Win32.ActiveCfg = MinSizeRel|Win32
		{9BC0B71C-8C5B-417A-A46D-39F61EF7602E}.MinSizeRel|Win32.Build.0 = MinSizeRel|Win32
		{9BC0B71C-8C5B-417A-A46D-39F61EF7602E}.RelWithDebInfo|Win32.ActiveCfg = RelWithDebInfo|Win32
		{9BC0B71C-8C5B-417A-A46D-39F61EF7602E}.RelWithDebInfo|Win32.Build.0 = RelWithDebInfo|Win32
		{10BF36E4-C073-4C99-AE8B-7ADE59C4E275}.Debug|Win32.ActiveCfg = Debug|Win32
		{10BF36E4-C073-4C99-AE8B-7ADE59C4E275}.Debug|Win32.Build.0 = Debug|Win32
		{10BF36E4-C073-4C99-AE8B-7ADE59C4E275}.Release|Win32.ActiveCfg = Release|Win32
		{10BF36E4-C073-4C99-AE8B-7ADE59C4E275}.Release|Win32.Build.0 = Release|Win32
		{10BF36E4-C073-4C99-AE8B-7ADE59C4E275}.MinSizeRel|Win32.ActiveCfg = MinSizeRel|Win32
		{10BF36E4-C073-4C99-AE8B-7ADE59C4E275}.MinSizeRel|Win32.Build.0 = MinSizeRel|Win32
		{10BF36E4-C073-4C99-AE8B-7ADE59C4E275}.RelWithDebInfo|Win32.ActiveCfg = RelWithDebInfo|Win32
		{10BF36E4-C073-4C99-AE8B-7ADE59C4E275}.RelWithDebInfo|Win32.Build.0 = RelWithDebInfo|Win32
	EndGlobalSection
	GlobalSection(ExtensibilityGlobals) = postSolution
	EndGlobalSection
	GlobalSection(ExtensibilityAddIns) = postSolution
	EndGlobalSection
EndGlobal
