<?xml version="1.0" encoding="utf-8"?>
<Project ToolsVersion="4.0" xmlns="http://schemas.microsoft.com/developer/msbuild/2003">
  <ItemGroup>
    <ClCompile Include="C:\rrw\ThirdParty\sundials\src\nvec_ser\nvector_serial.c">
      <Filter>Source Files</Filter>
    </ClCompile>
    <ClCompile Include="C:\rrw\ThirdParty\sundials\src\sundials\sundials_math.c">
      <Filter>Source Files</Filter>
    </ClCompile>
  </ItemGroup>
  <ItemGroup>
  </ItemGroup>
  <ItemGroup>
  </ItemGroup>
  <ItemGroup>
  </ItemGroup>
  <ItemGroup>
    <CustomBuild Include="..\..\..\..\..\ThirdParty\sundials\src\nvec_ser\CMakeLists.txt" />
  </ItemGroup>
  <ItemGroup>
    <Filter Include="Source Files">
      <UniqueIdentifier>{483C1CF8-56B2-4956-9FAE-20FAC34EB41C}</UniqueIdentifier>
    </Filter>
  </ItemGroup>
  <ItemGroup>
  </ItemGroup>
</Project>
