<?xml version="1.0" encoding="utf-8"?>
<Project ToolsVersion="4.0" xmlns="http://schemas.microsoft.com/developer/msbuild/2003">
  <ItemGroup>
    <ClCompile Include="C:\rrw\ThirdParty\clapack\3.2.1\TESTING\MATGEN\slatms.c">
      <Filter>Source Files</Filter>
    </ClCompile>
    <ClCompile Include="C:\rrw\ThirdParty\clapack\3.2.1\TESTING\MATGEN\slatme.c">
      <Filter>Source Files</Filter>
    </ClCompile>
    <ClCompile Include="C:\rrw\ThirdParty\clapack\3.2.1\TESTING\MATGEN\slatmr.c">
      <Filter>Source Files</Filter>
    </ClCompile>
    <ClCompile Include="C:\rrw\ThirdParty\clapack\3.2.1\TESTING\MATGEN\slatmt.c">
      <Filter>Source Files</Filter>
    </ClCompile>
    <ClCompile Include="C:\rrw\ThirdParty\clapack\3.2.1\TESTING\MATGEN\slagge.c">
      <Filter>Source Files</Filter>
    </ClCompile>
    <ClCompile Include="C:\rrw\ThirdParty\clapack\3.2.1\TESTING\MATGEN\slagsy.c">
      <Filter>Source Files</Filter>
    </ClCompile>
    <ClCompile Include="C:\rrw\ThirdParty\clapack\3.2.1\TESTING\MATGEN\slakf2.c">
      <Filter>Source Files</Filter>
    </ClCompile>
    <ClCompile Include="C:\rrw\ThirdParty\clapack\3.2.1\TESTING\MATGEN\slarge.c">
      <Filter>Source Files</Filter>
    </ClCompile>
    <ClCompile Include="C:\rrw\ThirdParty\clapack\3.2.1\TESTING\MATGEN\slaror.c">
      <Filter>Source Files</Filter>
    </ClCompile>
    <ClCompile Include="C:\rrw\ThirdParty\clapack\3.2.1\TESTING\MATGEN\slarot.c">
      <Filter>Source Files</Filter>
    </ClCompile>
    <ClCompile Include="C:\rrw\ThirdParty\clapack\3.2.1\TESTING\MATGEN\slatm2.c">
      <Filter>Source Files</Filter>
    </ClCompile>
    <ClCompile Include="C:\rrw\ThirdParty\clapack\3.2.1\TESTING\MATGEN\slatm3.c">
      <Filter>Source Files</Filter>
    </ClCompile>
    <ClCompile Include="C:\rrw\ThirdParty\clapack\3.2.1\TESTING\MATGEN\slatm5.c">
      <Filter>Source Files</Filter>
    </ClCompile>
    <ClCompile Include="C:\rrw\ThirdParty\clapack\3.2.1\TESTING\MATGEN\slatm6.c">
      <Filter>Source Files</Filter>
    </ClCompile>
    <ClCompile Include="C:\rrw\ThirdParty\clapack\3.2.1\TESTING\MATGEN\slatm7.c">
      <Filter>Source Files</Filter>
    </ClCompile>
    <ClCompile Include="C:\rrw\ThirdParty\clapack\3.2.1\TESTING\MATGEN\slahilb.c">
      <Filter>Source Files</Filter>
    </ClCompile>
    <ClCompile Include="C:\rrw\ThirdParty\clapack\3.2.1\TESTING\MATGEN\clatms.c">
      <Filter>Source Files</Filter>
    </ClCompile>
    <ClCompile Include="C:\rrw\ThirdParty\clapack\3.2.1\TESTING\MATGEN\clatme.c">
      <Filter>Source Files</Filter>
    </ClCompile>
    <ClCompile Include="C:\rrw\ThirdParty\clapack\3.2.1\TESTING\MATGEN\clatmr.c">
      <Filter>Source Files</Filter>
    </ClCompile>
    <ClCompile Include="C:\rrw\ThirdParty\clapack\3.2.1\TESTING\MATGEN\clatmt.c">
      <Filter>Source Files</Filter>
    </ClCompile>
    <ClCompile Include="C:\rrw\ThirdParty\clapack\3.2.1\TESTING\MATGEN\clagge.c">
      <Filter>Source Files</Filter>
    </ClCompile>
    <ClCompile Include="C:\rrw\ThirdParty\clapack\3.2.1\TESTING\MATGEN\claghe.c">
      <Filter>Source Files</Filter>
    </ClCompile>
    <ClCompile Include="C:\rrw\ThirdParty\clapack\3.2.1\TESTING\MATGEN\clagsy.c">
      <Filter>Source Files</Filter>
    </ClCompile>
    <ClCompile Include="C:\rrw\ThirdParty\clapack\3.2.1\TESTING\MATGEN\clakf2.c">
      <Filter>Source Files</Filter>
    </ClCompile>
    <ClCompile Include="C:\rrw\ThirdParty\clapack\3.2.1\TESTING\MATGEN\clarge.c">
      <Filter>Source Files</Filter>
    </ClCompile>
    <ClCompile Include="C:\rrw\ThirdParty\clapack\3.2.1\TESTING\MATGEN\claror.c">
      <Filter>Source Files</Filter>
    </ClCompile>
    <ClCompile Include="C:\rrw\ThirdParty\clapack\3.2.1\TESTING\MATGEN\clarot.c">
      <Filter>Source Files</Filter>
    </ClCompile>
    <ClCompile Include="C:\rrw\ThirdParty\clapack\3.2.1\TESTING\MATGEN\clatm1.c">
      <Filter>Source Files</Filter>
    </ClCompile>
    <ClCompile Include="C:\rrw\ThirdParty\clapack\3.2.1\TESTING\MATGEN\clarnd.c">
      <Filter>Source Files</Filter>
    </ClCompile>
    <ClCompile Include="C:\rrw\ThirdParty\clapack\3.2.1\TESTING\MATGEN\clatm2.c">
      <Filter>Source Files</Filter>
    </ClCompile>
    <ClCompile Include="C:\rrw\ThirdParty\clapack\3.2.1\TESTING\MATGEN\clatm3.c">
      <Filter>Source Files</Filter>
    </ClCompile>
    <ClCompile Include="C:\rrw\ThirdParty\clapack\3.2.1\TESTING\MATGEN\clatm5.c">
      <Filter>Source Files</Filter>
    </ClCompile>
    <ClCompile Include="C:\rrw\ThirdParty\clapack\3.2.1\TESTING\MATGEN\clatm6.c">
      <Filter>Source Files</Filter>
    </ClCompile>
    <ClCompile Include="C:\rrw\ThirdParty\clapack\3.2.1\TESTING\MATGEN\clahilb.c">
      <Filter>Source Files</Filter>
    </ClCompile>
    <ClCompile Include="C:\rrw\ThirdParty\clapack\3.2.1\TESTING\MATGEN\slatm1.c">
      <Filter>Source Files</Filter>
    </ClCompile>
    <ClCompile Include="C:\rrw\ThirdParty\clapack\3.2.1\TESTING\MATGEN\slaran.c">
      <Filter>Source Files</Filter>
    </ClCompile>
    <ClCompile Include="C:\rrw\ThirdParty\clapack\3.2.1\TESTING\MATGEN\slarnd.c">
      <Filter>Source Files</Filter>
    </ClCompile>
    <ClCompile Include="C:\rrw\ThirdParty\clapack\3.2.1\TESTING\MATGEN\dlatms.c">
      <Filter>Source Files</Filter>
    </ClCompile>
    <ClCompile Include="C:\rrw\ThirdParty\clapack\3.2.1\TESTING\MATGEN\dlatme.c">
      <Filter>Source Files</Filter>
    </ClCompile>
    <ClCompile Include="C:\rrw\ThirdParty\clapack\3.2.1\TESTING\MATGEN\dlatmr.c">
      <Filter>Source Files</Filter>
    </ClCompile>
    <ClCompile Include="C:\rrw\ThirdParty\clapack\3.2.1\TESTING\MATGEN\dlatmt.c">
      <Filter>Source Files</Filter>
    </ClCompile>
    <ClCompile Include="C:\rrw\ThirdParty\clapack\3.2.1\TESTING\MATGEN\dlagge.c">
      <Filter>Source Files</Filter>
    </ClCompile>
    <ClCompile Include="C:\rrw\ThirdParty\clapack\3.2.1\TESTING\MATGEN\dlagsy.c">
      <Filter>Source Files</Filter>
    </ClCompile>
    <ClCompile Include="C:\rrw\ThirdParty\clapack\3.2.1\TESTING\MATGEN\dlakf2.c">
      <Filter>Source Files</Filter>
    </ClCompile>
    <ClCompile Include="C:\rrw\ThirdParty\clapack\3.2.1\TESTING\MATGEN\dlarge.c">
      <Filter>Source Files</Filter>
    </ClCompile>
    <ClCompile Include="C:\rrw\ThirdParty\clapack\3.2.1\TESTING\MATGEN\dlaror.c">
      <Filter>Source Files</Filter>
    </ClCompile>
    <ClCompile Include="C:\rrw\ThirdParty\clapack\3.2.1\TESTING\MATGEN\dlarot.c">
      <Filter>Source Files</Filter>
    </ClCompile>
    <ClCompile Include="C:\rrw\ThirdParty\clapack\3.2.1\TESTING\MATGEN\dlatm2.c">
      <Filter>Source Files</Filter>
    </ClCompile>
    <ClCompile Include="C:\rrw\ThirdParty\clapack\3.2.1\TESTING\MATGEN\dlatm3.c">
      <Filter>Source Files</Filter>
    </ClCompile>
    <ClCompile Include="C:\rrw\ThirdParty\clapack\3.2.1\TESTING\MATGEN\dlatm5.c">
      <Filter>Source Files</Filter>
    </ClCompile>
    <ClCompile Include="C:\rrw\ThirdParty\clapack\3.2.1\TESTING\MATGEN\dlatm6.c">
      <Filter>Source Files</Filter>
    </ClCompile>
    <ClCompile Include="C:\rrw\ThirdParty\clapack\3.2.1\TESTING\MATGEN\dlatm7.c">
      <Filter>Source Files</Filter>
    </ClCompile>
    <ClCompile Include="C:\rrw\ThirdParty\clapack\3.2.1\TESTING\MATGEN\dlahilb.c">
      <Filter>Source Files</Filter>
    </ClCompile>
    <ClCompile Include="C:\rrw\ThirdParty\clapack\3.2.1\TESTING\MATGEN\zlatms.c">
      <Filter>Source Files</Filter>
    </ClCompile>
    <ClCompile Include="C:\rrw\ThirdParty\clapack\3.2.1\TESTING\MATGEN\zlatme.c">
      <Filter>Source Files</Filter>
    </ClCompile>
    <ClCompile Include="C:\rrw\ThirdParty\clapack\3.2.1\TESTING\MATGEN\zlatmr.c">
      <Filter>Source Files</Filter>
    </ClCompile>
    <ClCompile Include="C:\rrw\ThirdParty\clapack\3.2.1\TESTING\MATGEN\zlatmt.c">
      <Filter>Source Files</Filter>
    </ClCompile>
    <ClCompile Include="C:\rrw\ThirdParty\clapack\3.2.1\TESTING\MATGEN\zlagge.c">
      <Filter>Source Files</Filter>
    </ClCompile>
    <ClCompile Include="C:\rrw\ThirdParty\clapack\3.2.1\TESTING\MATGEN\zlaghe.c">
      <Filter>Source Files</Filter>
    </ClCompile>
    <ClCompile Include="C:\rrw\ThirdParty\clapack\3.2.1\TESTING\MATGEN\zlagsy.c">
      <Filter>Source Files</Filter>
    </ClCompile>
    <ClCompile Include="C:\rrw\ThirdParty\clapack\3.2.1\TESTING\MATGEN\zlakf2.c">
      <Filter>Source Files</Filter>
    </ClCompile>
    <ClCompile Include="C:\rrw\ThirdParty\clapack\3.2.1\TESTING\MATGEN\zlarge.c">
      <Filter>Source Files</Filter>
    </ClCompile>
    <ClCompile Include="C:\rrw\ThirdParty\clapack\3.2.1\TESTING\MATGEN\zlaror.c">
      <Filter>Source Files</Filter>
    </ClCompile>
    <ClCompile Include="C:\rrw\ThirdParty\clapack\3.2.1\TESTING\MATGEN\zlarot.c">
      <Filter>Source Files</Filter>
    </ClCompile>
    <ClCompile Include="C:\rrw\ThirdParty\clapack\3.2.1\TESTING\MATGEN\zlatm1.c">
      <Filter>Source Files</Filter>
    </ClCompile>
    <ClCompile Include="C:\rrw\ThirdParty\clapack\3.2.1\TESTING\MATGEN\zlarnd.c">
      <Filter>Source Files</Filter>
    </ClCompile>
    <ClCompile Include="C:\rrw\ThirdParty\clapack\3.2.1\TESTING\MATGEN\zlatm2.c">
      <Filter>Source Files</Filter>
    </ClCompile>
    <ClCompile Include="C:\rrw\ThirdParty\clapack\3.2.1\TESTING\MATGEN\zlatm3.c">
      <Filter>Source Files</Filter>
    </ClCompile>
    <ClCompile Include="C:\rrw\ThirdParty\clapack\3.2.1\TESTING\MATGEN\zlatm5.c">
      <Filter>Source Files</Filter>
    </ClCompile>
    <ClCompile Include="C:\rrw\ThirdParty\clapack\3.2.1\TESTING\MATGEN\zlatm6.c">
      <Filter>Source Files</Filter>
    </ClCompile>
    <ClCompile Include="C:\rrw\ThirdParty\clapack\3.2.1\TESTING\MATGEN\zlahilb.c">
      <Filter>Source Files</Filter>
    </ClCompile>
    <ClCompile Include="C:\rrw\ThirdParty\clapack\3.2.1\TESTING\MATGEN\dlatm1.c">
      <Filter>Source Files</Filter>
    </ClCompile>
    <ClCompile Include="C:\rrw\ThirdParty\clapack\3.2.1\TESTING\MATGEN\dlaran.c">
      <Filter>Source Files</Filter>
    </ClCompile>
    <ClCompile Include="C:\rrw\ThirdParty\clapack\3.2.1\TESTING\MATGEN\dlarnd.c">
      <Filter>Source Files</Filter>
    </ClCompile>
  </ItemGroup>
  <ItemGroup>
  </ItemGroup>
  <ItemGroup>
  </ItemGroup>
  <ItemGroup>
  </ItemGroup>
  <ItemGroup>
    <CustomBuild Include="..\..\..\..\..\ThirdParty\clapack\3.2.1\TESTING\MATGEN\CMakeLists.txt" />
  </ItemGroup>
  <ItemGroup>
    <Filter Include="Source Files">
      <UniqueIdentifier>{4A2378B7-1B8A-4192-8FFD-BECF34C7604E}</UniqueIdentifier>
    </Filter>
  </ItemGroup>
  <ItemGroup>
  </ItemGroup>
</Project>
