Microsoft Visual Studio Solution File, Format Version 11.00
# Visual Studio 2010
Project("{8BC9CEB8-8B4A-11D0-8D11-00A0C91BC942}") = "ALL_BUILD", "ALL_BUILD.vcxproj", "{47257214-50B1-4024-BAD2-B94492A16111}"
	ProjectSection(ProjectDependencies) = postProject
		{288E329B-AE8D-449F-B455-1E2C757BE2D9} = {288E329B-AE8D-449F-B455-1E2C757BE2D9}
		{DEA77B86-D946-477D-91F7-91D3285878D3} = {DEA77B86-D946-477D-91F7-91D3285878D3}
		{7F04E1A5-78F8-42C6-921C-BB3197877661} = {7F04E1A5-78F8-42C6-921C-BB3197877661}
	EndProjectSection
EndProject
Project("{8BC9CEB8-8B4A-11D0-8D11-00A0C91BC942}") = "INSTALL", "INSTALL.vcxproj", "{98F2DD05-443B-43F6-93C9-2AEF7FDBE96B}"
	ProjectSection(ProjectDependencies) = postProject
		{47257214-50B1-4024-BAD2-B94492A16111} = {47257214-50B1-4024-BAD2-B94492A16111}
	EndProjectSection
EndProject
Project("{8BC9CEB8-8B4A-11D0-8D11-00A0C91BC942}") = "PACKAGE", "PACKAGE.vcxproj", "{FC6CA77F-0B30-4CE7-9E1B-5625B7AD89B7}"
	ProjectSection(ProjectDependencies) = postProject
		{47257214-50B1-4024-BAD2-B94492A16111} = {47257214-50B1-4024-BAD2-B94492A16111}
	EndProjectSection
EndProject
Project("{8BC9CEB8-8B4A-11D0-8D11-00A0C91BC942}") = "ZERO_CHECK", "ZERO_CHECK.vcxproj", "{288E329B-AE8D-449F-B455-1E2C757BE2D9}"
	ProjectSection(ProjectDependencies) = postProject
	EndProjectSection
EndProject
Project("{8BC9CEB8-8B4A-11D0-8D11-00A0C91BC942}") = "check", "check.vcxproj", "{D977ADF6-2FD5-471E-9E7A-7A40F0A30BC4}"
	ProjectSection(ProjectDependencies) = postProject
		{288E329B-AE8D-449F-B455-1E2C757BE2D9} = {288E329B-AE8D-449F-B455-1E2C757BE2D9}
	EndProjectSection
EndProject
Project("{8BC9CEB8-8B4A-11D0-8D11-00A0C91BC942}") = "dist", "dist.vcxproj", "{3B40DB83-3667-4FE8-9518-8DE0810AEE2F}"
	ProjectSection(ProjectDependencies) = postProject
		{288E329B-AE8D-449F-B455-1E2C757BE2D9} = {288E329B-AE8D-449F-B455-1E2C757BE2D9}
	EndProjectSection
EndProject
Project("{8BC9CEB8-8B4A-11D0-8D11-00A0C91BC942}") = "libsbml", "src\libsbml.vcxproj", "{DEA77B86-D946-477D-91F7-91D3285878D3}"
	ProjectSection(ProjectDependencies) = postProject
		{288E329B-AE8D-449F-B455-1E2C757BE2D9} = {288E329B-AE8D-449F-B455-1E2C757BE2D9}
	EndProjectSection
EndProject
Project("{8BC9CEB8-8B4A-11D0-8D11-00A0C91BC942}") = "libsbml-static", "src\libsbml-static.vcxproj", "{7F04E1A5-78F8-42C6-921C-BB3197877661}"
	ProjectSection(ProjectDependencies) = postProject
		{288E329B-AE8D-449F-B455-1E2C757BE2D9} = {288E329B-AE8D-449F-B455-1E2C757BE2D9}
	EndProjectSection
EndProject
Global
	GlobalSection(SolutionConfigurationPlatforms) = preSolution
		Debug|Win32 = Debug|Win32
		Release|Win32 = Release|Win32
		MinSizeRel|Win32 = MinSizeRel|Win32
		RelWithDebInfo|Win32 = RelWithDebInfo|Win32
	EndGlobalSection
	GlobalSection(ProjectConfigurationPlatforms) = postSolution
		{47257214-50B1-4024-BAD2-B94492A16111}.Debug|Win32.ActiveCfg = Debug|Win32
		{47257214-50B1-4024-BAD2-B94492A16111}.Debug|Win32.Build.0 = Debug|Win32
		{47257214-50B1-4024-BAD2-B94492A16111}.Release|Win32.ActiveCfg = Release|Win32
		{47257214-50B1-4024-BAD2-B94492A16111}.Release|Win32.Build.0 = Release|Win32
		{47257214-50B1-4024-BAD2-B94492A16111}.MinSizeRel|Win32.ActiveCfg = MinSizeRel|Win32
		{47257214-50B1-4024-BAD2-B94492A16111}.MinSizeRel|Win32.Build.0 = MinSizeRel|Win32
		{47257214-50B1-4024-BAD2-B94492A16111}.RelWithDebInfo|Win32.ActiveCfg = RelWithDebInfo|Win32
		{47257214-50B1-4024-BAD2-B94492A16111}.RelWithDebInfo|Win32.Build.0 = RelWithDebInfo|Win32
		{98F2DD05-443B-43F6-93C9-2AEF7FDBE96B}.Debug|Win32.ActiveCfg = Debug|Win32
		{98F2DD05-443B-43F6-93C9-2AEF7FDBE96B}.Release|Win32.ActiveCfg = Release|Win32
		{98F2DD05-443B-43F6-93C9-2AEF7FDBE96B}.MinSizeRel|Win32.ActiveCfg = MinSizeRel|Win32
		{98F2DD05-443B-43F6-93C9-2AEF7FDBE96B}.RelWithDebInfo|Win32.ActiveCfg = RelWithDebInfo|Win32
		{FC6CA77F-0B30-4CE7-9E1B-5625B7AD89B7}.Debug|Win32.ActiveCfg = Debug|Win32
		{FC6CA77F-0B30-4CE7-9E1B-5625B7AD89B7}.Release|Win32.ActiveCfg = Release|Win32
		{FC6CA77F-0B30-4CE7-9E1B-5625B7AD89B7}.MinSizeRel|Win32.ActiveCfg = MinSizeRel|Win32
		{FC6CA77F-0B30-4CE7-9E1B-5625B7AD89B7}.RelWithDebInfo|Win32.ActiveCfg = RelWithDebInfo|Win32
		{288E329B-AE8D-449F-B455-1E2C757BE2D9}.Debug|Win32.ActiveCfg = Debug|Win32
		{288E329B-AE8D-449F-B455-1E2C757BE2D9}.Debug|Win32.Build.0 = Debug|Win32
		{288E329B-AE8D-449F-B455-1E2C757BE2D9}.Release|Win32.ActiveCfg = Release|Win32
		{288E329B-AE8D-449F-B455-1E2C757BE2D9}.Release|Win32.Build.0 = Release|Win32
		{288E329B-AE8D-449F-B455-1E2C757BE2D9}.MinSizeRel|Win32.ActiveCfg = MinSizeRel|Win32
		{288E329B-AE8D-449F-B455-1E2C757BE2D9}.MinSizeRel|Win32.Build.0 = MinSizeRel|Win32
		{288E329B-AE8D-449F-B455-1E2C757BE2D9}.RelWithDebInfo|Win32.ActiveCfg = RelWithDebInfo|Win32
		{288E329B-AE8D-449F-B455-1E2C757BE2D9}.RelWithDebInfo|Win32.Build.0 = RelWithDebInfo|Win32
		{D977ADF6-2FD5-471E-9E7A-7A40F0A30BC4}.Debug|Win32.ActiveCfg = Debug|Win32
		{D977ADF6-2FD5-471E-9E7A-7A40F0A30BC4}.Release|Win32.ActiveCfg = Release|Win32
		{D977ADF6-2FD5-471E-9E7A-7A40F0A30BC4}.MinSizeRel|Win32.ActiveCfg = MinSizeRel|Win32
		{D977ADF6-2FD5-471E-9E7A-7A40F0A30BC4}.RelWithDebInfo|Win32.ActiveCfg = RelWithDebInfo|Win32
		{3B40DB83-3667-4FE8-9518-8DE0810AEE2F}.Debug|Win32.ActiveCfg = Debug|Win32
		{3B40DB83-3667-4FE8-9518-8DE0810AEE2F}.Release|Win32.ActiveCfg = Release|Win32
		{3B40DB83-3667-4FE8-9518-8DE0810AEE2F}.MinSizeRel|Win32.ActiveCfg = MinSizeRel|Win32
		{3B40DB83-3667-4FE8-9518-8DE0810AEE2F}.RelWithDebInfo|Win32.ActiveCfg = RelWithDebInfo|Win32
		{DEA77B86-D946-477D-91F7-91D3285878D3}.Debug|Win32.ActiveCfg = Debug|Win32
		{DEA77B86-D946-477D-91F7-91D3285878D3}.Debug|Win32.Build.0 = Debug|Win32
		{DEA77B86-D946-477D-91F7-91D3285878D3}.Release|Win32.ActiveCfg = Release|Win32
		{DEA77B86-D946-477D-91F7-91D3285878D3}.Release|Win32.Build.0 = Release|Win32
		{DEA77B86-D946-477D-91F7-91D3285878D3}.MinSizeRel|Win32.ActiveCfg = MinSizeRel|Win32
		{DEA77B86-D946-477D-91F7-91D3285878D3}.MinSizeRel|Win32.Build.0 = MinSizeRel|Win32
		{DEA77B86-D946-477D-91F7-91D3285878D3}.RelWithDebInfo|Win32.ActiveCfg = RelWithDebInfo|Win32
		{DEA77B86-D946-477D-91F7-91D3285878D3}.RelWithDebInfo|Win32.Build.0 = RelWithDebInfo|Win32
		{7F04E1A5-78F8-42C6-921C-BB3197877661}.Debug|Win32.ActiveCfg = Debug|Win32
		{7F04E1A5-78F8-42C6-921C-BB3197877661}.Debug|Win32.Build.0 = Debug|Win32
		{7F04E1A5-78F8-42C6-921C-BB3197877661}.Release|Win32.ActiveCfg = Release|Win32
		{7F04E1A5-78F8-42C6-921C-BB3197877661}.Release|Win32.Build.0 = Release|Win32
		{7F04E1A5-78F8-42C6-921C-BB3197877661}.MinSizeRel|Win32.ActiveCfg = MinSizeRel|Win32
		{7F04E1A5-78F8-42C6-921C-BB3197877661}.MinSizeRel|Win32.Build.0 = MinSizeRel|Win32
		{7F04E1A5-78F8-42C6-921C-BB3197877661}.RelWithDebInfo|Win32.ActiveCfg = RelWithDebInfo|Win32
		{7F04E1A5-78F8-42C6-921C-BB3197877661}.RelWithDebInfo|Win32.Build.0 = RelWithDebInfo|Win32
	EndGlobalSection
	GlobalSection(ExtensibilityGlobals) = postSolution
	EndGlobalSection
	GlobalSection(ExtensibilityAddIns) = postSolution
	EndGlobalSection
EndGlobal
